// !$*UTF8*$!
{
	archiveVersion = 1;
	classes = {
	};
	objectVersion = 56;
	objects = {

/* Begin PBXBuildFile section */
		5BAE5E2AD8776A7F6602EC3F /* Pods_ChessOpeningTests.framework in Frameworks */ = {isa = PBXBuildFile; fileRef = D4C84A62F431C52600493999 /* Pods_ChessOpeningTests.framework */; };
		7F919831D47DF461BD2B3166 /* Pods_ChessOpening.framework in Frameworks */ = {isa = PBXBuildFile; fileRef = 260A7624CDBED51CC5363351 /* Pods_ChessOpening.framework */; };
		96073D932C32A0FD00DDF159 /* UIViewController+Ext.swift in Sources */ = {isa = PBXBuildFile; fileRef = 96073D922C32A0FD00DDF159 /* UIViewController+Ext.swift */; };
		96073D952C32A13000DDF159 /* InfoEditViewController.swift in Sources */ = {isa = PBXBuildFile; fileRef = 96073D942C32A13000DDF159 /* InfoEditViewController.swift */; };
		96073D972C32A13F00DDF159 /* InfoEdit.storyboard in Resources */ = {isa = PBXBuildFile; fileRef = 96073D962C32A13F00DDF159 /* InfoEdit.storyboard */; };
		96073DA32C3D4CEA00DDF159 /* Util.swift in Sources */ = {isa = PBXBuildFile; fileRef = 96073DA22C3D4CEA00DDF159 /* Util.swift */; };
		96152D402C57699500E821E3 /* LichessCommonRestAPI.swift in Sources */ = {isa = PBXBuildFile; fileRef = 96152D3F2C57699500E821E3 /* LichessCommonRestAPI.swift */; };
		96152D422C5769CC00E821E3 /* LichessCommonRepository.swift in Sources */ = {isa = PBXBuildFile; fileRef = 96152D412C5769CC00E821E3 /* LichessCommonRepository.swift */; };
		96152D442C5769D900E821E3 /* LichessConfiguration.swift in Sources */ = {isa = PBXBuildFile; fileRef = 96152D432C5769D900E821E3 /* LichessConfiguration.swift */; };
		96152D482C5778AC00E821E3 /* LichessEntity.swift in Sources */ = {isa = PBXBuildFile; fileRef = 96152D472C5778AC00E821E3 /* LichessEntity.swift */; };
		96152D4C2C57857000E821E3 /* IntegratedOpeningModel.swift in Sources */ = {isa = PBXBuildFile; fileRef = 96152D4B2C57857000E821E3 /* IntegratedOpeningModel.swift */; };
		96152D4F2C58F42F00E821E3 /* OptionalOpeningModel.swift in Sources */ = {isa = PBXBuildFile; fileRef = 96152D4E2C58F42F00E821E3 /* OptionalOpeningModel.swift */; };
		96152D522C58FF2500E821E3 /* LichessModel.swift in Sources */ = {isa = PBXBuildFile; fileRef = 96152D512C58FF2500E821E3 /* LichessModel.swift */; };
		961715EE2C5A61B0007383FE /* WinRateChartView.swift in Sources */ = {isa = PBXBuildFile; fileRef = 961715ED2C5A61B0007383FE /* WinRateChartView.swift */; };
		961A11262C319AF2005E903C /* TabBar.storyboard in Resources */ = {isa = PBXBuildFile; fileRef = 961A11252C319AF2005E903C /* TabBar.storyboard */; };
		961A112A2C319DB3005E903C /* TabBarViewController.swift in Sources */ = {isa = PBXBuildFile; fileRef = 961A11292C319DB3005E903C /* TabBarViewController.swift */; };
		961A112E2C31A119005E903C /* Info.storyboard in Resources */ = {isa = PBXBuildFile; fileRef = 961A112D2C31A119005E903C /* Info.storyboard */; };
		961A11302C31A12B005E903C /* InfoViewController.swift in Sources */ = {isa = PBXBuildFile; fileRef = 961A112F2C31A12B005E903C /* InfoViewController.swift */; };
		96361ABE2C50E17B00815DE0 /* HapticManager.swift in Sources */ = {isa = PBXBuildFile; fileRef = 96361ABD2C50E17B00815DE0 /* HapticManager.swift */; };
		96524D612C3E66B300DD8A1D /* HistoryCollectionViewCell.swift in Sources */ = {isa = PBXBuildFile; fileRef = 96524D602C3E66B300DD8A1D /* HistoryCollectionViewCell.swift */; };
		96524D632C3E670300DD8A1D /* HistoryCollectionViewCell.xib in Resources */ = {isa = PBXBuildFile; fileRef = 96524D622C3E670300DD8A1D /* HistoryCollectionViewCell.xib */; };
		96524D722C40EE8500DD8A1D /* OpeningCommonRestAPI.swift in Sources */ = {isa = PBXBuildFile; fileRef = 96524D712C40EE8500DD8A1D /* OpeningCommonRestAPI.swift */; };
		96524D762C410F5B00DD8A1D /* OpeningCommonRepository.swift in Sources */ = {isa = PBXBuildFile; fileRef = 96524D752C410F5B00DD8A1D /* OpeningCommonRepository.swift */; };
		96524D782C4651C400DD8A1D /* OpeningConfiguration.swift in Sources */ = {isa = PBXBuildFile; fileRef = 96524D772C4651C400DD8A1D /* OpeningConfiguration.swift */; };
		96524D7E2C4794CD00DD8A1D /* OpeningEntity.swift in Sources */ = {isa = PBXBuildFile; fileRef = 96524D7D2C4794CD00DD8A1D /* OpeningEntity.swift */; };
		96524D802C4798EE00DD8A1D /* OpeningModel.swift in Sources */ = {isa = PBXBuildFile; fileRef = 96524D7F2C4798EE00DD8A1D /* OpeningModel.swift */; };
		96524D862C4944A200DD8A1D /* MoveTableViewCell.swift in Sources */ = {isa = PBXBuildFile; fileRef = 96524D852C4944A200DD8A1D /* MoveTableViewCell.swift */; };
		96524D902C4A5E6C00DD8A1D /* MoveEditTableViewCell.swift in Sources */ = {isa = PBXBuildFile; fileRef = 96524D8F2C4A5E6C00DD8A1D /* MoveEditTableViewCell.swift */; };
		966356A62C2FCAA700158265 /* MoveTableViewCell.xib in Resources */ = {isa = PBXBuildFile; fileRef = 966356A52C2FCAA700158265 /* MoveTableViewCell.xib */; };
		966356A82C2FCAB600158265 /* MoveEditTableViewCell.xib in Resources */ = {isa = PBXBuildFile; fileRef = 966356A72C2FCAB600158265 /* MoveEditTableViewCell.xib */; };
		9696047F2BFF0A6D00BBFC6C /* AppDelegate.swift in Sources */ = {isa = PBXBuildFile; fileRef = 9696047E2BFF0A6D00BBFC6C /* AppDelegate.swift */; };
		969604832BFF0A6D00BBFC6C /* MainViewController.swift in Sources */ = {isa = PBXBuildFile; fileRef = 969604822BFF0A6D00BBFC6C /* MainViewController.swift */; };
		969604862BFF0A6D00BBFC6C /* Base in Resources */ = {isa = PBXBuildFile; fileRef = 969604852BFF0A6D00BBFC6C /* Base */; };
		969604882BFF0A6E00BBFC6C /* Assets.xcassets in Resources */ = {isa = PBXBuildFile; fileRef = 969604872BFF0A6E00BBFC6C /* Assets.xcassets */; };
		9696048B2BFF0A6E00BBFC6C /* Base in Resources */ = {isa = PBXBuildFile; fileRef = 9696048A2BFF0A6E00BBFC6C /* Base */; };
		969604962BFF0A6E00BBFC6C /* ChessOpeningTests.swift in Sources */ = {isa = PBXBuildFile; fileRef = 969604952BFF0A6E00BBFC6C /* ChessOpeningTests.swift */; };
		969604A02BFF0A6E00BBFC6C /* ChessOpeningUITests.swift in Sources */ = {isa = PBXBuildFile; fileRef = 9696049F2BFF0A6E00BBFC6C /* ChessOpeningUITests.swift */; };
		969604A22BFF0A6E00BBFC6C /* ChessOpeningUITestsLaunchTests.swift in Sources */ = {isa = PBXBuildFile; fileRef = 969604A12BFF0A6E00BBFC6C /* ChessOpeningUITestsLaunchTests.swift */; };
		969604AF2BFF0E6D00BBFC6C /* ChessBoardView.swift in Sources */ = {isa = PBXBuildFile; fileRef = 969604AE2BFF0E6D00BBFC6C /* ChessBoardView.swift */; };
		969604B12BFF1D7400BBFC6C /* Engine.swift in Sources */ = {isa = PBXBuildFile; fileRef = 969604B02BFF1D7400BBFC6C /* Engine.swift */; };
		96BD86C72C31AC0100465C31 /* HistoryViewController.swift in Sources */ = {isa = PBXBuildFile; fileRef = 96BD86C62C31AC0100465C31 /* HistoryViewController.swift */; };
		96BD86C92C31AC0E00465C31 /* History.storyboard in Resources */ = {isa = PBXBuildFile; fileRef = 96BD86C82C31AC0E00465C31 /* History.storyboard */; };
		96BDF9082C0968220032523E /* King.swift in Sources */ = {isa = PBXBuildFile; fileRef = 96BDF9072C0968220032523E /* King.swift */; };
		96BDF90A2C096B310032523E /* Piece.swift in Sources */ = {isa = PBXBuildFile; fileRef = 96BDF9092C096B310032523E /* Piece.swift */; };
		96BDF90C2C096B5D0032523E /* Empty.swift in Sources */ = {isa = PBXBuildFile; fileRef = 96BDF90B2C096B5D0032523E /* Empty.swift */; };
		96BDF90E2C096B730032523E /* Queen.swift in Sources */ = {isa = PBXBuildFile; fileRef = 96BDF90D2C096B730032523E /* Queen.swift */; };
		96BDF9102C096B7C0032523E /* Bishop.swift in Sources */ = {isa = PBXBuildFile; fileRef = 96BDF90F2C096B7C0032523E /* Bishop.swift */; };
		96BDF9122C096B850032523E /* Knight.swift in Sources */ = {isa = PBXBuildFile; fileRef = 96BDF9112C096B850032523E /* Knight.swift */; };
		96BDF9142C096BDD0032523E /* Rook.swift in Sources */ = {isa = PBXBuildFile; fileRef = 96BDF9132C096BDD0032523E /* Rook.swift */; };
		96BDF9162C096C0C0032523E /* Pawn.swift in Sources */ = {isa = PBXBuildFile; fileRef = 96BDF9152C096C0C0032523E /* Pawn.swift */; };
		96FAD3602C4AAB1000470BE7 /* InfoHeaderTableViewCell.swift in Sources */ = {isa = PBXBuildFile; fileRef = 96FAD35F2C4AAB1000470BE7 /* InfoHeaderTableViewCell.swift */; };
		96FAD3622C4AAB2000470BE7 /* InfoHeaderTableViewCell.xib in Resources */ = {isa = PBXBuildFile; fileRef = 96FAD3612C4AAB2000470BE7 /* InfoHeaderTableViewCell.xib */; };
		96FAD3642C4B628200470BE7 /* MoveEditHeaderTableViewCell.xib in Resources */ = {isa = PBXBuildFile; fileRef = 96FAD3632C4B628200470BE7 /* MoveEditHeaderTableViewCell.xib */; };
		96FAD3662C4B629700470BE7 /* MoveEditHeaderTableViewCell.swift in Sources */ = {isa = PBXBuildFile; fileRef = 96FAD3652C4B629700470BE7 /* MoveEditHeaderTableViewCell.swift */; };
		96FAD3682C4B99CD00470BE7 /* VoidEntity.swift in Sources */ = {isa = PBXBuildFile; fileRef = 96FAD3672C4B99CD00470BE7 /* VoidEntity.swift */; };
		96FAD3702C4BF14F00470BE7 /* icon.svg in Resources */ = {isa = PBXBuildFile; fileRef = 96FAD36C2C4BF14F00470BE7 /* icon.svg */; };
		96FAD3712C4BF14F00470BE7 /* icon.png in Resources */ = {isa = PBXBuildFile; fileRef = 96FAD36D2C4BF14F00470BE7 /* icon.png */; };
		96FAD37C2C4BF53C00470BE7 /* launch.png in Resources */ = {isa = PBXBuildFile; fileRef = 96FAD37B2C4BF53C00470BE7 /* launch.png */; };
		96FAD3822C4CF65400470BE7 /* capture.mp3 in Resources */ = {isa = PBXBuildFile; fileRef = 96FAD3802C4CF65400470BE7 /* capture.mp3 */; };
		96FAD3832C4CF65400470BE7 /* move.mp3 in Resources */ = {isa = PBXBuildFile; fileRef = 96FAD3812C4CF65400470BE7 /* move.mp3 */; };
		96FAD3852C4CF72000470BE7 /* license.txt in Sources */ = {isa = PBXBuildFile; fileRef = 96FAD3842C4CF71F00470BE7 /* license.txt */; };
		96FAD3872C4D394A00470BE7 /* check.png in Resources */ = {isa = PBXBuildFile; fileRef = 96FAD3862C4D394A00470BE7 /* check.png */; };
		96FAD3892C4E464300470BE7 /* AudioManager.swift in Sources */ = {isa = PBXBuildFile; fileRef = 96FAD3882C4E464300470BE7 /* AudioManager.swift */; };
		96FAD38D2C4FBBBF00470BE7 /* GoogleService-Info.plist in Resources */ = {isa = PBXBuildFile; fileRef = 96FAD38C2C4FBBBF00470BE7 /* GoogleService-Info.plist */; };
		CC43ED92C4E6564D11CD3522 /* Pods_ChessOpening_ChessOpeningUITests.framework in Frameworks */ = {isa = PBXBuildFile; fileRef = 8F9117A52D724237E21141A0 /* Pods_ChessOpening_ChessOpeningUITests.framework */; };
/* End PBXBuildFile section */

/* Begin PBXContainerItemProxy section */
		969604922BFF0A6E00BBFC6C /* PBXContainerItemProxy */ = {
			isa = PBXContainerItemProxy;
			containerPortal = 969604732BFF0A6D00BBFC6C /* Project object */;
			proxyType = 1;
			remoteGlobalIDString = 9696047A2BFF0A6D00BBFC6C;
			remoteInfo = ChessOpening;
		};
		9696049C2BFF0A6E00BBFC6C /* PBXContainerItemProxy */ = {
			isa = PBXContainerItemProxy;
			containerPortal = 969604732BFF0A6D00BBFC6C /* Project object */;
			proxyType = 1;
			remoteGlobalIDString = 9696047A2BFF0A6D00BBFC6C;
			remoteInfo = ChessOpening;
		};
/* End PBXContainerItemProxy section */

/* Begin PBXFileReference section */
		17C056BCB3BF9AD46BE536F6 /* Pods-ChessOpening.release.xcconfig */ = {isa = PBXFileReference; includeInIndex = 1; lastKnownFileType = text.xcconfig; name = "Pods-ChessOpening.release.xcconfig"; path = "Target Support Files/Pods-ChessOpening/Pods-ChessOpening.release.xcconfig"; sourceTree = "<group>"; };
		260A7624CDBED51CC5363351 /* Pods_ChessOpening.framework */ = {isa = PBXFileReference; explicitFileType = wrapper.framework; includeInIndex = 0; path = Pods_ChessOpening.framework; sourceTree = BUILT_PRODUCTS_DIR; };
		468B9A6DD726206D88EBBBB8 /* Pods-ChessOpeningTests.release.xcconfig */ = {isa = PBXFileReference; includeInIndex = 1; lastKnownFileType = text.xcconfig; name = "Pods-ChessOpeningTests.release.xcconfig"; path = "Target Support Files/Pods-ChessOpeningTests/Pods-ChessOpeningTests.release.xcconfig"; sourceTree = "<group>"; };
		8F9117A52D724237E21141A0 /* Pods_ChessOpening_ChessOpeningUITests.framework */ = {isa = PBXFileReference; explicitFileType = wrapper.framework; includeInIndex = 0; path = Pods_ChessOpening_ChessOpeningUITests.framework; sourceTree = BUILT_PRODUCTS_DIR; };
		96073D922C32A0FD00DDF159 /* UIViewController+Ext.swift */ = {isa = PBXFileReference; lastKnownFileType = sourcecode.swift; path = "UIViewController+Ext.swift"; sourceTree = "<group>"; };
		96073D942C32A13000DDF159 /* InfoEditViewController.swift */ = {isa = PBXFileReference; lastKnownFileType = sourcecode.swift; path = InfoEditViewController.swift; sourceTree = "<group>"; };
		96073D962C32A13F00DDF159 /* InfoEdit.storyboard */ = {isa = PBXFileReference; lastKnownFileType = file.storyboard; path = InfoEdit.storyboard; sourceTree = "<group>"; };
		96073DA22C3D4CEA00DDF159 /* Util.swift */ = {isa = PBXFileReference; lastKnownFileType = sourcecode.swift; path = Util.swift; sourceTree = "<group>"; };
		96152D3F2C57699500E821E3 /* LichessCommonRestAPI.swift */ = {isa = PBXFileReference; lastKnownFileType = sourcecode.swift; path = LichessCommonRestAPI.swift; sourceTree = "<group>"; };
		96152D412C5769CC00E821E3 /* LichessCommonRepository.swift */ = {isa = PBXFileReference; lastKnownFileType = sourcecode.swift; path = LichessCommonRepository.swift; sourceTree = "<group>"; };
		96152D432C5769D900E821E3 /* LichessConfiguration.swift */ = {isa = PBXFileReference; lastKnownFileType = sourcecode.swift; path = LichessConfiguration.swift; sourceTree = "<group>"; };
		96152D472C5778AC00E821E3 /* LichessEntity.swift */ = {isa = PBXFileReference; lastKnownFileType = sourcecode.swift; path = LichessEntity.swift; sourceTree = "<group>"; };
		96152D4B2C57857000E821E3 /* IntegratedOpeningModel.swift */ = {isa = PBXFileReference; lastKnownFileType = sourcecode.swift; path = IntegratedOpeningModel.swift; sourceTree = "<group>"; };
		96152D4E2C58F42F00E821E3 /* OptionalOpeningModel.swift */ = {isa = PBXFileReference; lastKnownFileType = sourcecode.swift; path = OptionalOpeningModel.swift; sourceTree = "<group>"; };
		96152D512C58FF2500E821E3 /* LichessModel.swift */ = {isa = PBXFileReference; lastKnownFileType = sourcecode.swift; path = LichessModel.swift; sourceTree = "<group>"; };
		961715ED2C5A61B0007383FE /* WinRateChartView.swift */ = {isa = PBXFileReference; lastKnownFileType = sourcecode.swift; path = WinRateChartView.swift; sourceTree = "<group>"; };
		961715EF2C649C58007383FE /* ko */ = {isa = PBXFileReference; lastKnownFileType = text.plist.strings; name = ko; path = ko.lproj/LaunchScreen.strings; sourceTree = "<group>"; };
		961715F02C649C58007383FE /* ko */ = {isa = PBXFileReference; lastKnownFileType = text.plist.strings; name = ko; path = ko.lproj/Main.strings; sourceTree = "<group>"; };
		961A11252C319AF2005E903C /* TabBar.storyboard */ = {isa = PBXFileReference; lastKnownFileType = file.storyboard; path = TabBar.storyboard; sourceTree = "<group>"; };
		961A11292C319DB3005E903C /* TabBarViewController.swift */ = {isa = PBXFileReference; lastKnownFileType = sourcecode.swift; path = TabBarViewController.swift; sourceTree = "<group>"; };
		961A112D2C31A119005E903C /* Info.storyboard */ = {isa = PBXFileReference; lastKnownFileType = file.storyboard; path = Info.storyboard; sourceTree = "<group>"; };
		961A112F2C31A12B005E903C /* InfoViewController.swift */ = {isa = PBXFileReference; lastKnownFileType = sourcecode.swift; path = InfoViewController.swift; sourceTree = "<group>"; };
		96361ABD2C50E17B00815DE0 /* HapticManager.swift */ = {isa = PBXFileReference; lastKnownFileType = sourcecode.swift; path = HapticManager.swift; sourceTree = "<group>"; };
		96524D602C3E66B300DD8A1D /* HistoryCollectionViewCell.swift */ = {isa = PBXFileReference; lastKnownFileType = sourcecode.swift; path = HistoryCollectionViewCell.swift; sourceTree = "<group>"; };
		96524D622C3E670300DD8A1D /* HistoryCollectionViewCell.xib */ = {isa = PBXFileReference; lastKnownFileType = file.xib; path = HistoryCollectionViewCell.xib; sourceTree = "<group>"; };
		96524D712C40EE8500DD8A1D /* OpeningCommonRestAPI.swift */ = {isa = PBXFileReference; lastKnownFileType = sourcecode.swift; path = OpeningCommonRestAPI.swift; sourceTree = "<group>"; };
		96524D752C410F5B00DD8A1D /* OpeningCommonRepository.swift */ = {isa = PBXFileReference; lastKnownFileType = sourcecode.swift; path = OpeningCommonRepository.swift; sourceTree = "<group>"; };
		96524D772C4651C400DD8A1D /* OpeningConfiguration.swift */ = {isa = PBXFileReference; lastKnownFileType = sourcecode.swift; path = OpeningConfiguration.swift; sourceTree = "<group>"; };
		96524D7D2C4794CD00DD8A1D /* OpeningEntity.swift */ = {isa = PBXFileReference; lastKnownFileType = sourcecode.swift; path = OpeningEntity.swift; sourceTree = "<group>"; };
		96524D7F2C4798EE00DD8A1D /* OpeningModel.swift */ = {isa = PBXFileReference; lastKnownFileType = sourcecode.swift; path = OpeningModel.swift; sourceTree = "<group>"; };
		96524D852C4944A200DD8A1D /* MoveTableViewCell.swift */ = {isa = PBXFileReference; lastKnownFileType = sourcecode.swift; path = MoveTableViewCell.swift; sourceTree = "<group>"; };
		96524D8F2C4A5E6C00DD8A1D /* MoveEditTableViewCell.swift */ = {isa = PBXFileReference; lastKnownFileType = sourcecode.swift; path = MoveEditTableViewCell.swift; sourceTree = "<group>"; };
		966356A52C2FCAA700158265 /* MoveTableViewCell.xib */ = {isa = PBXFileReference; lastKnownFileType = file.xib; path = MoveTableViewCell.xib; sourceTree = "<group>"; };
		966356A72C2FCAB600158265 /* MoveEditTableViewCell.xib */ = {isa = PBXFileReference; lastKnownFileType = file.xib; path = MoveEditTableViewCell.xib; sourceTree = "<group>"; };
		9696047B2BFF0A6D00BBFC6C /* ChessOpening.app */ = {isa = PBXFileReference; explicitFileType = wrapper.application; includeInIndex = 0; path = ChessOpening.app; sourceTree = BUILT_PRODUCTS_DIR; };
		9696047E2BFF0A6D00BBFC6C /* AppDelegate.swift */ = {isa = PBXFileReference; lastKnownFileType = sourcecode.swift; path = AppDelegate.swift; sourceTree = "<group>"; };
		969604822BFF0A6D00BBFC6C /* MainViewController.swift */ = {isa = PBXFileReference; lastKnownFileType = sourcecode.swift; path = MainViewController.swift; sourceTree = "<group>"; };
		969604852BFF0A6D00BBFC6C /* Base */ = {isa = PBXFileReference; lastKnownFileType = file.storyboard; name = Base; path = Base.lproj/Main.storyboard; sourceTree = "<group>"; };
		969604872BFF0A6E00BBFC6C /* Assets.xcassets */ = {isa = PBXFileReference; lastKnownFileType = folder.assetcatalog; path = Assets.xcassets; sourceTree = "<group>"; };
		9696048A2BFF0A6E00BBFC6C /* Base */ = {isa = PBXFileReference; lastKnownFileType = file.storyboard; name = Base; path = Base.lproj/LaunchScreen.storyboard; sourceTree = "<group>"; };
		9696048C2BFF0A6E00BBFC6C /* Info.plist */ = {isa = PBXFileReference; lastKnownFileType = text.plist.xml; path = Info.plist; sourceTree = "<group>"; };
		969604912BFF0A6E00BBFC6C /* ChessOpeningTests.xctest */ = {isa = PBXFileReference; explicitFileType = wrapper.cfbundle; includeInIndex = 0; path = ChessOpeningTests.xctest; sourceTree = BUILT_PRODUCTS_DIR; };
		969604952BFF0A6E00BBFC6C /* ChessOpeningTests.swift */ = {isa = PBXFileReference; lastKnownFileType = sourcecode.swift; path = ChessOpeningTests.swift; sourceTree = "<group>"; };
		9696049B2BFF0A6E00BBFC6C /* ChessOpeningUITests.xctest */ = {isa = PBXFileReference; explicitFileType = wrapper.cfbundle; includeInIndex = 0; path = ChessOpeningUITests.xctest; sourceTree = BUILT_PRODUCTS_DIR; };
		9696049F2BFF0A6E00BBFC6C /* ChessOpeningUITests.swift */ = {isa = PBXFileReference; lastKnownFileType = sourcecode.swift; path = ChessOpeningUITests.swift; sourceTree = "<group>"; };
		969604A12BFF0A6E00BBFC6C /* ChessOpeningUITestsLaunchTests.swift */ = {isa = PBXFileReference; lastKnownFileType = sourcecode.swift; path = ChessOpeningUITestsLaunchTests.swift; sourceTree = "<group>"; };
		969604AE2BFF0E6D00BBFC6C /* ChessBoardView.swift */ = {isa = PBXFileReference; lastKnownFileType = sourcecode.swift; path = ChessBoardView.swift; sourceTree = "<group>"; };
		969604B02BFF1D7400BBFC6C /* Engine.swift */ = {isa = PBXFileReference; lastKnownFileType = sourcecode.swift; path = Engine.swift; sourceTree = "<group>"; };
		96BD86C62C31AC0100465C31 /* HistoryViewController.swift */ = {isa = PBXFileReference; lastKnownFileType = sourcecode.swift; path = HistoryViewController.swift; sourceTree = "<group>"; };
		96BD86C82C31AC0E00465C31 /* History.storyboard */ = {isa = PBXFileReference; lastKnownFileType = file.storyboard; path = History.storyboard; sourceTree = "<group>"; };
		96BDF9072C0968220032523E /* King.swift */ = {isa = PBXFileReference; lastKnownFileType = sourcecode.swift; path = King.swift; sourceTree = "<group>"; };
		96BDF9092C096B310032523E /* Piece.swift */ = {isa = PBXFileReference; lastKnownFileType = sourcecode.swift; path = Piece.swift; sourceTree = "<group>"; };
		96BDF90B2C096B5D0032523E /* Empty.swift */ = {isa = PBXFileReference; lastKnownFileType = sourcecode.swift; path = Empty.swift; sourceTree = "<group>"; };
		96BDF90D2C096B730032523E /* Queen.swift */ = {isa = PBXFileReference; lastKnownFileType = sourcecode.swift; path = Queen.swift; sourceTree = "<group>"; };
		96BDF90F2C096B7C0032523E /* Bishop.swift */ = {isa = PBXFileReference; lastKnownFileType = sourcecode.swift; path = Bishop.swift; sourceTree = "<group>"; };
		96BDF9112C096B850032523E /* Knight.swift */ = {isa = PBXFileReference; lastKnownFileType = sourcecode.swift; path = Knight.swift; sourceTree = "<group>"; };
		96BDF9132C096BDD0032523E /* Rook.swift */ = {isa = PBXFileReference; lastKnownFileType = sourcecode.swift; path = Rook.swift; sourceTree = "<group>"; };
		96BDF9152C096C0C0032523E /* Pawn.swift */ = {isa = PBXFileReference; lastKnownFileType = sourcecode.swift; path = Pawn.swift; sourceTree = "<group>"; };
		96FAD35F2C4AAB1000470BE7 /* InfoHeaderTableViewCell.swift */ = {isa = PBXFileReference; lastKnownFileType = sourcecode.swift; path = InfoHeaderTableViewCell.swift; sourceTree = "<group>"; };
		96FAD3612C4AAB2000470BE7 /* InfoHeaderTableViewCell.xib */ = {isa = PBXFileReference; lastKnownFileType = file.xib; path = InfoHeaderTableViewCell.xib; sourceTree = "<group>"; };
		96FAD3632C4B628200470BE7 /* MoveEditHeaderTableViewCell.xib */ = {isa = PBXFileReference; lastKnownFileType = file.xib; path = MoveEditHeaderTableViewCell.xib; sourceTree = "<group>"; };
		96FAD3652C4B629700470BE7 /* MoveEditHeaderTableViewCell.swift */ = {isa = PBXFileReference; lastKnownFileType = sourcecode.swift; path = MoveEditHeaderTableViewCell.swift; sourceTree = "<group>"; };
		96FAD3672C4B99CD00470BE7 /* VoidEntity.swift */ = {isa = PBXFileReference; lastKnownFileType = sourcecode.swift; path = VoidEntity.swift; sourceTree = "<group>"; };
		96FAD36C2C4BF14F00470BE7 /* icon.svg */ = {isa = PBXFileReference; fileEncoding = 4; lastKnownFileType = text; path = icon.svg; sourceTree = "<group>"; };
		96FAD36D2C4BF14F00470BE7 /* icon.png */ = {isa = PBXFileReference; lastKnownFileType = image.png; path = icon.png; sourceTree = "<group>"; };
		96FAD37B2C4BF53C00470BE7 /* launch.png */ = {isa = PBXFileReference; lastKnownFileType = image.png; path = launch.png; sourceTree = "<group>"; };
		96FAD3802C4CF65400470BE7 /* capture.mp3 */ = {isa = PBXFileReference; lastKnownFileType = audio.mp3; path = capture.mp3; sourceTree = "<group>"; };
		96FAD3812C4CF65400470BE7 /* move.mp3 */ = {isa = PBXFileReference; lastKnownFileType = audio.mp3; path = move.mp3; sourceTree = "<group>"; };
		96FAD3842C4CF71F00470BE7 /* license.txt */ = {isa = PBXFileReference; lastKnownFileType = text; path = license.txt; sourceTree = "<group>"; };
		96FAD3862C4D394A00470BE7 /* check.png */ = {isa = PBXFileReference; lastKnownFileType = image.png; path = check.png; sourceTree = "<group>"; };
		96FAD3882C4E464300470BE7 /* AudioManager.swift */ = {isa = PBXFileReference; lastKnownFileType = sourcecode.swift; path = AudioManager.swift; sourceTree = "<group>"; };
		96FAD38C2C4FBBBF00470BE7 /* GoogleService-Info.plist */ = {isa = PBXFileReference; fileEncoding = 4; lastKnownFileType = text.plist.xml; path = "GoogleService-Info.plist"; sourceTree = "<group>"; };
		D4C84A62F431C52600493999 /* Pods_ChessOpeningTests.framework */ = {isa = PBXFileReference; explicitFileType = wrapper.framework; includeInIndex = 0; path = Pods_ChessOpeningTests.framework; sourceTree = BUILT_PRODUCTS_DIR; };
		D9ED4E708E7146A931A560DF /* Pods-ChessOpening.debug.xcconfig */ = {isa = PBXFileReference; includeInIndex = 1; lastKnownFileType = text.xcconfig; name = "Pods-ChessOpening.debug.xcconfig"; path = "Target Support Files/Pods-ChessOpening/Pods-ChessOpening.debug.xcconfig"; sourceTree = "<group>"; };
		DD71DE6C98E09D85BB3C311A /* Pods-ChessOpening-ChessOpeningUITests.release.xcconfig */ = {isa = PBXFileReference; includeInIndex = 1; lastKnownFileType = text.xcconfig; name = "Pods-ChessOpening-ChessOpeningUITests.release.xcconfig"; path = "Target Support Files/Pods-ChessOpening-ChessOpeningUITests/Pods-ChessOpening-ChessOpeningUITests.release.xcconfig"; sourceTree = "<group>"; };
		E72AA1EA0CD48CC6DB2E23B3 /* Pods-ChessOpening-ChessOpeningUITests.debug.xcconfig */ = {isa = PBXFileReference; includeInIndex = 1; lastKnownFileType = text.xcconfig; name = "Pods-ChessOpening-ChessOpeningUITests.debug.xcconfig"; path = "Target Support Files/Pods-ChessOpening-ChessOpeningUITests/Pods-ChessOpening-ChessOpeningUITests.debug.xcconfig"; sourceTree = "<group>"; };
		EE5543EBF9A854FDE049CA7C /* Pods-ChessOpeningTests.debug.xcconfig */ = {isa = PBXFileReference; includeInIndex = 1; lastKnownFileType = text.xcconfig; name = "Pods-ChessOpeningTests.debug.xcconfig"; path = "Target Support Files/Pods-ChessOpeningTests/Pods-ChessOpeningTests.debug.xcconfig"; sourceTree = "<group>"; };
/* End PBXFileReference section */

/* Begin PBXFrameworksBuildPhase section */
		969604782BFF0A6D00BBFC6C /* Frameworks */ = {
			isa = PBXFrameworksBuildPhase;
			buildActionMask = 2147483647;
			files = (
				7F919831D47DF461BD2B3166 /* Pods_ChessOpening.framework in Frameworks */,
			);
			runOnlyForDeploymentPostprocessing = 0;
		};
		9696048E2BFF0A6E00BBFC6C /* Frameworks */ = {
			isa = PBXFrameworksBuildPhase;
			buildActionMask = 2147483647;
			files = (
				5BAE5E2AD8776A7F6602EC3F /* Pods_ChessOpeningTests.framework in Frameworks */,
			);
			runOnlyForDeploymentPostprocessing = 0;
		};
		969604982BFF0A6E00BBFC6C /* Frameworks */ = {
			isa = PBXFrameworksBuildPhase;
			buildActionMask = 2147483647;
			files = (
				CC43ED92C4E6564D11CD3522 /* Pods_ChessOpening_ChessOpeningUITests.framework in Frameworks */,
			);
			runOnlyForDeploymentPostprocessing = 0;
		};
/* End PBXFrameworksBuildPhase section */

/* Begin PBXGroup section */
		1AEDE83959868409E9BFA3E6 /* Frameworks */ = {
			isa = PBXGroup;
			children = (
				260A7624CDBED51CC5363351 /* Pods_ChessOpening.framework */,
				8F9117A52D724237E21141A0 /* Pods_ChessOpening_ChessOpeningUITests.framework */,
				D4C84A62F431C52600493999 /* Pods_ChessOpeningTests.framework */,
			);
			name = Frameworks;
			sourceTree = "<group>";
		};
		96073D912C325E6100DDF159 /* Scene */ = {
			isa = PBXGroup;
			children = (
				969604892BFF0A6E00BBFC6C /* LaunchScreen.storyboard */,
				96524D892C4A54CA00DD8A1D /* Main */,
				96524D8A2C4A54E500DD8A1D /* ChessBoardView */,
				96524D8B2C4A550200DD8A1D /* TabBar */,
				96524D8C2C4A551600DD8A1D /* Info */,
				96524D8D2C4A552800DD8A1D /* History */,
				96524D8E2C4A554F00DD8A1D /* InfoEdit */,
				961715EC2C5A6195007383FE /* WinRateChart */,
			);
			path = Scene;
			sourceTree = "<group>";
		};
		96152D3D2C5768D900E821E3 /* Opening */ = {
			isa = PBXGroup;
			children = (
				96524D7B2C47939800DD8A1D /* Entity */,
				96524D7C2C4793A200DD8A1D /* Model */,
				96524D712C40EE8500DD8A1D /* OpeningCommonRestAPI.swift */,
				96524D752C410F5B00DD8A1D /* OpeningCommonRepository.swift */,
				96524D772C4651C400DD8A1D /* OpeningConfiguration.swift */,
			);
			path = Opening;
			sourceTree = "<group>";
		};
		96152D3E2C57693700E821E3 /* Lichess */ = {
			isa = PBXGroup;
			children = (
				96152D452C57788B00E821E3 /* Entity */,
				96152D502C58FF1100E821E3 /* Model */,
				96152D3F2C57699500E821E3 /* LichessCommonRestAPI.swift */,
				96152D412C5769CC00E821E3 /* LichessCommonRepository.swift */,
				96152D432C5769D900E821E3 /* LichessConfiguration.swift */,
			);
			path = Lichess;
			sourceTree = "<group>";
		};
		96152D452C57788B00E821E3 /* Entity */ = {
			isa = PBXGroup;
			children = (
				96152D472C5778AC00E821E3 /* LichessEntity.swift */,
			);
			path = Entity;
			sourceTree = "<group>";
		};
		96152D502C58FF1100E821E3 /* Model */ = {
			isa = PBXGroup;
			children = (
				96152D512C58FF2500E821E3 /* LichessModel.swift */,
			);
			path = Model;
			sourceTree = "<group>";
		};
		961715EC2C5A6195007383FE /* WinRateChart */ = {
			isa = PBXGroup;
			children = (
				961715ED2C5A61B0007383FE /* WinRateChartView.swift */,
			);
			path = WinRateChart;
			sourceTree = "<group>";
		};
		96524D702C40DCCC00DD8A1D /* Network */ = {
			isa = PBXGroup;
			children = (
				96152D4B2C57857000E821E3 /* IntegratedOpeningModel.swift */,
				96152D3D2C5768D900E821E3 /* Opening */,
				96152D3E2C57693700E821E3 /* Lichess */,
			);
			path = Network;
			sourceTree = "<group>";
		};
		96524D7B2C47939800DD8A1D /* Entity */ = {
			isa = PBXGroup;
			children = (
				96524D7D2C4794CD00DD8A1D /* OpeningEntity.swift */,
				96FAD3672C4B99CD00470BE7 /* VoidEntity.swift */,
			);
			path = Entity;
			sourceTree = "<group>";
		};
		96524D7C2C4793A200DD8A1D /* Model */ = {
			isa = PBXGroup;
			children = (
				96524D7F2C4798EE00DD8A1D /* OpeningModel.swift */,
				96152D4E2C58F42F00E821E3 /* OptionalOpeningModel.swift */,
			);
			path = Model;
			sourceTree = "<group>";
		};
		96524D892C4A54CA00DD8A1D /* Main */ = {
			isa = PBXGroup;
			children = (
				969604822BFF0A6D00BBFC6C /* MainViewController.swift */,
				969604842BFF0A6D00BBFC6C /* Main.storyboard */,
			);
			path = Main;
			sourceTree = "<group>";
		};
		96524D8A2C4A54E500DD8A1D /* ChessBoardView */ = {
			isa = PBXGroup;
			children = (
				969604AE2BFF0E6D00BBFC6C /* ChessBoardView.swift */,
			);
			path = ChessBoardView;
			sourceTree = "<group>";
		};
		96524D8B2C4A550200DD8A1D /* TabBar */ = {
			isa = PBXGroup;
			children = (
				961A11292C319DB3005E903C /* TabBarViewController.swift */,
				961A11252C319AF2005E903C /* TabBar.storyboard */,
			);
			path = TabBar;
			sourceTree = "<group>";
		};
		96524D8C2C4A551600DD8A1D /* Info */ = {
			isa = PBXGroup;
			children = (
				961A112F2C31A12B005E903C /* InfoViewController.swift */,
				961A112D2C31A119005E903C /* Info.storyboard */,
				96524D852C4944A200DD8A1D /* MoveTableViewCell.swift */,
				966356A52C2FCAA700158265 /* MoveTableViewCell.xib */,
				96FAD35F2C4AAB1000470BE7 /* InfoHeaderTableViewCell.swift */,
				96FAD3612C4AAB2000470BE7 /* InfoHeaderTableViewCell.xib */,
			);
			path = Info;
			sourceTree = "<group>";
		};
		96524D8D2C4A552800DD8A1D /* History */ = {
			isa = PBXGroup;
			children = (
				96BD86C62C31AC0100465C31 /* HistoryViewController.swift */,
				96BD86C82C31AC0E00465C31 /* History.storyboard */,
				96524D602C3E66B300DD8A1D /* HistoryCollectionViewCell.swift */,
				96524D622C3E670300DD8A1D /* HistoryCollectionViewCell.xib */,
			);
			path = History;
			sourceTree = "<group>";
		};
		96524D8E2C4A554F00DD8A1D /* InfoEdit */ = {
			isa = PBXGroup;
			children = (
				96073D942C32A13000DDF159 /* InfoEditViewController.swift */,
				96073D962C32A13F00DDF159 /* InfoEdit.storyboard */,
				96524D8F2C4A5E6C00DD8A1D /* MoveEditTableViewCell.swift */,
				966356A72C2FCAB600158265 /* MoveEditTableViewCell.xib */,
				96FAD3652C4B629700470BE7 /* MoveEditHeaderTableViewCell.swift */,
				96FAD3632C4B628200470BE7 /* MoveEditHeaderTableViewCell.xib */,
			);
			path = InfoEdit;
			sourceTree = "<group>";
		};
		969604722BFF0A6D00BBFC6C = {
			isa = PBXGroup;
			children = (
				9696047D2BFF0A6D00BBFC6C /* ChessOpening */,
				969604942BFF0A6E00BBFC6C /* ChessOpeningTests */,
				9696049E2BFF0A6E00BBFC6C /* ChessOpeningUITests */,
				9696047C2BFF0A6D00BBFC6C /* Products */,
				EF73DA65CC95B09E091A42C5 /* Pods */,
				1AEDE83959868409E9BFA3E6 /* Frameworks */,
			);
			sourceTree = "<group>";
		};
		9696047C2BFF0A6D00BBFC6C /* Products */ = {
			isa = PBXGroup;
			children = (
				9696047B2BFF0A6D00BBFC6C /* ChessOpening.app */,
				969604912BFF0A6E00BBFC6C /* ChessOpeningTests.xctest */,
				9696049B2BFF0A6E00BBFC6C /* ChessOpeningUITests.xctest */,
			);
			name = Products;
			sourceTree = "<group>";
		};
		9696047D2BFF0A6D00BBFC6C /* ChessOpening */ = {
			isa = PBXGroup;
			children = (
				96FAD38E2C4FCA9A00470BE7 /* Singleton */,
				96FAD37F2C4BFE9300470BE7 /* Extension */,
				96524D702C40DCCC00DD8A1D /* Network */,
				96073D912C325E6100DDF159 /* Scene */,
				96BDF9172C0972620032523E /* Game */,
				96FAD37D2C4BFE5300470BE7 /* res */,
				9696047E2BFF0A6D00BBFC6C /* AppDelegate.swift */,
				9696048C2BFF0A6E00BBFC6C /* Info.plist */,
				96FAD38C2C4FBBBF00470BE7 /* GoogleService-Info.plist */,
				96FAD3842C4CF71F00470BE7 /* license.txt */,
			);
			path = ChessOpening;
			sourceTree = "<group>";
		};
		969604942BFF0A6E00BBFC6C /* ChessOpeningTests */ = {
			isa = PBXGroup;
			children = (
				969604952BFF0A6E00BBFC6C /* ChessOpeningTests.swift */,
			);
			path = ChessOpeningTests;
			sourceTree = "<group>";
		};
		9696049E2BFF0A6E00BBFC6C /* ChessOpeningUITests */ = {
			isa = PBXGroup;
			children = (
				9696049F2BFF0A6E00BBFC6C /* ChessOpeningUITests.swift */,
				969604A12BFF0A6E00BBFC6C /* ChessOpeningUITestsLaunchTests.swift */,
			);
			path = ChessOpeningUITests;
			sourceTree = "<group>";
		};
		96BDF9172C0972620032523E /* Game */ = {
			isa = PBXGroup;
			children = (
				969604B02BFF1D7400BBFC6C /* Engine.swift */,
				96BDF9092C096B310032523E /* Piece.swift */,
				96BDF9072C0968220032523E /* King.swift */,
				96BDF90D2C096B730032523E /* Queen.swift */,
				96BDF9132C096BDD0032523E /* Rook.swift */,
				96BDF90F2C096B7C0032523E /* Bishop.swift */,
				96BDF9112C096B850032523E /* Knight.swift */,
				96BDF9152C096C0C0032523E /* Pawn.swift */,
				96BDF90B2C096B5D0032523E /* Empty.swift */,
				96073DA22C3D4CEA00DDF159 /* Util.swift */,
			);
			path = Game;
			sourceTree = "<group>";
		};
		96FAD37D2C4BFE5300470BE7 /* res */ = {
			isa = PBXGroup;
			children = (
				969604872BFF0A6E00BBFC6C /* Assets.xcassets */,
				96FAD3802C4CF65400470BE7 /* capture.mp3 */,
				96FAD3812C4CF65400470BE7 /* move.mp3 */,
				96FAD37B2C4BF53C00470BE7 /* launch.png */,
				96FAD36D2C4BF14F00470BE7 /* icon.png */,
				96FAD3862C4D394A00470BE7 /* check.png */,
				96FAD36C2C4BF14F00470BE7 /* icon.svg */,
			);
			path = res;
			sourceTree = "<group>";
		};
		96FAD37F2C4BFE9300470BE7 /* Extension */ = {
			isa = PBXGroup;
			children = (
				96073D922C32A0FD00DDF159 /* UIViewController+Ext.swift */,
			);
			path = Extension;
			sourceTree = "<group>";
		};
		96FAD38E2C4FCA9A00470BE7 /* Singleton */ = {
			isa = PBXGroup;
			children = (
				96FAD3882C4E464300470BE7 /* AudioManager.swift */,
				96361ABD2C50E17B00815DE0 /* HapticManager.swift */,
			);
			path = Singleton;
			sourceTree = "<group>";
		};
		EF73DA65CC95B09E091A42C5 /* Pods */ = {
			isa = PBXGroup;
			children = (
				D9ED4E708E7146A931A560DF /* Pods-ChessOpening.debug.xcconfig */,
				17C056BCB3BF9AD46BE536F6 /* Pods-ChessOpening.release.xcconfig */,
				E72AA1EA0CD48CC6DB2E23B3 /* Pods-ChessOpening-ChessOpeningUITests.debug.xcconfig */,
				DD71DE6C98E09D85BB3C311A /* Pods-ChessOpening-ChessOpeningUITests.release.xcconfig */,
				EE5543EBF9A854FDE049CA7C /* Pods-ChessOpeningTests.debug.xcconfig */,
				468B9A6DD726206D88EBBBB8 /* Pods-ChessOpeningTests.release.xcconfig */,
			);
			path = Pods;
			sourceTree = "<group>";
		};
/* End PBXGroup section */

/* Begin PBXNativeTarget section */
		9696047A2BFF0A6D00BBFC6C /* ChessOpening */ = {
			isa = PBXNativeTarget;
			buildConfigurationList = 969604A52BFF0A6E00BBFC6C /* Build configuration list for PBXNativeTarget "ChessOpening" */;
			buildPhases = (
				74D6E8C8A750D6500925044B /* [CP] Check Pods Manifest.lock */,
				969604772BFF0A6D00BBFC6C /* Sources */,
				969604782BFF0A6D00BBFC6C /* Frameworks */,
				969604792BFF0A6D00BBFC6C /* Resources */,
				7E27937D41820392520B7A80 /* [CP] Embed Pods Frameworks */,
				96361ABC2C50DE7000815DE0 /* ShellScript */,
			);
			buildRules = (
			);
			dependencies = (
			);
			name = ChessOpening;
			productName = ChessOpening;
			productReference = 9696047B2BFF0A6D00BBFC6C /* ChessOpening.app */;
			productType = "com.apple.product-type.application";
		};
		969604902BFF0A6E00BBFC6C /* ChessOpeningTests */ = {
			isa = PBXNativeTarget;
			buildConfigurationList = 969604A82BFF0A6E00BBFC6C /* Build configuration list for PBXNativeTarget "ChessOpeningTests" */;
			buildPhases = (
				236476728EF3A75F3E5145B9 /* [CP] Check Pods Manifest.lock */,
				9696048D2BFF0A6E00BBFC6C /* Sources */,
				9696048E2BFF0A6E00BBFC6C /* Frameworks */,
				9696048F2BFF0A6E00BBFC6C /* Resources */,
			);
			buildRules = (
			);
			dependencies = (
				969604932BFF0A6E00BBFC6C /* PBXTargetDependency */,
			);
			name = ChessOpeningTests;
			productName = ChessOpeningTests;
			productReference = 969604912BFF0A6E00BBFC6C /* ChessOpeningTests.xctest */;
			productType = "com.apple.product-type.bundle.unit-test";
		};
		9696049A2BFF0A6E00BBFC6C /* ChessOpeningUITests */ = {
			isa = PBXNativeTarget;
			buildConfigurationList = 969604AB2BFF0A6E00BBFC6C /* Build configuration list for PBXNativeTarget "ChessOpeningUITests" */;
			buildPhases = (
				67A211E9DD18504DAE431DDC /* [CP] Check Pods Manifest.lock */,
				969604972BFF0A6E00BBFC6C /* Sources */,
				969604982BFF0A6E00BBFC6C /* Frameworks */,
				969604992BFF0A6E00BBFC6C /* Resources */,
				CAA720C72A6F5513ECC6CF5D /* [CP] Embed Pods Frameworks */,
			);
			buildRules = (
			);
			dependencies = (
				9696049D2BFF0A6E00BBFC6C /* PBXTargetDependency */,
			);
			name = ChessOpeningUITests;
			productName = ChessOpeningUITests;
			productReference = 9696049B2BFF0A6E00BBFC6C /* ChessOpeningUITests.xctest */;
			productType = "com.apple.product-type.bundle.ui-testing";
		};
/* End PBXNativeTarget section */

/* Begin PBXProject section */
		969604732BFF0A6D00BBFC6C /* Project object */ = {
			isa = PBXProject;
			attributes = {
				BuildIndependentTargetsInParallel = 1;
				LastSwiftUpdateCheck = 1530;
				LastUpgradeCheck = 1530;
				TargetAttributes = {
					9696047A2BFF0A6D00BBFC6C = {
						CreatedOnToolsVersion = 15.3;
					};
					969604902BFF0A6E00BBFC6C = {
						CreatedOnToolsVersion = 15.3;
						TestTargetID = 9696047A2BFF0A6D00BBFC6C;
					};
					9696049A2BFF0A6E00BBFC6C = {
						CreatedOnToolsVersion = 15.3;
						TestTargetID = 9696047A2BFF0A6D00BBFC6C;
					};
				};
			};
			buildConfigurationList = 969604762BFF0A6D00BBFC6C /* Build configuration list for PBXProject "ChessOpening" */;
			compatibilityVersion = "Xcode 14.0";
			developmentRegion = ko;
			hasScannedForEncodings = 0;
			knownRegions = (
				Base,
				ko,
			);
			mainGroup = 969604722BFF0A6D00BBFC6C;
			productRefGroup = 9696047C2BFF0A6D00BBFC6C /* Products */;
			projectDirPath = "";
			projectRoot = "";
			targets = (
				9696047A2BFF0A6D00BBFC6C /* ChessOpening */,
				969604902BFF0A6E00BBFC6C /* ChessOpeningTests */,
				9696049A2BFF0A6E00BBFC6C /* ChessOpeningUITests */,
			);
		};
/* End PBXProject section */

/* Begin PBXResourcesBuildPhase section */
		969604792BFF0A6D00BBFC6C /* Resources */ = {
			isa = PBXResourcesBuildPhase;
			buildActionMask = 2147483647;
			files = (
				961A112E2C31A119005E903C /* Info.storyboard in Resources */,
				96524D632C3E670300DD8A1D /* HistoryCollectionViewCell.xib in Resources */,
				966356A62C2FCAA700158265 /* MoveTableViewCell.xib in Resources */,
				96073D972C32A13F00DDF159 /* InfoEdit.storyboard in Resources */,
				96BD86C92C31AC0E00465C31 /* History.storyboard in Resources */,
				966356A82C2FCAB600158265 /* MoveEditTableViewCell.xib in Resources */,
				961A11262C319AF2005E903C /* TabBar.storyboard in Resources */,
				96FAD3622C4AAB2000470BE7 /* InfoHeaderTableViewCell.xib in Resources */,
				96FAD37C2C4BF53C00470BE7 /* launch.png in Resources */,
				96FAD3872C4D394A00470BE7 /* check.png in Resources */,
				96FAD3822C4CF65400470BE7 /* capture.mp3 in Resources */,
				96FAD38D2C4FBBBF00470BE7 /* GoogleService-Info.plist in Resources */,
				96FAD3832C4CF65400470BE7 /* move.mp3 in Resources */,
				969604882BFF0A6E00BBFC6C /* Assets.xcassets in Resources */,
				96FAD3712C4BF14F00470BE7 /* icon.png in Resources */,
				96FAD3642C4B628200470BE7 /* MoveEditHeaderTableViewCell.xib in Resources */,
				96FAD3702C4BF14F00470BE7 /* icon.svg in Resources */,
				9696048B2BFF0A6E00BBFC6C /* Base in Resources */,
				969604862BFF0A6D00BBFC6C /* Base in Resources */,
			);
			runOnlyForDeploymentPostprocessing = 0;
		};
		9696048F2BFF0A6E00BBFC6C /* Resources */ = {
			isa = PBXResourcesBuildPhase;
			buildActionMask = 2147483647;
			files = (
			);
			runOnlyForDeploymentPostprocessing = 0;
		};
		969604992BFF0A6E00BBFC6C /* Resources */ = {
			isa = PBXResourcesBuildPhase;
			buildActionMask = 2147483647;
			files = (
			);
			runOnlyForDeploymentPostprocessing = 0;
		};
/* End PBXResourcesBuildPhase section */

/* Begin PBXShellScriptBuildPhase section */
		236476728EF3A75F3E5145B9 /* [CP] Check Pods Manifest.lock */ = {
			isa = PBXShellScriptBuildPhase;
			buildActionMask = 2147483647;
			files = (
			);
			inputFileListPaths = (
			);
			inputPaths = (
				"${PODS_PODFILE_DIR_PATH}/Podfile.lock",
				"${PODS_ROOT}/Manifest.lock",
			);
			name = "[CP] Check Pods Manifest.lock";
			outputFileListPaths = (
			);
			outputPaths = (
				"$(DERIVED_FILE_DIR)/Pods-ChessOpeningTests-checkManifestLockResult.txt",
			);
			runOnlyForDeploymentPostprocessing = 0;
			shellPath = /bin/sh;
			shellScript = "diff \"${PODS_PODFILE_DIR_PATH}/Podfile.lock\" \"${PODS_ROOT}/Manifest.lock\" > /dev/null\nif [ $? != 0 ] ; then\n    # print error to STDERR\n    echo \"error: The sandbox is not in sync with the Podfile.lock. Run 'pod install' or update your CocoaPods installation.\" >&2\n    exit 1\nfi\n# This output is used by Xcode 'outputs' to avoid re-running this script phase.\necho \"SUCCESS\" > \"${SCRIPT_OUTPUT_FILE_0}\"\n";
			showEnvVarsInLog = 0;
		};
		67A211E9DD18504DAE431DDC /* [CP] Check Pods Manifest.lock */ = {
			isa = PBXShellScriptBuildPhase;
			buildActionMask = 2147483647;
			files = (
			);
			inputFileListPaths = (
			);
			inputPaths = (
				"${PODS_PODFILE_DIR_PATH}/Podfile.lock",
				"${PODS_ROOT}/Manifest.lock",
			);
			name = "[CP] Check Pods Manifest.lock";
			outputFileListPaths = (
			);
			outputPaths = (
				"$(DERIVED_FILE_DIR)/Pods-ChessOpening-ChessOpeningUITests-checkManifestLockResult.txt",
			);
			runOnlyForDeploymentPostprocessing = 0;
			shellPath = /bin/sh;
			shellScript = "diff \"${PODS_PODFILE_DIR_PATH}/Podfile.lock\" \"${PODS_ROOT}/Manifest.lock\" > /dev/null\nif [ $? != 0 ] ; then\n    # print error to STDERR\n    echo \"error: The sandbox is not in sync with the Podfile.lock. Run 'pod install' or update your CocoaPods installation.\" >&2\n    exit 1\nfi\n# This output is used by Xcode 'outputs' to avoid re-running this script phase.\necho \"SUCCESS\" > \"${SCRIPT_OUTPUT_FILE_0}\"\n";
			showEnvVarsInLog = 0;
		};
		74D6E8C8A750D6500925044B /* [CP] Check Pods Manifest.lock */ = {
			isa = PBXShellScriptBuildPhase;
			buildActionMask = 2147483647;
			files = (
			);
			inputFileListPaths = (
			);
			inputPaths = (
				"${PODS_PODFILE_DIR_PATH}/Podfile.lock",
				"${PODS_ROOT}/Manifest.lock",
			);
			name = "[CP] Check Pods Manifest.lock";
			outputFileListPaths = (
			);
			outputPaths = (
				"$(DERIVED_FILE_DIR)/Pods-ChessOpening-checkManifestLockResult.txt",
			);
			runOnlyForDeploymentPostprocessing = 0;
			shellPath = /bin/sh;
			shellScript = "diff \"${PODS_PODFILE_DIR_PATH}/Podfile.lock\" \"${PODS_ROOT}/Manifest.lock\" > /dev/null\nif [ $? != 0 ] ; then\n    # print error to STDERR\n    echo \"error: The sandbox is not in sync with the Podfile.lock. Run 'pod install' or update your CocoaPods installation.\" >&2\n    exit 1\nfi\n# This output is used by Xcode 'outputs' to avoid re-running this script phase.\necho \"SUCCESS\" > \"${SCRIPT_OUTPUT_FILE_0}\"\n";
			showEnvVarsInLog = 0;
		};
		7E27937D41820392520B7A80 /* [CP] Embed Pods Frameworks */ = {
			isa = PBXShellScriptBuildPhase;
			buildActionMask = 2147483647;
			files = (
			);
			inputFileListPaths = (
				"${PODS_ROOT}/Target Support Files/Pods-ChessOpening/Pods-ChessOpening-frameworks-${CONFIGURATION}-input-files.xcfilelist",
			);
			name = "[CP] Embed Pods Frameworks";
			outputFileListPaths = (
				"${PODS_ROOT}/Target Support Files/Pods-ChessOpening/Pods-ChessOpening-frameworks-${CONFIGURATION}-output-files.xcfilelist",
			);
			runOnlyForDeploymentPostprocessing = 0;
			shellPath = /bin/sh;
			shellScript = "\"${PODS_ROOT}/Target Support Files/Pods-ChessOpening/Pods-ChessOpening-frameworks.sh\"\n";
			showEnvVarsInLog = 0;
		};
		96361ABC2C50DE7000815DE0 /* ShellScript */ = {
			isa = PBXShellScriptBuildPhase;
			buildActionMask = 2147483647;
			files = (
			);
			inputFileListPaths = (
			);
			inputPaths = (
				"${DWARF_DSYM_FOLDER_PATH}/${DWARF_DSYM_FILE_NAME}/Contents/Resources/DWARF/${TARGET_NAME}",
				"$(SRCROOT)/$(BUILT_PRODUCTS_DIR)/$(INFOPLIST_PATH)",
			);
			outputFileListPaths = (
			);
			outputPaths = (
			);
			runOnlyForDeploymentPostprocessing = 0;
			shellPath = /bin/sh;
			shellScript = "# Type a script or drag a script file from your workspace to insert its path.\n\"${PODS_ROOT}/FirebaseCrashlytics/run\"\n";
		};
		CAA720C72A6F5513ECC6CF5D /* [CP] Embed Pods Frameworks */ = {
			isa = PBXShellScriptBuildPhase;
			buildActionMask = 2147483647;
			files = (
			);
			inputFileListPaths = (
				"${PODS_ROOT}/Target Support Files/Pods-ChessOpening-ChessOpeningUITests/Pods-ChessOpening-ChessOpeningUITests-frameworks-${CONFIGURATION}-input-files.xcfilelist",
			);
			name = "[CP] Embed Pods Frameworks";
			outputFileListPaths = (
				"${PODS_ROOT}/Target Support Files/Pods-ChessOpening-ChessOpeningUITests/Pods-ChessOpening-ChessOpeningUITests-frameworks-${CONFIGURATION}-output-files.xcfilelist",
			);
			runOnlyForDeploymentPostprocessing = 0;
			shellPath = /bin/sh;
			shellScript = "\"${PODS_ROOT}/Target Support Files/Pods-ChessOpening-ChessOpeningUITests/Pods-ChessOpening-ChessOpeningUITests-frameworks.sh\"\n";
			showEnvVarsInLog = 0;
		};
/* End PBXShellScriptBuildPhase section */

/* Begin PBXSourcesBuildPhase section */
		969604772BFF0A6D00BBFC6C /* Sources */ = {
			isa = PBXSourcesBuildPhase;
			buildActionMask = 2147483647;
			files = (
				961715EE2C5A61B0007383FE /* WinRateChartView.swift in Sources */,
				969604B12BFF1D7400BBFC6C /* Engine.swift in Sources */,
				96073DA32C3D4CEA00DDF159 /* Util.swift in Sources */,
				96361ABE2C50E17B00815DE0 /* HapticManager.swift in Sources */,
				96152D4C2C57857000E821E3 /* IntegratedOpeningModel.swift in Sources */,
				96FAD3682C4B99CD00470BE7 /* VoidEntity.swift in Sources */,
				96524D902C4A5E6C00DD8A1D /* MoveEditTableViewCell.swift in Sources */,
				969604832BFF0A6D00BBFC6C /* MainViewController.swift in Sources */,
				96152D482C5778AC00E821E3 /* LichessEntity.swift in Sources */,
				96073D952C32A13000DDF159 /* InfoEditViewController.swift in Sources */,
				96FAD3892C4E464300470BE7 /* AudioManager.swift in Sources */,
				96524D762C410F5B00DD8A1D /* OpeningCommonRepository.swift in Sources */,
				96073D932C32A0FD00DDF159 /* UIViewController+Ext.swift in Sources */,
				96BDF90A2C096B310032523E /* Piece.swift in Sources */,
				969604AF2BFF0E6D00BBFC6C /* ChessBoardView.swift in Sources */,
				961A11302C31A12B005E903C /* InfoViewController.swift in Sources */,
				96524D7E2C4794CD00DD8A1D /* OpeningEntity.swift in Sources */,
				96152D422C5769CC00E821E3 /* LichessCommonRepository.swift in Sources */,
				961A112A2C319DB3005E903C /* TabBarViewController.swift in Sources */,
				96524D862C4944A200DD8A1D /* MoveTableViewCell.swift in Sources */,
				96152D402C57699500E821E3 /* LichessCommonRestAPI.swift in Sources */,
				96152D442C5769D900E821E3 /* LichessConfiguration.swift in Sources */,
				96BDF9122C096B850032523E /* Knight.swift in Sources */,
				96524D612C3E66B300DD8A1D /* HistoryCollectionViewCell.swift in Sources */,
				96524D802C4798EE00DD8A1D /* OpeningModel.swift in Sources */,
				96524D722C40EE8500DD8A1D /* OpeningCommonRestAPI.swift in Sources */,
				96BD86C72C31AC0100465C31 /* HistoryViewController.swift in Sources */,
				96BDF90E2C096B730032523E /* Queen.swift in Sources */,
				96BDF9102C096B7C0032523E /* Bishop.swift in Sources */,
				96152D522C58FF2500E821E3 /* LichessModel.swift in Sources */,
				96FAD3602C4AAB1000470BE7 /* InfoHeaderTableViewCell.swift in Sources */,
				96BDF9162C096C0C0032523E /* Pawn.swift in Sources */,
				96152D4F2C58F42F00E821E3 /* OptionalOpeningModel.swift in Sources */,
				9696047F2BFF0A6D00BBFC6C /* AppDelegate.swift in Sources */,
				96BDF9142C096BDD0032523E /* Rook.swift in Sources */,
				96FAD3852C4CF72000470BE7 /* license.txt in Sources */,
				96524D782C4651C400DD8A1D /* OpeningConfiguration.swift in Sources */,
				96BDF90C2C096B5D0032523E /* Empty.swift in Sources */,
				96BDF9082C0968220032523E /* King.swift in Sources */,
				96FAD3662C4B629700470BE7 /* MoveEditHeaderTableViewCell.swift in Sources */,
			);
			runOnlyForDeploymentPostprocessing = 0;
		};
		9696048D2BFF0A6E00BBFC6C /* Sources */ = {
			isa = PBXSourcesBuildPhase;
			buildActionMask = 2147483647;
			files = (
				969604962BFF0A6E00BBFC6C /* ChessOpeningTests.swift in Sources */,
			);
			runOnlyForDeploymentPostprocessing = 0;
		};
		969604972BFF0A6E00BBFC6C /* Sources */ = {
			isa = PBXSourcesBuildPhase;
			buildActionMask = 2147483647;
			files = (
				969604A22BFF0A6E00BBFC6C /* ChessOpeningUITestsLaunchTests.swift in Sources */,
				969604A02BFF0A6E00BBFC6C /* ChessOpeningUITests.swift in Sources */,
			);
			runOnlyForDeploymentPostprocessing = 0;
		};
/* End PBXSourcesBuildPhase section */

/* Begin PBXTargetDependency section */
		969604932BFF0A6E00BBFC6C /* PBXTargetDependency */ = {
			isa = PBXTargetDependency;
			target = 9696047A2BFF0A6D00BBFC6C /* ChessOpening */;
			targetProxy = 969604922BFF0A6E00BBFC6C /* PBXContainerItemProxy */;
		};
		9696049D2BFF0A6E00BBFC6C /* PBXTargetDependency */ = {
			isa = PBXTargetDependency;
			target = 9696047A2BFF0A6D00BBFC6C /* ChessOpening */;
			targetProxy = 9696049C2BFF0A6E00BBFC6C /* PBXContainerItemProxy */;
		};
/* End PBXTargetDependency section */

/* Begin PBXVariantGroup section */
		969604842BFF0A6D00BBFC6C /* Main.storyboard */ = {
			isa = PBXVariantGroup;
			children = (
				969604852BFF0A6D00BBFC6C /* Base */,
				961715F02C649C58007383FE /* ko */,
			);
			name = Main.storyboard;
			sourceTree = "<group>";
		};
		969604892BFF0A6E00BBFC6C /* LaunchScreen.storyboard */ = {
			isa = PBXVariantGroup;
			children = (
				9696048A2BFF0A6E00BBFC6C /* Base */,
				961715EF2C649C58007383FE /* ko */,
			);
			name = LaunchScreen.storyboard;
			sourceTree = "<group>";
		};
/* End PBXVariantGroup section */

/* Begin XCBuildConfiguration section */
		969604A32BFF0A6E00BBFC6C /* Debug */ = {
			isa = XCBuildConfiguration;
			buildSettings = {
				ALWAYS_SEARCH_USER_PATHS = NO;
				ASSETCATALOG_COMPILER_GENERATE_SWIFT_ASSET_SYMBOL_EXTENSIONS = YES;
				CLANG_ANALYZER_LOCALIZABILITY_NONLOCALIZED = YES;
				CLANG_ANALYZER_NONNULL = YES;
				CLANG_ANALYZER_NUMBER_OBJECT_CONVERSION = YES_AGGRESSIVE;
				CLANG_CXX_LANGUAGE_STANDARD = "gnu++20";
				CLANG_ENABLE_MODULES = YES;
				CLANG_ENABLE_OBJC_ARC = YES;
				CLANG_ENABLE_OBJC_WEAK = YES;
				CLANG_WARN_BLOCK_CAPTURE_AUTORELEASING = YES;
				CLANG_WARN_BOOL_CONVERSION = YES;
				CLANG_WARN_COMMA = YES;
				CLANG_WARN_CONSTANT_CONVERSION = YES;
				CLANG_WARN_DEPRECATED_OBJC_IMPLEMENTATIONS = YES;
				CLANG_WARN_DIRECT_OBJC_ISA_USAGE = YES_ERROR;
				CLANG_WARN_DOCUMENTATION_COMMENTS = YES;
				CLANG_WARN_EMPTY_BODY = YES;
				CLANG_WARN_ENUM_CONVERSION = YES;
				CLANG_WARN_INFINITE_RECURSION = YES;
				CLANG_WARN_INT_CONVERSION = YES;
				CLANG_WARN_NON_LITERAL_NULL_CONVERSION = YES;
				CLANG_WARN_OBJC_IMPLICIT_RETAIN_SELF = YES;
				CLANG_WARN_OBJC_LITERAL_CONVERSION = YES;
				CLANG_WARN_OBJC_ROOT_CLASS = YES_ERROR;
				CLANG_WARN_QUOTED_INCLUDE_IN_FRAMEWORK_HEADER = YES;
				CLANG_WARN_RANGE_LOOP_ANALYSIS = YES;
				CLANG_WARN_STRICT_PROTOTYPES = YES;
				CLANG_WARN_SUSPICIOUS_MOVE = YES;
				CLANG_WARN_UNGUARDED_AVAILABILITY = YES_AGGRESSIVE;
				CLANG_WARN_UNREACHABLE_CODE = YES;
				CLANG_WARN__DUPLICATE_METHOD_MATCH = YES;
				COPY_PHASE_STRIP = NO;
				DEBUG_INFORMATION_FORMAT = dwarf;
				ENABLE_STRICT_OBJC_MSGSEND = YES;
				ENABLE_TESTABILITY = YES;
				ENABLE_USER_SCRIPT_SANDBOXING = YES;
				GCC_C_LANGUAGE_STANDARD = gnu17;
				GCC_DYNAMIC_NO_PIC = NO;
				GCC_NO_COMMON_BLOCKS = YES;
				GCC_OPTIMIZATION_LEVEL = 0;
				GCC_PREPROCESSOR_DEFINITIONS = (
					"DEBUG=1",
					"$(inherited)",
				);
				GCC_WARN_64_TO_32_BIT_CONVERSION = YES;
				GCC_WARN_ABOUT_RETURN_TYPE = YES_ERROR;
				GCC_WARN_UNDECLARED_SELECTOR = YES;
				GCC_WARN_UNINITIALIZED_AUTOS = YES_AGGRESSIVE;
				GCC_WARN_UNUSED_FUNCTION = YES;
				GCC_WARN_UNUSED_VARIABLE = YES;
				IPHONEOS_DEPLOYMENT_TARGET = 16.0;
				LOCALIZATION_PREFERS_STRING_CATALOGS = YES;
				MTL_ENABLE_DEBUG_INFO = INCLUDE_SOURCE;
				MTL_FAST_MATH = YES;
				ONLY_ACTIVE_ARCH = YES;
				SDKROOT = iphoneos;
				SWIFT_ACTIVE_COMPILATION_CONDITIONS = "DEBUG $(inherited)";
				SWIFT_OPTIMIZATION_LEVEL = "-Onone";
			};
			name = Debug;
		};
		969604A42BFF0A6E00BBFC6C /* Release */ = {
			isa = XCBuildConfiguration;
			buildSettings = {
				ALWAYS_SEARCH_USER_PATHS = NO;
				ASSETCATALOG_COMPILER_GENERATE_SWIFT_ASSET_SYMBOL_EXTENSIONS = YES;
				CLANG_ANALYZER_LOCALIZABILITY_NONLOCALIZED = YES;
				CLANG_ANALYZER_NONNULL = YES;
				CLANG_ANALYZER_NUMBER_OBJECT_CONVERSION = YES_AGGRESSIVE;
				CLANG_CXX_LANGUAGE_STANDARD = "gnu++20";
				CLANG_ENABLE_MODULES = YES;
				CLANG_ENABLE_OBJC_ARC = YES;
				CLANG_ENABLE_OBJC_WEAK = YES;
				CLANG_WARN_BLOCK_CAPTURE_AUTORELEASING = YES;
				CLANG_WARN_BOOL_CONVERSION = YES;
				CLANG_WARN_COMMA = YES;
				CLANG_WARN_CONSTANT_CONVERSION = YES;
				CLANG_WARN_DEPRECATED_OBJC_IMPLEMENTATIONS = YES;
				CLANG_WARN_DIRECT_OBJC_ISA_USAGE = YES_ERROR;
				CLANG_WARN_DOCUMENTATION_COMMENTS = YES;
				CLANG_WARN_EMPTY_BODY = YES;
				CLANG_WARN_ENUM_CONVERSION = YES;
				CLANG_WARN_INFINITE_RECURSION = YES;
				CLANG_WARN_INT_CONVERSION = YES;
				CLANG_WARN_NON_LITERAL_NULL_CONVERSION = YES;
				CLANG_WARN_OBJC_IMPLICIT_RETAIN_SELF = YES;
				CLANG_WARN_OBJC_LITERAL_CONVERSION = YES;
				CLANG_WARN_OBJC_ROOT_CLASS = YES_ERROR;
				CLANG_WARN_QUOTED_INCLUDE_IN_FRAMEWORK_HEADER = YES;
				CLANG_WARN_RANGE_LOOP_ANALYSIS = YES;
				CLANG_WARN_STRICT_PROTOTYPES = YES;
				CLANG_WARN_SUSPICIOUS_MOVE = YES;
				CLANG_WARN_UNGUARDED_AVAILABILITY = YES_AGGRESSIVE;
				CLANG_WARN_UNREACHABLE_CODE = YES;
				CLANG_WARN__DUPLICATE_METHOD_MATCH = YES;
				COPY_PHASE_STRIP = NO;
				DEBUG_INFORMATION_FORMAT = "dwarf-with-dsym";
				ENABLE_NS_ASSERTIONS = NO;
				ENABLE_STRICT_OBJC_MSGSEND = YES;
				ENABLE_USER_SCRIPT_SANDBOXING = YES;
				GCC_C_LANGUAGE_STANDARD = gnu17;
				GCC_NO_COMMON_BLOCKS = YES;
				GCC_WARN_64_TO_32_BIT_CONVERSION = YES;
				GCC_WARN_ABOUT_RETURN_TYPE = YES_ERROR;
				GCC_WARN_UNDECLARED_SELECTOR = YES;
				GCC_WARN_UNINITIALIZED_AUTOS = YES_AGGRESSIVE;
				GCC_WARN_UNUSED_FUNCTION = YES;
				GCC_WARN_UNUSED_VARIABLE = YES;
				IPHONEOS_DEPLOYMENT_TARGET = 16.0;
				LOCALIZATION_PREFERS_STRING_CATALOGS = YES;
				MTL_ENABLE_DEBUG_INFO = NO;
				MTL_FAST_MATH = YES;
				SDKROOT = iphoneos;
				SWIFT_COMPILATION_MODE = wholemodule;
				VALIDATE_PRODUCT = YES;
			};
			name = Release;
		};
		969604A62BFF0A6E00BBFC6C /* Debug */ = {
			isa = XCBuildConfiguration;
			baseConfigurationReference = D9ED4E708E7146A931A560DF /* Pods-ChessOpening.debug.xcconfig */;
			buildSettings = {
				ASSETCATALOG_COMPILER_APPICON_NAME = AppIcon;
				ASSETCATALOG_COMPILER_GLOBAL_ACCENT_COLOR_NAME = AccentColor;
				CODE_SIGN_STYLE = Automatic;
				CURRENT_PROJECT_VERSION = 0;
				DEBUG_INFORMATION_FORMAT = "dwarf-with-dsym";
				DEVELOPMENT_TEAM = JU27F4BHH8;
				ENABLE_USER_SCRIPT_SANDBOXING = NO;
				GENERATE_INFOPLIST_FILE = YES;
				INFOPLIST_FILE = ChessOpening/Info.plist;
				INFOPLIST_KEY_CFBundleDisplayName = "체스 오프닝북";
				INFOPLIST_KEY_UIApplicationSupportsIndirectInputEvents = YES;
				INFOPLIST_KEY_UILaunchStoryboardName = LaunchScreen;
				INFOPLIST_KEY_UISupportedInterfaceOrientations = "UIInterfaceOrientationLandscapeLeft UIInterfaceOrientationLandscapeRight UIInterfaceOrientationPortrait UIInterfaceOrientationPortraitUpsideDown";
				LD_RUNPATH_SEARCH_PATHS = (
					"$(inherited)",
					"@executable_path/Frameworks",
				);
				MARKETING_VERSION = 1.00.05;
				PRODUCT_BUNDLE_IDENTIFIER = com.constant.chessopeningbook;
				PRODUCT_NAME = "$(TARGET_NAME)";
				SWIFT_EMIT_LOC_STRINGS = YES;
				SWIFT_VERSION = 5.0;
				TARGETED_DEVICE_FAMILY = "1,2";
			};
			name = Debug;
		};
		969604A72BFF0A6E00BBFC6C /* Release */ = {
			isa = XCBuildConfiguration;
			baseConfigurationReference = 17C056BCB3BF9AD46BE536F6 /* Pods-ChessOpening.release.xcconfig */;
			buildSettings = {
				ASSETCATALOG_COMPILER_APPICON_NAME = AppIcon;
				ASSETCATALOG_COMPILER_GLOBAL_ACCENT_COLOR_NAME = AccentColor;
				CODE_SIGN_STYLE = Automatic;
				CURRENT_PROJECT_VERSION = 0;
				DEVELOPMENT_TEAM = JU27F4BHH8;
				ENABLE_USER_SCRIPT_SANDBOXING = NO;
				GENERATE_INFOPLIST_FILE = YES;
				INFOPLIST_FILE = ChessOpening/Info.plist;
				INFOPLIST_KEY_CFBundleDisplayName = "체스 오프닝북";
				INFOPLIST_KEY_UIApplicationSupportsIndirectInputEvents = YES;
				INFOPLIST_KEY_UILaunchStoryboardName = LaunchScreen;
				INFOPLIST_KEY_UISupportedInterfaceOrientations = "UIInterfaceOrientationLandscapeLeft UIInterfaceOrientationLandscapeRight UIInterfaceOrientationPortrait UIInterfaceOrientationPortraitUpsideDown";
				LD_RUNPATH_SEARCH_PATHS = (
					"$(inherited)",
					"@executable_path/Frameworks",
				);
				MARKETING_VERSION = 1.00.05;
				PRODUCT_BUNDLE_IDENTIFIER = com.constant.chessopeningbook;
				PRODUCT_NAME = "$(TARGET_NAME)";
				SWIFT_EMIT_LOC_STRINGS = YES;
				SWIFT_VERSION = 5.0;
				TARGETED_DEVICE_FAMILY = "1,2";
			};
			name = Release;
		};
		969604A92BFF0A6E00BBFC6C /* Debug */ = {
			isa = XCBuildConfiguration;
			baseConfigurationReference = EE5543EBF9A854FDE049CA7C /* Pods-ChessOpeningTests.debug.xcconfig */;
			buildSettings = {
				ALWAYS_EMBED_SWIFT_STANDARD_LIBRARIES = YES;
				BUNDLE_LOADER = "$(TEST_HOST)";
				CODE_SIGN_STYLE = Automatic;
				CURRENT_PROJECT_VERSION = 1;
				DEVELOPMENT_TEAM = 6G4QV27Y5P;
				GENERATE_INFOPLIST_FILE = YES;
				IPHONEOS_DEPLOYMENT_TARGET = 17.4;
				MARKETING_VERSION = 1.0;
				PRODUCT_BUNDLE_IDENTIFIER = com.constant.ChessOpeningTests;
				PRODUCT_NAME = "$(TARGET_NAME)";
				SWIFT_EMIT_LOC_STRINGS = NO;
				SWIFT_VERSION = 5.0;
				TARGETED_DEVICE_FAMILY = "1,2";
				TEST_HOST = "$(BUILT_PRODUCTS_DIR)/ChessOpening.app/$(BUNDLE_EXECUTABLE_FOLDER_PATH)/ChessOpening";
			};
			name = Debug;
		};
		969604AA2BFF0A6E00BBFC6C /* Release */ = {
			isa = XCBuildConfiguration;
			baseConfigurationReference = 468B9A6DD726206D88EBBBB8 /* Pods-ChessOpeningTests.release.xcconfig */;
			buildSettings = {
				ALWAYS_EMBED_SWIFT_STANDARD_LIBRARIES = YES;
				BUNDLE_LOADER = "$(TEST_HOST)";
				CODE_SIGN_STYLE = Automatic;
				CURRENT_PROJECT_VERSION = 1;
				DEVELOPMENT_TEAM = 6G4QV27Y5P;
				GENERATE_INFOPLIST_FILE = YES;
				IPHONEOS_DEPLOYMENT_TARGET = 17.4;
				MARKETING_VERSION = 1.0;
				PRODUCT_BUNDLE_IDENTIFIER = com.constant.ChessOpeningTests;
				PRODUCT_NAME = "$(TARGET_NAME)";
				SWIFT_EMIT_LOC_STRINGS = NO;
				SWIFT_VERSION = 5.0;
				TARGETED_DEVICE_FAMILY = "1,2";
				TEST_HOST = "$(BUILT_PRODUCTS_DIR)/ChessOpening.app/$(BUNDLE_EXECUTABLE_FOLDER_PATH)/ChessOpening";
			};
			name = Release;
		};
		969604AC2BFF0A6E00BBFC6C /* Debug */ = {
			isa = XCBuildConfiguration;
			baseConfigurationReference = E72AA1EA0CD48CC6DB2E23B3 /* Pods-ChessOpening-ChessOpeningUITests.debug.xcconfig */;
			buildSettings = {
				ALWAYS_EMBED_SWIFT_STANDARD_LIBRARIES = YES;
				CODE_SIGN_STYLE = Automatic;
				CURRENT_PROJECT_VERSION = 1;
				DEVELOPMENT_TEAM = 6G4QV27Y5P;
				GENERATE_INFOPLIST_FILE = YES;
				MARKETING_VERSION = 1.0;
				PRODUCT_BUNDLE_IDENTIFIER = com.constant.ChessOpeningUITests;
				PRODUCT_NAME = "$(TARGET_NAME)";
				SWIFT_EMIT_LOC_STRINGS = NO;
				SWIFT_VERSION = 5.0;
				TARGETED_DEVICE_FAMILY = "1,2";
				TEST_TARGET_NAME = ChessOpening;
			};
			name = Debug;
		};
		969604AD2BFF0A6E00BBFC6C /* Release */ = {
			isa = XCBuildConfiguration;
			baseConfigurationReference = DD71DE6C98E09D85BB3C311A /* Pods-ChessOpening-ChessOpeningUITests.release.xcconfig */;
			buildSettings = {
				ALWAYS_EMBED_SWIFT_STANDARD_LIBRARIES = YES;
				CODE_SIGN_STYLE = Automatic;
				CURRENT_PROJECT_VERSION = 1;
				DEVELOPMENT_TEAM = 6G4QV27Y5P;
				GENERATE_INFOPLIST_FILE = YES;
				MARKETING_VERSION = 1.0;
				PRODUCT_BUNDLE_IDENTIFIER = com.constant.ChessOpeningUITests;
				PRODUCT_NAME = "$(TARGET_NAME)";
				SWIFT_EMIT_LOC_STRINGS = NO;
				SWIFT_VERSION = 5.0;
				TARGETED_DEVICE_FAMILY = "1,2";
				TEST_TARGET_NAME = ChessOpening;
			};
			name = Release;
		};
/* End XCBuildConfiguration section */

/* Begin XCConfigurationList section */
		969604762BFF0A6D00BBFC6C /* Build configuration list for PBXProject "ChessOpening" */ = {
			isa = XCConfigurationList;
			buildConfigurations = (
				969604A32BFF0A6E00BBFC6C /* Debug */,
				969604A42BFF0A6E00BBFC6C /* Release */,
			);
			defaultConfigurationIsVisible = 0;
			defaultConfigurationName = Release;
		};
		969604A52BFF0A6E00BBFC6C /* Build configuration list for PBXNativeTarget "ChessOpening" */ = {
			isa = XCConfigurationList;
			buildConfigurations = (
				969604A62BFF0A6E00BBFC6C /* Debug */,
				969604A72BFF0A6E00BBFC6C /* Release */,
			);
			defaultConfigurationIsVisible = 0;
			defaultConfigurationName = Release;
		};
		969604A82BFF0A6E00BBFC6C /* Build configuration list for PBXNativeTarget "ChessOpeningTests" */ = {
			isa = XCConfigurationList;
			buildConfigurations = (
				969604A92BFF0A6E00BBFC6C /* Debug */,
				969604AA2BFF0A6E00BBFC6C /* Release */,
			);
			defaultConfigurationIsVisible = 0;
			defaultConfigurationName = Release;
		};
		969604AB2BFF0A6E00BBFC6C /* Build configuration list for PBXNativeTarget "ChessOpeningUITests" */ = {
			isa = XCConfigurationList;
			buildConfigurations = (
				969604AC2BFF0A6E00BBFC6C /* Debug */,
				969604AD2BFF0A6E00BBFC6C /* Release */,
			);
			defaultConfigurationIsVisible = 0;
			defaultConfigurationName = Release;
		};
/* End XCConfigurationList section */
	};
	rootObject = 969604732BFF0A6D00BBFC6C /* Project object */;
}
