// !$*UTF8*$!
{
	archiveVersion = 1;
	classes = {
	};
	objectVersion = 77;
	objects = {

/* Begin PBXBuildFile section */
		96073D932C32A0FD00DDF159 /* UIViewController+Ext.swift in Sources */ = {isa = PBXBuildFile; fileRef = 96073D922C32A0FD00DDF159 /* UIViewController+Ext.swift */; };
		96073D952C32A13000DDF159 /* InfoEditViewController.swift in Sources */ = {isa = PBXBuildFile; fileRef = 96073D942C32A13000DDF159 /* InfoEditViewController.swift */; };
		96073D972C32A13F00DDF159 /* InfoEdit.storyboard in Resources */ = {isa = PBXBuildFile; fileRef = 96073D962C32A13F00DDF159 /* InfoEdit.storyboard */; };
		96073DA32C3D4CEA00DDF159 /* Util.swift in Sources */ = {isa = PBXBuildFile; fileRef = 96073DA22C3D4CEA00DDF159 /* Util.swift */; };
		960C9D162CC129C700A7C078 /* CombineMoya in Frameworks */ = {isa = PBXBuildFile; productRef = 960C9D152CC129C700A7C078 /* CombineMoya */; };
		960C9D182CC129C700A7C078 /* Moya in Frameworks */ = {isa = PBXBuildFile; productRef = 960C9D172CC129C700A7C078 /* Moya */; };
		960C9D1A2CC129C700A7C078 /* ReactiveMoya in Frameworks */ = {isa = PBXBuildFile; productRef = 960C9D192CC129C700A7C078 /* ReactiveMoya */; };
		960C9D1C2CC129C700A7C078 /* RxMoya in Frameworks */ = {isa = PBXBuildFile; productRef = 960C9D1B2CC129C700A7C078 /* RxMoya */; };
		960C9D832CC12C0500A7C078 /* evaluate.cpp in Sources */ = {isa = PBXBuildFile; fileRef = 960C9D502CC12C0500A7C078 /* evaluate.cpp */; };
		960C9D842CC12C0500A7C078 /* thread.cpp in Sources */ = {isa = PBXBuildFile; fileRef = 960C9D672CC12C0500A7C078 /* thread.cpp */; };
		960C9D852CC12C0500A7C078 /* half_ka_v2_hm.cpp in Sources */ = {isa = PBXBuildFile; fileRef = 960C9D352CC12C0500A7C078 /* half_ka_v2_hm.cpp */; };
		960C9D862CC12C0500A7C078 /* engine.cpp in Sources */ = {isa = PBXBuildFile; fileRef = 960C9D4E2CC12C0500A7C078 /* engine.cpp */; };
		960C9D872CC12C0500A7C078 /* tune.cpp in Sources */ = {isa = PBXBuildFile; fileRef = 960C9D6E2CC12C0500A7C078 /* tune.cpp */; };
		960C9D882CC12C0500A7C078 /* main.cpp in Sources */ = {isa = PBXBuildFile; fileRef = 960C9D512CC12C0500A7C078 /* main.cpp */; };
		960C9D892CC12C0500A7C078 /* misc.cpp in Sources */ = {isa = PBXBuildFile; fileRef = 960C9D562CC12C0500A7C078 /* misc.cpp */; };
		960C9D8A2CC12C0500A7C078 /* uci.cpp in Sources */ = {isa = PBXBuildFile; fileRef = 960C9D712CC12C0500A7C078 /* uci.cpp */; };
		960C9D8B2CC12C0500A7C078 /* stockfish_wrapper.mm in Sources */ = {isa = PBXBuildFile; fileRef = 960C9D642CC12C0500A7C078 /* stockfish_wrapper.mm */; };
		960C9D8C2CC12C0500A7C078 /* benchmark.cpp in Sources */ = {isa = PBXBuildFile; fileRef = 960C9D4A2CC12C0500A7C078 /* benchmark.cpp */; };
		960C9D8D2CC12C0500A7C078 /* movegen.cpp in Sources */ = {isa = PBXBuildFile; fileRef = 960C9D582CC12C0500A7C078 /* movegen.cpp */; };
		960C9D8E2CC12C0500A7C078 /* timeman.cpp in Sources */ = {isa = PBXBuildFile; fileRef = 960C9D6A2CC12C0500A7C078 /* timeman.cpp */; };
		960C9D8F2CC12C0500A7C078 /* tbprobe.cpp in Sources */ = {isa = PBXBuildFile; fileRef = 960C9D472CC12C0500A7C078 /* tbprobe.cpp */; };
		960C9D902CC12C0500A7C078 /* search.cpp in Sources */ = {isa = PBXBuildFile; fileRef = 960C9D622CC12C0500A7C078 /* search.cpp */; };
		960C9D912CC12C0500A7C078 /* network.cpp in Sources */ = {isa = PBXBuildFile; fileRef = 960C9D3E2CC12C0500A7C078 /* network.cpp */; };
		960C9D922CC12C0500A7C078 /* tt.cpp in Sources */ = {isa = PBXBuildFile; fileRef = 960C9D6C2CC12C0500A7C078 /* tt.cpp */; };
		960C9D932CC12C0500A7C078 /* memory.cpp in Sources */ = {isa = PBXBuildFile; fileRef = 960C9D542CC12C0500A7C078 /* memory.cpp */; };
		960C9D942CC12C0500A7C078 /* nnue_misc.cpp in Sources */ = {isa = PBXBuildFile; fileRef = 960C9D442CC12C0500A7C078 /* nnue_misc.cpp */; };
		960C9D952CC12C0500A7C078 /* position.cpp in Sources */ = {isa = PBXBuildFile; fileRef = 960C9D5E2CC12C0500A7C078 /* position.cpp */; };
		960C9D962CC12C0500A7C078 /* score.cpp in Sources */ = {isa = PBXBuildFile; fileRef = 960C9D602CC12C0500A7C078 /* score.cpp */; };
		960C9D972CC12C0500A7C078 /* Makefile in Sources */ = {isa = PBXBuildFile; fileRef = 960C9D522CC12C0500A7C078 /* Makefile */; };
		960C9D982CC12C0500A7C078 /* bitboard.cpp in Sources */ = {isa = PBXBuildFile; fileRef = 960C9D4C2CC12C0500A7C078 /* bitboard.cpp */; };
		960C9D992CC12C0500A7C078 /* movepick.cpp in Sources */ = {isa = PBXBuildFile; fileRef = 960C9D5A2CC12C0500A7C078 /* movepick.cpp */; };
		960C9D9A2CC12C0500A7C078 /* ucioption.cpp in Sources */ = {isa = PBXBuildFile; fileRef = 960C9D732CC12C0500A7C078 /* ucioption.cpp */; };
		960C9D9B2CC12C0500A7C078 /* reprosearch.sh in Resources */ = {isa = PBXBuildFile; fileRef = 960C9D772CC12C0500A7C078 /* reprosearch.sh */; };
		960C9D9C2CC12C0500A7C078 /* instrumented.py in Resources */ = {isa = PBXBuildFile; fileRef = 960C9D752CC12C0500A7C078 /* instrumented.py */; };
		960C9D9D2CC12C0500A7C078 /* get_native_properties.sh in Resources */ = {isa = PBXBuildFile; fileRef = 960C9D2E2CC12C0500A7C078 /* get_native_properties.sh */; };
		960C9D9E2CC12C0500A7C078 /* perft.sh in Resources */ = {isa = PBXBuildFile; fileRef = 960C9D762CC12C0500A7C078 /* perft.sh */; };
		960C9D9F2CC12C0500A7C078 /* Copying.txt in Resources */ = {isa = PBXBuildFile; fileRef = 960C9D7F2CC12C0500A7C078 /* Copying.txt */; };
		960C9DA02CC12C0500A7C078 /* UNLICENCE in Resources */ = {isa = PBXBuildFile; fileRef = 960C9D322CC12C0500A7C078 /* UNLICENCE */; };
		960C9DA12CC12C0500A7C078 /* Top CPU Contributors.txt in Resources */ = {isa = PBXBuildFile; fileRef = 960C9D812CC12C0500A7C078 /* Top CPU Contributors.txt */; };
		960C9DA22CC12C0500A7C078 /* README.md in Resources */ = {isa = PBXBuildFile; fileRef = 960C9D802CC12C0500A7C078 /* README.md */; };
		960C9DA32CC12C0500A7C078 /* .clang-format in Resources */ = {isa = PBXBuildFile; fileRef = 960C9D7B2CC12C0500A7C078 /* .clang-format */; };
		960C9DA42CC12C0500A7C078 /* signature.sh in Resources */ = {isa = PBXBuildFile; fileRef = 960C9D782CC12C0500A7C078 /* signature.sh */; };
		960C9DA52CC12C0500A7C078 /* CONTRIBUTING.md in Resources */ = {isa = PBXBuildFile; fileRef = 960C9D7E2CC12C0500A7C078 /* CONTRIBUTING.md */; };
		960C9DA62CC12C0500A7C078 /* CITATION.cff in Resources */ = {isa = PBXBuildFile; fileRef = 960C9D7D2CC12C0500A7C078 /* CITATION.cff */; };
		960C9DA72CC12C0500A7C078 /* net.sh in Resources */ = {isa = PBXBuildFile; fileRef = 960C9D2F2CC12C0500A7C078 /* net.sh */; };
		960C9DA82CC12C0500A7C078 /* AUTHORS in Resources */ = {isa = PBXBuildFile; fileRef = 960C9D7C2CC12C0500A7C078 /* AUTHORS */; };
		960C9DA92CC12C0500A7C078 /* testing.py in Resources */ = {isa = PBXBuildFile; fileRef = 960C9D792CC12C0500A7C078 /* testing.py */; };
		960C9DAD2CC12C6600A7C078 /* nn-1111cefa1111.nnue in Resources */ = {isa = PBXBuildFile; fileRef = 960C9DAB2CC12C6600A7C078 /* nn-1111cefa1111.nnue */; };
		960C9DB12CC139AE00A7C078 /* nn-37f18f62d772 2.nnue in Resources */ = {isa = PBXBuildFile; fileRef = 960C9DB02CC139AE00A7C078 /* nn-37f18f62d772 2.nnue */; };
		960C9DE42CC2509C00A7C078 /* EvalChartView.swift in Sources */ = {isa = PBXBuildFile; fileRef = 960C9DE32CC2509C00A7C078 /* EvalChartView.swift */; };
		96152D402C57699500E821E3 /* LichessCommonRestAPI.swift in Sources */ = {isa = PBXBuildFile; fileRef = 96152D3F2C57699500E821E3 /* LichessCommonRestAPI.swift */; };
		96152D422C5769CC00E821E3 /* LichessCommonRepository.swift in Sources */ = {isa = PBXBuildFile; fileRef = 96152D412C5769CC00E821E3 /* LichessCommonRepository.swift */; };
		96152D442C5769D900E821E3 /* LichessConfiguration.swift in Sources */ = {isa = PBXBuildFile; fileRef = 96152D432C5769D900E821E3 /* LichessConfiguration.swift */; };
		96152D482C5778AC00E821E3 /* LichessEntity.swift in Sources */ = {isa = PBXBuildFile; fileRef = 96152D472C5778AC00E821E3 /* LichessEntity.swift */; };
		96152D4C2C57857000E821E3 /* IntegratedOpeningModel.swift in Sources */ = {isa = PBXBuildFile; fileRef = 96152D4B2C57857000E821E3 /* IntegratedOpeningModel.swift */; };
		96152D4F2C58F42F00E821E3 /* OptionalOpeningModel.swift in Sources */ = {isa = PBXBuildFile; fileRef = 96152D4E2C58F42F00E821E3 /* OptionalOpeningModel.swift */; };
		96152D522C58FF2500E821E3 /* LichessModel.swift in Sources */ = {isa = PBXBuildFile; fileRef = 96152D512C58FF2500E821E3 /* LichessModel.swift */; };
		961715EE2C5A61B0007383FE /* WinRateChartView.swift in Sources */ = {isa = PBXBuildFile; fileRef = 961715ED2C5A61B0007383FE /* WinRateChartView.swift */; };
		961A11262C319AF2005E903C /* TabBar.storyboard in Resources */ = {isa = PBXBuildFile; fileRef = 961A11252C319AF2005E903C /* TabBar.storyboard */; };
		961A112A2C319DB3005E903C /* TabBarViewController.swift in Sources */ = {isa = PBXBuildFile; fileRef = 961A11292C319DB3005E903C /* TabBarViewController.swift */; };
		961A112E2C31A119005E903C /* Info.storyboard in Resources */ = {isa = PBXBuildFile; fileRef = 961A112D2C31A119005E903C /* Info.storyboard */; };
		961A11302C31A12B005E903C /* InfoViewController.swift in Sources */ = {isa = PBXBuildFile; fileRef = 961A112F2C31A12B005E903C /* InfoViewController.swift */; };
		96361ABE2C50E17B00815DE0 /* HapticManager.swift in Sources */ = {isa = PBXBuildFile; fileRef = 96361ABD2C50E17B00815DE0 /* HapticManager.swift */; };
		963BBCDB2CC0F39A007CD6CB /* RxMoya in Frameworks */ = {isa = PBXBuildFile; productRef = 963BBCDA2CC0F39A007CD6CB /* RxMoya */; };
		963BBCDE2CC0F4B1007CD6CB /* FirebaseAnalytics in Frameworks */ = {isa = PBXBuildFile; productRef = 963BBCDD2CC0F4B1007CD6CB /* FirebaseAnalytics */; };
		963BBCE02CC0F4B1007CD6CB /* FirebaseCore in Frameworks */ = {isa = PBXBuildFile; productRef = 963BBCDF2CC0F4B1007CD6CB /* FirebaseCore */; };
		963BBCE22CC0F4B1007CD6CB /* FirebaseCrashlytics in Frameworks */ = {isa = PBXBuildFile; productRef = 963BBCE12CC0F4B1007CD6CB /* FirebaseCrashlytics */; };
		963BBCE42CC0F4B1007CD6CB /* FirebaseRemoteConfig in Frameworks */ = {isa = PBXBuildFile; productRef = 963BBCE32CC0F4B1007CD6CB /* FirebaseRemoteConfig */; };
		963BBCE72CC0F4CA007CD6CB /* SkeletonView in Frameworks */ = {isa = PBXBuildFile; productRef = 963BBCE62CC0F4CA007CD6CB /* SkeletonView */; };
		963BBCEA2CC0F870007CD6CB /* RxSwift in Frameworks */ = {isa = PBXBuildFile; productRef = 963BBCE92CC0F870007CD6CB /* RxSwift */; };
		963BBCEC2CC0FA0D007CD6CB /* ReactiveMoya in Frameworks */ = {isa = PBXBuildFile; productRef = 963BBCEB2CC0FA0D007CD6CB /* ReactiveMoya */; };
		963BBCEE2CC126DA007CD6CB /* CombineMoya in Frameworks */ = {isa = PBXBuildFile; productRef = 963BBCED2CC126DA007CD6CB /* CombineMoya */; };
		963BBCF02CC12995007CD6CB /* CombineMoya in Frameworks */ = {isa = PBXBuildFile; productRef = 963BBCEF2CC12995007CD6CB /* CombineMoya */; };
		963BBCF22CC12995007CD6CB /* Moya in Frameworks */ = {isa = PBXBuildFile; productRef = 963BBCF12CC12995007CD6CB /* Moya */; };
		963BBCF42CC12995007CD6CB /* ReactiveMoya in Frameworks */ = {isa = PBXBuildFile; productRef = 963BBCF32CC12995007CD6CB /* ReactiveMoya */; };
		963BBCF62CC12995007CD6CB /* RxMoya in Frameworks */ = {isa = PBXBuildFile; productRef = 963BBCF52CC12995007CD6CB /* RxMoya */; };
		96524D612C3E66B300DD8A1D /* HistoryCollectionViewCell.swift in Sources */ = {isa = PBXBuildFile; fileRef = 96524D602C3E66B300DD8A1D /* HistoryCollectionViewCell.swift */; };
		96524D632C3E670300DD8A1D /* HistoryCollectionViewCell.xib in Resources */ = {isa = PBXBuildFile; fileRef = 96524D622C3E670300DD8A1D /* HistoryCollectionViewCell.xib */; };
		96524D722C40EE8500DD8A1D /* OpeningCommonRestAPI.swift in Sources */ = {isa = PBXBuildFile; fileRef = 96524D712C40EE8500DD8A1D /* OpeningCommonRestAPI.swift */; };
		96524D762C410F5B00DD8A1D /* OpeningCommonRepository.swift in Sources */ = {isa = PBXBuildFile; fileRef = 96524D752C410F5B00DD8A1D /* OpeningCommonRepository.swift */; };
		96524D782C4651C400DD8A1D /* OpeningConfiguration.swift in Sources */ = {isa = PBXBuildFile; fileRef = 96524D772C4651C400DD8A1D /* OpeningConfiguration.swift */; };
		96524D7E2C4794CD00DD8A1D /* OpeningEntity.swift in Sources */ = {isa = PBXBuildFile; fileRef = 96524D7D2C4794CD00DD8A1D /* OpeningEntity.swift */; };
		96524D802C4798EE00DD8A1D /* OpeningModel.swift in Sources */ = {isa = PBXBuildFile; fileRef = 96524D7F2C4798EE00DD8A1D /* OpeningModel.swift */; };
		96524D862C4944A200DD8A1D /* MoveTableViewCell.swift in Sources */ = {isa = PBXBuildFile; fileRef = 96524D852C4944A200DD8A1D /* MoveTableViewCell.swift */; };
		96524D902C4A5E6C00DD8A1D /* MoveEditTableViewCell.swift in Sources */ = {isa = PBXBuildFile; fileRef = 96524D8F2C4A5E6C00DD8A1D /* MoveEditTableViewCell.swift */; };
		966356A62C2FCAA700158265 /* MoveTableViewCell.xib in Resources */ = {isa = PBXBuildFile; fileRef = 966356A52C2FCAA700158265 /* MoveTableViewCell.xib */; };
		966356A82C2FCAB600158265 /* MoveEditTableViewCell.xib in Resources */ = {isa = PBXBuildFile; fileRef = 966356A72C2FCAB600158265 /* MoveEditTableViewCell.xib */; };
		9696047F2BFF0A6D00BBFC6C /* AppDelegate.swift in Sources */ = {isa = PBXBuildFile; fileRef = 9696047E2BFF0A6D00BBFC6C /* AppDelegate.swift */; };
		969604832BFF0A6D00BBFC6C /* MainViewController.swift in Sources */ = {isa = PBXBuildFile; fileRef = 969604822BFF0A6D00BBFC6C /* MainViewController.swift */; };
		969604862BFF0A6D00BBFC6C /* Base in Resources */ = {isa = PBXBuildFile; fileRef = 969604852BFF0A6D00BBFC6C /* Base */; };
		969604882BFF0A6E00BBFC6C /* Assets.xcassets in Resources */ = {isa = PBXBuildFile; fileRef = 969604872BFF0A6E00BBFC6C /* Assets.xcassets */; };
		9696048B2BFF0A6E00BBFC6C /* Base in Resources */ = {isa = PBXBuildFile; fileRef = 9696048A2BFF0A6E00BBFC6C /* Base */; };
		969604AF2BFF0E6D00BBFC6C /* ChessBoardView.swift in Sources */ = {isa = PBXBuildFile; fileRef = 969604AE2BFF0E6D00BBFC6C /* ChessBoardView.swift */; };
		969604B12BFF1D7400BBFC6C /* Engine.swift in Sources */ = {isa = PBXBuildFile; fileRef = 969604B02BFF1D7400BBFC6C /* Engine.swift */; };
		96BD86C72C31AC0100465C31 /* HistoryViewController.swift in Sources */ = {isa = PBXBuildFile; fileRef = 96BD86C62C31AC0100465C31 /* HistoryViewController.swift */; };
		96BD86C92C31AC0E00465C31 /* History.storyboard in Resources */ = {isa = PBXBuildFile; fileRef = 96BD86C82C31AC0E00465C31 /* History.storyboard */; };
		96BDF9082C0968220032523E /* King.swift in Sources */ = {isa = PBXBuildFile; fileRef = 96BDF9072C0968220032523E /* King.swift */; };
		96BDF90A2C096B310032523E /* Piece.swift in Sources */ = {isa = PBXBuildFile; fileRef = 96BDF9092C096B310032523E /* Piece.swift */; };
		96BDF90C2C096B5D0032523E /* Empty.swift in Sources */ = {isa = PBXBuildFile; fileRef = 96BDF90B2C096B5D0032523E /* Empty.swift */; };
		96BDF90E2C096B730032523E /* Queen.swift in Sources */ = {isa = PBXBuildFile; fileRef = 96BDF90D2C096B730032523E /* Queen.swift */; };
		96BDF9102C096B7C0032523E /* Bishop.swift in Sources */ = {isa = PBXBuildFile; fileRef = 96BDF90F2C096B7C0032523E /* Bishop.swift */; };
		96BDF9122C096B850032523E /* Knight.swift in Sources */ = {isa = PBXBuildFile; fileRef = 96BDF9112C096B850032523E /* Knight.swift */; };
		96BDF9142C096BDD0032523E /* Rook.swift in Sources */ = {isa = PBXBuildFile; fileRef = 96BDF9132C096BDD0032523E /* Rook.swift */; };
		96BDF9162C096C0C0032523E /* Pawn.swift in Sources */ = {isa = PBXBuildFile; fileRef = 96BDF9152C096C0C0032523E /* Pawn.swift */; };
		96FAD3602C4AAB1000470BE7 /* InfoHeaderTableViewCell.swift in Sources */ = {isa = PBXBuildFile; fileRef = 96FAD35F2C4AAB1000470BE7 /* InfoHeaderTableViewCell.swift */; };
		96FAD3622C4AAB2000470BE7 /* InfoHeaderTableViewCell.xib in Resources */ = {isa = PBXBuildFile; fileRef = 96FAD3612C4AAB2000470BE7 /* InfoHeaderTableViewCell.xib */; };
		96FAD3642C4B628200470BE7 /* MoveEditHeaderTableViewCell.xib in Resources */ = {isa = PBXBuildFile; fileRef = 96FAD3632C4B628200470BE7 /* MoveEditHeaderTableViewCell.xib */; };
		96FAD3662C4B629700470BE7 /* MoveEditHeaderTableViewCell.swift in Sources */ = {isa = PBXBuildFile; fileRef = 96FAD3652C4B629700470BE7 /* MoveEditHeaderTableViewCell.swift */; };
		96FAD3682C4B99CD00470BE7 /* VoidEntity.swift in Sources */ = {isa = PBXBuildFile; fileRef = 96FAD3672C4B99CD00470BE7 /* VoidEntity.swift */; };
		96FAD3702C4BF14F00470BE7 /* icon.svg in Resources */ = {isa = PBXBuildFile; fileRef = 96FAD36C2C4BF14F00470BE7 /* icon.svg */; };
		96FAD3712C4BF14F00470BE7 /* icon.png in Resources */ = {isa = PBXBuildFile; fileRef = 96FAD36D2C4BF14F00470BE7 /* icon.png */; };
		96FAD37C2C4BF53C00470BE7 /* launch.png in Resources */ = {isa = PBXBuildFile; fileRef = 96FAD37B2C4BF53C00470BE7 /* launch.png */; };
		96FAD3822C4CF65400470BE7 /* capture.mp3 in Resources */ = {isa = PBXBuildFile; fileRef = 96FAD3802C4CF65400470BE7 /* capture.mp3 */; };
		96FAD3832C4CF65400470BE7 /* move.mp3 in Resources */ = {isa = PBXBuildFile; fileRef = 96FAD3812C4CF65400470BE7 /* move.mp3 */; };
		96FAD3852C4CF72000470BE7 /* license.txt in Sources */ = {isa = PBXBuildFile; fileRef = 96FAD3842C4CF71F00470BE7 /* license.txt */; };
		96FAD3872C4D394A00470BE7 /* check.png in Resources */ = {isa = PBXBuildFile; fileRef = 96FAD3862C4D394A00470BE7 /* check.png */; };
		96FAD3892C4E464300470BE7 /* AudioManager.swift in Sources */ = {isa = PBXBuildFile; fileRef = 96FAD3882C4E464300470BE7 /* AudioManager.swift */; };
		96FAD38D2C4FBBBF00470BE7 /* GoogleService-Info.plist in Resources */ = {isa = PBXBuildFile; fileRef = 96FAD38C2C4FBBBF00470BE7 /* GoogleService-Info.plist */; };
/* End PBXBuildFile section */

/* Begin PBXFileReference section */
		96073D922C32A0FD00DDF159 /* UIViewController+Ext.swift */ = {isa = PBXFileReference; lastKnownFileType = sourcecode.swift; path = "UIViewController+Ext.swift"; sourceTree = "<group>"; };
		96073D942C32A13000DDF159 /* InfoEditViewController.swift */ = {isa = PBXFileReference; lastKnownFileType = sourcecode.swift; path = InfoEditViewController.swift; sourceTree = "<group>"; };
		96073D962C32A13F00DDF159 /* InfoEdit.storyboard */ = {isa = PBXFileReference; lastKnownFileType = file.storyboard; path = InfoEdit.storyboard; sourceTree = "<group>"; };
		96073DA22C3D4CEA00DDF159 /* Util.swift */ = {isa = PBXFileReference; lastKnownFileType = sourcecode.swift; path = Util.swift; sourceTree = "<group>"; };
		960C9D2E2CC12C0500A7C078 /* get_native_properties.sh */ = {isa = PBXFileReference; lastKnownFileType = text.script.sh; path = get_native_properties.sh; sourceTree = "<group>"; };
		960C9D2F2CC12C0500A7C078 /* net.sh */ = {isa = PBXFileReference; lastKnownFileType = text.script.sh; path = net.sh; sourceTree = "<group>"; };
		960C9D312CC12C0500A7C078 /* incbin.h */ = {isa = PBXFileReference; lastKnownFileType = sourcecode.c.h; path = incbin.h; sourceTree = "<group>"; };
		960C9D322CC12C0500A7C078 /* UNLICENCE */ = {isa = PBXFileReference; lastKnownFileType = text; path = UNLICENCE; sourceTree = "<group>"; };
		960C9D342CC12C0500A7C078 /* half_ka_v2_hm.h */ = {isa = PBXFileReference; lastKnownFileType = sourcecode.c.h; path = half_ka_v2_hm.h; sourceTree = "<group>"; };
		960C9D352CC12C0500A7C078 /* half_ka_v2_hm.cpp */ = {isa = PBXFileReference; lastKnownFileType = sourcecode.cpp.cpp; path = half_ka_v2_hm.cpp; sourceTree = "<group>"; };
		960C9D372CC12C0500A7C078 /* affine_transform.h */ = {isa = PBXFileReference; lastKnownFileType = sourcecode.c.h; path = affine_transform.h; sourceTree = "<group>"; };
		960C9D382CC12C0500A7C078 /* affine_transform_sparse_input.h */ = {isa = PBXFileReference; lastKnownFileType = sourcecode.c.h; path = affine_transform_sparse_input.h; sourceTree = "<group>"; };
		960C9D392CC12C0500A7C078 /* clipped_relu.h */ = {isa = PBXFileReference; lastKnownFileType = sourcecode.c.h; path = clipped_relu.h; sourceTree = "<group>"; };
		960C9D3A2CC12C0500A7C078 /* simd.h */ = {isa = PBXFileReference; lastKnownFileType = sourcecode.c.h; path = simd.h; sourceTree = "<group>"; };
		960C9D3B2CC12C0500A7C078 /* sqr_clipped_relu.h */ = {isa = PBXFileReference; lastKnownFileType = sourcecode.c.h; path = sqr_clipped_relu.h; sourceTree = "<group>"; };
		960C9D3D2CC12C0500A7C078 /* network.h */ = {isa = PBXFileReference; lastKnownFileType = sourcecode.c.h; path = network.h; sourceTree = "<group>"; };
		960C9D3E2CC12C0500A7C078 /* network.cpp */ = {isa = PBXFileReference; lastKnownFileType = sourcecode.cpp.cpp; path = network.cpp; sourceTree = "<group>"; };
		960C9D3F2CC12C0500A7C078 /* nnue_accumulator.h */ = {isa = PBXFileReference; lastKnownFileType = sourcecode.c.h; path = nnue_accumulator.h; sourceTree = "<group>"; };
		960C9D402CC12C0500A7C078 /* nnue_architecture.h */ = {isa = PBXFileReference; lastKnownFileType = sourcecode.c.h; path = nnue_architecture.h; sourceTree = "<group>"; };
		960C9D412CC12C0500A7C078 /* nnue_common.h */ = {isa = PBXFileReference; lastKnownFileType = sourcecode.c.h; path = nnue_common.h; sourceTree = "<group>"; };
		960C9D422CC12C0500A7C078 /* nnue_feature_transformer.h */ = {isa = PBXFileReference; lastKnownFileType = sourcecode.c.h; path = nnue_feature_transformer.h; sourceTree = "<group>"; };
		960C9D432CC12C0500A7C078 /* nnue_misc.h */ = {isa = PBXFileReference; lastKnownFileType = sourcecode.c.h; path = nnue_misc.h; sourceTree = "<group>"; };
		960C9D442CC12C0500A7C078 /* nnue_misc.cpp */ = {isa = PBXFileReference; lastKnownFileType = sourcecode.cpp.cpp; path = nnue_misc.cpp; sourceTree = "<group>"; };
		960C9D462CC12C0500A7C078 /* tbprobe.h */ = {isa = PBXFileReference; lastKnownFileType = sourcecode.c.h; path = tbprobe.h; sourceTree = "<group>"; };
		960C9D472CC12C0500A7C078 /* tbprobe.cpp */ = {isa = PBXFileReference; lastKnownFileType = sourcecode.cpp.cpp; path = tbprobe.cpp; sourceTree = "<group>"; };
		960C9D492CC12C0500A7C078 /* benchmark.h */ = {isa = PBXFileReference; lastKnownFileType = sourcecode.c.h; path = benchmark.h; sourceTree = "<group>"; };
		960C9D4A2CC12C0500A7C078 /* benchmark.cpp */ = {isa = PBXFileReference; lastKnownFileType = sourcecode.cpp.cpp; path = benchmark.cpp; sourceTree = "<group>"; };
		960C9D4B2CC12C0500A7C078 /* bitboard.h */ = {isa = PBXFileReference; lastKnownFileType = sourcecode.c.h; path = bitboard.h; sourceTree = "<group>"; };
		960C9D4C2CC12C0500A7C078 /* bitboard.cpp */ = {isa = PBXFileReference; lastKnownFileType = sourcecode.cpp.cpp; path = bitboard.cpp; sourceTree = "<group>"; };
		960C9D4D2CC12C0500A7C078 /* engine.h */ = {isa = PBXFileReference; lastKnownFileType = sourcecode.c.h; path = engine.h; sourceTree = "<group>"; };
		960C9D4E2CC12C0500A7C078 /* engine.cpp */ = {isa = PBXFileReference; lastKnownFileType = sourcecode.cpp.cpp; path = engine.cpp; sourceTree = "<group>"; };
		960C9D4F2CC12C0500A7C078 /* evaluate.h */ = {isa = PBXFileReference; lastKnownFileType = sourcecode.c.h; path = evaluate.h; sourceTree = "<group>"; };
		960C9D502CC12C0500A7C078 /* evaluate.cpp */ = {isa = PBXFileReference; lastKnownFileType = sourcecode.cpp.cpp; path = evaluate.cpp; sourceTree = "<group>"; };
		960C9D512CC12C0500A7C078 /* main.cpp */ = {isa = PBXFileReference; lastKnownFileType = sourcecode.cpp.cpp; path = main.cpp; sourceTree = "<group>"; };
		960C9D522CC12C0500A7C078 /* Makefile */ = {isa = PBXFileReference; lastKnownFileType = sourcecode.make; path = Makefile; sourceTree = "<group>"; };
		960C9D532CC12C0500A7C078 /* memory.h */ = {isa = PBXFileReference; lastKnownFileType = sourcecode.c.h; path = memory.h; sourceTree = "<group>"; };
		960C9D542CC12C0500A7C078 /* memory.cpp */ = {isa = PBXFileReference; lastKnownFileType = sourcecode.cpp.cpp; path = memory.cpp; sourceTree = "<group>"; };
		960C9D552CC12C0500A7C078 /* misc.h */ = {isa = PBXFileReference; lastKnownFileType = sourcecode.c.h; path = misc.h; sourceTree = "<group>"; };
		960C9D562CC12C0500A7C078 /* misc.cpp */ = {isa = PBXFileReference; lastKnownFileType = sourcecode.cpp.cpp; path = misc.cpp; sourceTree = "<group>"; };
		960C9D572CC12C0500A7C078 /* movegen.h */ = {isa = PBXFileReference; lastKnownFileType = sourcecode.c.h; path = movegen.h; sourceTree = "<group>"; };
		960C9D582CC12C0500A7C078 /* movegen.cpp */ = {isa = PBXFileReference; lastKnownFileType = sourcecode.cpp.cpp; path = movegen.cpp; sourceTree = "<group>"; };
		960C9D592CC12C0500A7C078 /* movepick.h */ = {isa = PBXFileReference; lastKnownFileType = sourcecode.c.h; path = movepick.h; sourceTree = "<group>"; };
		960C9D5A2CC12C0500A7C078 /* movepick.cpp */ = {isa = PBXFileReference; lastKnownFileType = sourcecode.cpp.cpp; path = movepick.cpp; sourceTree = "<group>"; };
		960C9D5B2CC12C0500A7C078 /* numa.h */ = {isa = PBXFileReference; lastKnownFileType = sourcecode.c.h; path = numa.h; sourceTree = "<group>"; };
		960C9D5C2CC12C0500A7C078 /* perft.h */ = {isa = PBXFileReference; lastKnownFileType = sourcecode.c.h; path = perft.h; sourceTree = "<group>"; };
		960C9D5D2CC12C0500A7C078 /* position.h */ = {isa = PBXFileReference; lastKnownFileType = sourcecode.c.h; path = position.h; sourceTree = "<group>"; };
		960C9D5E2CC12C0500A7C078 /* position.cpp */ = {isa = PBXFileReference; lastKnownFileType = sourcecode.cpp.cpp; path = position.cpp; sourceTree = "<group>"; };
		960C9D5F2CC12C0500A7C078 /* score.h */ = {isa = PBXFileReference; lastKnownFileType = sourcecode.c.h; path = score.h; sourceTree = "<group>"; };
		960C9D602CC12C0500A7C078 /* score.cpp */ = {isa = PBXFileReference; lastKnownFileType = sourcecode.cpp.cpp; path = score.cpp; sourceTree = "<group>"; };
		960C9D612CC12C0500A7C078 /* search.h */ = {isa = PBXFileReference; lastKnownFileType = sourcecode.c.h; path = search.h; sourceTree = "<group>"; };
		960C9D622CC12C0500A7C078 /* search.cpp */ = {isa = PBXFileReference; lastKnownFileType = sourcecode.cpp.cpp; path = search.cpp; sourceTree = "<group>"; };
		960C9D632CC12C0500A7C078 /* stockfish_bridging_header.h */ = {isa = PBXFileReference; lastKnownFileType = sourcecode.c.h; path = stockfish_bridging_header.h; sourceTree = "<group>"; };
		960C9D642CC12C0500A7C078 /* stockfish_wrapper.mm */ = {isa = PBXFileReference; lastKnownFileType = sourcecode.cpp.objcpp; path = stockfish_wrapper.mm; sourceTree = "<group>"; };
		960C9D652CC12C0500A7C078 /* StockfishWrapper.h */ = {isa = PBXFileReference; lastKnownFileType = sourcecode.c.h; path = StockfishWrapper.h; sourceTree = "<group>"; };
		960C9D662CC12C0500A7C078 /* thread.h */ = {isa = PBXFileReference; lastKnownFileType = sourcecode.c.h; path = thread.h; sourceTree = "<group>"; };
		960C9D672CC12C0500A7C078 /* thread.cpp */ = {isa = PBXFileReference; lastKnownFileType = sourcecode.cpp.cpp; path = thread.cpp; sourceTree = "<group>"; };
		960C9D682CC12C0500A7C078 /* thread_win32_osx.h */ = {isa = PBXFileReference; lastKnownFileType = sourcecode.c.h; path = thread_win32_osx.h; sourceTree = "<group>"; };
		960C9D692CC12C0500A7C078 /* timeman.h */ = {isa = PBXFileReference; lastKnownFileType = sourcecode.c.h; path = timeman.h; sourceTree = "<group>"; };
		960C9D6A2CC12C0500A7C078 /* timeman.cpp */ = {isa = PBXFileReference; lastKnownFileType = sourcecode.cpp.cpp; path = timeman.cpp; sourceTree = "<group>"; };
		960C9D6B2CC12C0500A7C078 /* tt.h */ = {isa = PBXFileReference; lastKnownFileType = sourcecode.c.h; path = tt.h; sourceTree = "<group>"; };
		960C9D6C2CC12C0500A7C078 /* tt.cpp */ = {isa = PBXFileReference; lastKnownFileType = sourcecode.cpp.cpp; path = tt.cpp; sourceTree = "<group>"; };
		960C9D6D2CC12C0500A7C078 /* tune.h */ = {isa = PBXFileReference; lastKnownFileType = sourcecode.c.h; path = tune.h; sourceTree = "<group>"; };
		960C9D6E2CC12C0500A7C078 /* tune.cpp */ = {isa = PBXFileReference; lastKnownFileType = sourcecode.cpp.cpp; path = tune.cpp; sourceTree = "<group>"; };
		960C9D6F2CC12C0500A7C078 /* types.h */ = {isa = PBXFileReference; lastKnownFileType = sourcecode.c.h; path = types.h; sourceTree = "<group>"; };
		960C9D702CC12C0500A7C078 /* uci.h */ = {isa = PBXFileReference; lastKnownFileType = sourcecode.c.h; path = uci.h; sourceTree = "<group>"; };
		960C9D712CC12C0500A7C078 /* uci.cpp */ = {isa = PBXFileReference; lastKnownFileType = sourcecode.cpp.cpp; path = uci.cpp; sourceTree = "<group>"; };
		960C9D722CC12C0500A7C078 /* ucioption.h */ = {isa = PBXFileReference; lastKnownFileType = sourcecode.c.h; path = ucioption.h; sourceTree = "<group>"; };
		960C9D732CC12C0500A7C078 /* ucioption.cpp */ = {isa = PBXFileReference; lastKnownFileType = sourcecode.cpp.cpp; path = ucioption.cpp; sourceTree = "<group>"; };
		960C9D752CC12C0500A7C078 /* instrumented.py */ = {isa = PBXFileReference; lastKnownFileType = text.script.python; path = instrumented.py; sourceTree = "<group>"; };
		960C9D762CC12C0500A7C078 /* perft.sh */ = {isa = PBXFileReference; lastKnownFileType = text.script.sh; path = perft.sh; sourceTree = "<group>"; };
		960C9D772CC12C0500A7C078 /* reprosearch.sh */ = {isa = PBXFileReference; lastKnownFileType = text.script.sh; path = reprosearch.sh; sourceTree = "<group>"; };
		960C9D782CC12C0500A7C078 /* signature.sh */ = {isa = PBXFileReference; lastKnownFileType = text.script.sh; path = signature.sh; sourceTree = "<group>"; };
		960C9D792CC12C0500A7C078 /* testing.py */ = {isa = PBXFileReference; lastKnownFileType = text.script.python; path = testing.py; sourceTree = "<group>"; };
		960C9D7B2CC12C0500A7C078 /* .clang-format */ = {isa = PBXFileReference; lastKnownFileType = text; path = ".clang-format"; sourceTree = "<group>"; };
		960C9D7C2CC12C0500A7C078 /* AUTHORS */ = {isa = PBXFileReference; lastKnownFileType = text; path = AUTHORS; sourceTree = "<group>"; };
		960C9D7D2CC12C0500A7C078 /* CITATION.cff */ = {isa = PBXFileReference; lastKnownFileType = text; path = CITATION.cff; sourceTree = "<group>"; };
		960C9D7E2CC12C0500A7C078 /* CONTRIBUTING.md */ = {isa = PBXFileReference; lastKnownFileType = net.daringfireball.markdown; path = CONTRIBUTING.md; sourceTree = "<group>"; };
		960C9D7F2CC12C0500A7C078 /* Copying.txt */ = {isa = PBXFileReference; lastKnownFileType = text; path = Copying.txt; sourceTree = "<group>"; };
		960C9D802CC12C0500A7C078 /* README.md */ = {isa = PBXFileReference; lastKnownFileType = net.daringfireball.markdown; path = README.md; sourceTree = "<group>"; };
		960C9D812CC12C0500A7C078 /* Top CPU Contributors.txt */ = {isa = PBXFileReference; lastKnownFileType = text; path = "Top CPU Contributors.txt"; sourceTree = "<group>"; };
		960C9DAB2CC12C6600A7C078 /* nn-1111cefa1111.nnue */ = {isa = PBXFileReference; lastKnownFileType = file; path = "nn-1111cefa1111.nnue"; sourceTree = "<group>"; };
		960C9DB02CC139AE00A7C078 /* nn-37f18f62d772 2.nnue */ = {isa = PBXFileReference; lastKnownFileType = file; path = "nn-37f18f62d772 2.nnue"; sourceTree = "<group>"; };
		960C9DE32CC2509C00A7C078 /* EvalChartView.swift */ = {isa = PBXFileReference; lastKnownFileType = sourcecode.swift; path = EvalChartView.swift; sourceTree = "<group>"; };
		96152D3F2C57699500E821E3 /* LichessCommonRestAPI.swift */ = {isa = PBXFileReference; lastKnownFileType = sourcecode.swift; path = LichessCommonRestAPI.swift; sourceTree = "<group>"; };
		96152D412C5769CC00E821E3 /* LichessCommonRepository.swift */ = {isa = PBXFileReference; lastKnownFileType = sourcecode.swift; path = LichessCommonRepository.swift; sourceTree = "<group>"; };
		96152D432C5769D900E821E3 /* LichessConfiguration.swift */ = {isa = PBXFileReference; lastKnownFileType = sourcecode.swift; path = LichessConfiguration.swift; sourceTree = "<group>"; };
		96152D472C5778AC00E821E3 /* LichessEntity.swift */ = {isa = PBXFileReference; lastKnownFileType = sourcecode.swift; path = LichessEntity.swift; sourceTree = "<group>"; };
		96152D4B2C57857000E821E3 /* IntegratedOpeningModel.swift */ = {isa = PBXFileReference; lastKnownFileType = sourcecode.swift; path = IntegratedOpeningModel.swift; sourceTree = "<group>"; };
		96152D4E2C58F42F00E821E3 /* OptionalOpeningModel.swift */ = {isa = PBXFileReference; lastKnownFileType = sourcecode.swift; path = OptionalOpeningModel.swift; sourceTree = "<group>"; };
		96152D512C58FF2500E821E3 /* LichessModel.swift */ = {isa = PBXFileReference; lastKnownFileType = sourcecode.swift; path = LichessModel.swift; sourceTree = "<group>"; };
		961715ED2C5A61B0007383FE /* WinRateChartView.swift */ = {isa = PBXFileReference; lastKnownFileType = sourcecode.swift; path = WinRateChartView.swift; sourceTree = "<group>"; };
		961715EF2C649C58007383FE /* ko */ = {isa = PBXFileReference; lastKnownFileType = text.plist.strings; name = ko; path = ko.lproj/LaunchScreen.strings; sourceTree = "<group>"; };
		961715F02C649C58007383FE /* ko */ = {isa = PBXFileReference; lastKnownFileType = text.plist.strings; name = ko; path = ko.lproj/Main.strings; sourceTree = "<group>"; };
		961A11252C319AF2005E903C /* TabBar.storyboard */ = {isa = PBXFileReference; lastKnownFileType = file.storyboard; path = TabBar.storyboard; sourceTree = "<group>"; };
		961A11292C319DB3005E903C /* TabBarViewController.swift */ = {isa = PBXFileReference; lastKnownFileType = sourcecode.swift; path = TabBarViewController.swift; sourceTree = "<group>"; };
		961A112D2C31A119005E903C /* Info.storyboard */ = {isa = PBXFileReference; lastKnownFileType = file.storyboard; path = Info.storyboard; sourceTree = "<group>"; };
		961A112F2C31A12B005E903C /* InfoViewController.swift */ = {isa = PBXFileReference; lastKnownFileType = sourcecode.swift; path = InfoViewController.swift; sourceTree = "<group>"; };
		96361ABD2C50E17B00815DE0 /* HapticManager.swift */ = {isa = PBXFileReference; lastKnownFileType = sourcecode.swift; path = HapticManager.swift; sourceTree = "<group>"; };
		96524D602C3E66B300DD8A1D /* HistoryCollectionViewCell.swift */ = {isa = PBXFileReference; lastKnownFileType = sourcecode.swift; path = HistoryCollectionViewCell.swift; sourceTree = "<group>"; };
		96524D622C3E670300DD8A1D /* HistoryCollectionViewCell.xib */ = {isa = PBXFileReference; lastKnownFileType = file.xib; path = HistoryCollectionViewCell.xib; sourceTree = "<group>"; };
		96524D712C40EE8500DD8A1D /* OpeningCommonRestAPI.swift */ = {isa = PBXFileReference; lastKnownFileType = sourcecode.swift; path = OpeningCommonRestAPI.swift; sourceTree = "<group>"; };
		96524D752C410F5B00DD8A1D /* OpeningCommonRepository.swift */ = {isa = PBXFileReference; lastKnownFileType = sourcecode.swift; path = OpeningCommonRepository.swift; sourceTree = "<group>"; };
		96524D772C4651C400DD8A1D /* OpeningConfiguration.swift */ = {isa = PBXFileReference; lastKnownFileType = sourcecode.swift; path = OpeningConfiguration.swift; sourceTree = "<group>"; };
		96524D7D2C4794CD00DD8A1D /* OpeningEntity.swift */ = {isa = PBXFileReference; lastKnownFileType = sourcecode.swift; path = OpeningEntity.swift; sourceTree = "<group>"; };
		96524D7F2C4798EE00DD8A1D /* OpeningModel.swift */ = {isa = PBXFileReference; lastKnownFileType = sourcecode.swift; path = OpeningModel.swift; sourceTree = "<group>"; };
		96524D852C4944A200DD8A1D /* MoveTableViewCell.swift */ = {isa = PBXFileReference; lastKnownFileType = sourcecode.swift; path = MoveTableViewCell.swift; sourceTree = "<group>"; };
		96524D8F2C4A5E6C00DD8A1D /* MoveEditTableViewCell.swift */ = {isa = PBXFileReference; lastKnownFileType = sourcecode.swift; path = MoveEditTableViewCell.swift; sourceTree = "<group>"; };
		966356A52C2FCAA700158265 /* MoveTableViewCell.xib */ = {isa = PBXFileReference; lastKnownFileType = file.xib; path = MoveTableViewCell.xib; sourceTree = "<group>"; };
		966356A72C2FCAB600158265 /* MoveEditTableViewCell.xib */ = {isa = PBXFileReference; lastKnownFileType = file.xib; path = MoveEditTableViewCell.xib; sourceTree = "<group>"; };
		9696047B2BFF0A6D00BBFC6C /* ChessOpening.app */ = {isa = PBXFileReference; explicitFileType = wrapper.application; includeInIndex = 0; path = ChessOpening.app; sourceTree = BUILT_PRODUCTS_DIR; };
		9696047E2BFF0A6D00BBFC6C /* AppDelegate.swift */ = {isa = PBXFileReference; lastKnownFileType = sourcecode.swift; path = AppDelegate.swift; sourceTree = "<group>"; };
		969604822BFF0A6D00BBFC6C /* MainViewController.swift */ = {isa = PBXFileReference; lastKnownFileType = sourcecode.swift; path = MainViewController.swift; sourceTree = "<group>"; };
		969604852BFF0A6D00BBFC6C /* Base */ = {isa = PBXFileReference; lastKnownFileType = file.storyboard; name = Base; path = Base.lproj/Main.storyboard; sourceTree = "<group>"; };
		969604872BFF0A6E00BBFC6C /* Assets.xcassets */ = {isa = PBXFileReference; lastKnownFileType = folder.assetcatalog; path = Assets.xcassets; sourceTree = "<group>"; };
		9696048A2BFF0A6E00BBFC6C /* Base */ = {isa = PBXFileReference; lastKnownFileType = file.storyboard; name = Base; path = Base.lproj/LaunchScreen.storyboard; sourceTree = "<group>"; };
		9696048C2BFF0A6E00BBFC6C /* Info.plist */ = {isa = PBXFileReference; lastKnownFileType = text.plist.xml; path = Info.plist; sourceTree = "<group>"; };
		969604AE2BFF0E6D00BBFC6C /* ChessBoardView.swift */ = {isa = PBXFileReference; lastKnownFileType = sourcecode.swift; path = ChessBoardView.swift; sourceTree = "<group>"; };
		969604B02BFF1D7400BBFC6C /* Engine.swift */ = {isa = PBXFileReference; lastKnownFileType = sourcecode.swift; path = Engine.swift; sourceTree = "<group>"; };
		96BD86C62C31AC0100465C31 /* HistoryViewController.swift */ = {isa = PBXFileReference; lastKnownFileType = sourcecode.swift; path = HistoryViewController.swift; sourceTree = "<group>"; };
		96BD86C82C31AC0E00465C31 /* History.storyboard */ = {isa = PBXFileReference; lastKnownFileType = file.storyboard; path = History.storyboard; sourceTree = "<group>"; };
		96BDF9072C0968220032523E /* King.swift */ = {isa = PBXFileReference; lastKnownFileType = sourcecode.swift; path = King.swift; sourceTree = "<group>"; };
		96BDF9092C096B310032523E /* Piece.swift */ = {isa = PBXFileReference; lastKnownFileType = sourcecode.swift; path = Piece.swift; sourceTree = "<group>"; };
		96BDF90B2C096B5D0032523E /* Empty.swift */ = {isa = PBXFileReference; lastKnownFileType = sourcecode.swift; path = Empty.swift; sourceTree = "<group>"; };
		96BDF90D2C096B730032523E /* Queen.swift */ = {isa = PBXFileReference; lastKnownFileType = sourcecode.swift; path = Queen.swift; sourceTree = "<group>"; };
		96BDF90F2C096B7C0032523E /* Bishop.swift */ = {isa = PBXFileReference; lastKnownFileType = sourcecode.swift; path = Bishop.swift; sourceTree = "<group>"; };
		96BDF9112C096B850032523E /* Knight.swift */ = {isa = PBXFileReference; lastKnownFileType = sourcecode.swift; path = Knight.swift; sourceTree = "<group>"; };
		96BDF9132C096BDD0032523E /* Rook.swift */ = {isa = PBXFileReference; lastKnownFileType = sourcecode.swift; path = Rook.swift; sourceTree = "<group>"; };
		96BDF9152C096C0C0032523E /* Pawn.swift */ = {isa = PBXFileReference; lastKnownFileType = sourcecode.swift; path = Pawn.swift; sourceTree = "<group>"; };
		96FAD35F2C4AAB1000470BE7 /* InfoHeaderTableViewCell.swift */ = {isa = PBXFileReference; lastKnownFileType = sourcecode.swift; path = InfoHeaderTableViewCell.swift; sourceTree = "<group>"; };
		96FAD3612C4AAB2000470BE7 /* InfoHeaderTableViewCell.xib */ = {isa = PBXFileReference; lastKnownFileType = file.xib; path = InfoHeaderTableViewCell.xib; sourceTree = "<group>"; };
		96FAD3632C4B628200470BE7 /* MoveEditHeaderTableViewCell.xib */ = {isa = PBXFileReference; lastKnownFileType = file.xib; path = MoveEditHeaderTableViewCell.xib; sourceTree = "<group>"; };
		96FAD3652C4B629700470BE7 /* MoveEditHeaderTableViewCell.swift */ = {isa = PBXFileReference; lastKnownFileType = sourcecode.swift; path = MoveEditHeaderTableViewCell.swift; sourceTree = "<group>"; };
		96FAD3672C4B99CD00470BE7 /* VoidEntity.swift */ = {isa = PBXFileReference; lastKnownFileType = sourcecode.swift; path = VoidEntity.swift; sourceTree = "<group>"; };
		96FAD36C2C4BF14F00470BE7 /* icon.svg */ = {isa = PBXFileReference; fileEncoding = 4; lastKnownFileType = text; path = icon.svg; sourceTree = "<group>"; };
		96FAD36D2C4BF14F00470BE7 /* icon.png */ = {isa = PBXFileReference; lastKnownFileType = image.png; path = icon.png; sourceTree = "<group>"; };
		96FAD37B2C4BF53C00470BE7 /* launch.png */ = {isa = PBXFileReference; lastKnownFileType = image.png; path = launch.png; sourceTree = "<group>"; };
		96FAD3802C4CF65400470BE7 /* capture.mp3 */ = {isa = PBXFileReference; lastKnownFileType = audio.mp3; path = capture.mp3; sourceTree = "<group>"; };
		96FAD3812C4CF65400470BE7 /* move.mp3 */ = {isa = PBXFileReference; lastKnownFileType = audio.mp3; path = move.mp3; sourceTree = "<group>"; };
		96FAD3842C4CF71F00470BE7 /* license.txt */ = {isa = PBXFileReference; lastKnownFileType = text; path = license.txt; sourceTree = "<group>"; };
		96FAD3862C4D394A00470BE7 /* check.png */ = {isa = PBXFileReference; lastKnownFileType = image.png; path = check.png; sourceTree = "<group>"; };
		96FAD3882C4E464300470BE7 /* AudioManager.swift */ = {isa = PBXFileReference; lastKnownFileType = sourcecode.swift; path = AudioManager.swift; sourceTree = "<group>"; };
		96FAD38C2C4FBBBF00470BE7 /* GoogleService-Info.plist */ = {isa = PBXFileReference; fileEncoding = 4; lastKnownFileType = text.plist.xml; path = "GoogleService-Info.plist"; sourceTree = "<group>"; };
/* End PBXFileReference section */

/* Begin PBXFileSystemSynchronizedRootGroup section */
		963BBCD02CC0ED3A007CD6CB /* Engine */ = {
			isa = PBXFileSystemSynchronizedRootGroup;
			path = Engine;
			sourceTree = "<group>";
		};
/* End PBXFileSystemSynchronizedRootGroup section */

/* Begin PBXFrameworksBuildPhase section */
		969604782BFF0A6D00BBFC6C /* Frameworks */ = {
			isa = PBXFrameworksBuildPhase;
			buildActionMask = 2147483647;
			files = (
				963BBCF62CC12995007CD6CB /* RxMoya in Frameworks */,
				963BBCDE2CC0F4B1007CD6CB /* FirebaseAnalytics in Frameworks */,
				963BBCE22CC0F4B1007CD6CB /* FirebaseCrashlytics in Frameworks */,
				963BBCEE2CC126DA007CD6CB /* CombineMoya in Frameworks */,
				963BBCE02CC0F4B1007CD6CB /* FirebaseCore in Frameworks */,
				960C9D1A2CC129C700A7C078 /* ReactiveMoya in Frameworks */,
				963BBCDB2CC0F39A007CD6CB /* RxMoya in Frameworks */,
				963BBCF42CC12995007CD6CB /* ReactiveMoya in Frameworks */,
				963BBCF22CC12995007CD6CB /* Moya in Frameworks */,
				960C9D182CC129C700A7C078 /* Moya in Frameworks */,
				963BBCE72CC0F4CA007CD6CB /* SkeletonView in Frameworks */,
				963BBCEC2CC0FA0D007CD6CB /* ReactiveMoya in Frameworks */,
				960C9D1C2CC129C700A7C078 /* RxMoya in Frameworks */,
				960C9D162CC129C700A7C078 /* CombineMoya in Frameworks */,
				963BBCE42CC0F4B1007CD6CB /* FirebaseRemoteConfig in Frameworks */,
				963BBCF02CC12995007CD6CB /* CombineMoya in Frameworks */,
				963BBCEA2CC0F870007CD6CB /* RxSwift in Frameworks */,
			);
			runOnlyForDeploymentPostprocessing = 0;
		};
/* End PBXFrameworksBuildPhase section */

/* Begin PBXGroup section */
		96073D912C325E6100DDF159 /* Scene */ = {
			isa = PBXGroup;
			children = (
				969604892BFF0A6E00BBFC6C /* LaunchScreen.storyboard */,
				96524D892C4A54CA00DD8A1D /* Main */,
				96524D8A2C4A54E500DD8A1D /* ChessBoardView */,
				96524D8B2C4A550200DD8A1D /* TabBar */,
				96524D8C2C4A551600DD8A1D /* Info */,
				96524D8D2C4A552800DD8A1D /* History */,
				96524D8E2C4A554F00DD8A1D /* InfoEdit */,
				961715EC2C5A6195007383FE /* WinRateChart */,
				960C9DE12CC2507700A7C078 /* EvalChart */,
			);
			path = Scene;
			sourceTree = "<group>";
		};
		960C9D302CC12C0500A7C078 /* scripts */ = {
			isa = PBXGroup;
			children = (
				960C9D2E2CC12C0500A7C078 /* get_native_properties.sh */,
				960C9D2F2CC12C0500A7C078 /* net.sh */,
			);
			path = scripts;
			sourceTree = "<group>";
		};
		960C9D332CC12C0500A7C078 /* incbin */ = {
			isa = PBXGroup;
			children = (
				960C9D312CC12C0500A7C078 /* incbin.h */,
				960C9D322CC12C0500A7C078 /* UNLICENCE */,
			);
			path = incbin;
			sourceTree = "<group>";
		};
		960C9D362CC12C0500A7C078 /* features */ = {
			isa = PBXGroup;
			children = (
				960C9D342CC12C0500A7C078 /* half_ka_v2_hm.h */,
				960C9D352CC12C0500A7C078 /* half_ka_v2_hm.cpp */,
			);
			path = features;
			sourceTree = "<group>";
		};
		960C9D3C2CC12C0500A7C078 /* layers */ = {
			isa = PBXGroup;
			children = (
				960C9D372CC12C0500A7C078 /* affine_transform.h */,
				960C9D382CC12C0500A7C078 /* affine_transform_sparse_input.h */,
				960C9D392CC12C0500A7C078 /* clipped_relu.h */,
				960C9D3A2CC12C0500A7C078 /* simd.h */,
				960C9D3B2CC12C0500A7C078 /* sqr_clipped_relu.h */,
			);
			path = layers;
			sourceTree = "<group>";
		};
		960C9D452CC12C0500A7C078 /* nnue */ = {
			isa = PBXGroup;
			children = (
				960C9D362CC12C0500A7C078 /* features */,
				960C9D3C2CC12C0500A7C078 /* layers */,
				960C9D3D2CC12C0500A7C078 /* network.h */,
				960C9D3E2CC12C0500A7C078 /* network.cpp */,
				960C9D3F2CC12C0500A7C078 /* nnue_accumulator.h */,
				960C9D402CC12C0500A7C078 /* nnue_architecture.h */,
				960C9D412CC12C0500A7C078 /* nnue_common.h */,
				960C9D422CC12C0500A7C078 /* nnue_feature_transformer.h */,
				960C9D432CC12C0500A7C078 /* nnue_misc.h */,
				960C9D442CC12C0500A7C078 /* nnue_misc.cpp */,
			);
			path = nnue;
			sourceTree = "<group>";
		};
		960C9D482CC12C0500A7C078 /* syzygy */ = {
			isa = PBXGroup;
			children = (
				960C9D462CC12C0500A7C078 /* tbprobe.h */,
				960C9D472CC12C0500A7C078 /* tbprobe.cpp */,
			);
			path = syzygy;
			sourceTree = "<group>";
		};
		960C9D742CC12C0500A7C078 /* src */ = {
			isa = PBXGroup;
			children = (
				960C9D332CC12C0500A7C078 /* incbin */,
				960C9D452CC12C0500A7C078 /* nnue */,
				960C9D482CC12C0500A7C078 /* syzygy */,
				960C9D492CC12C0500A7C078 /* benchmark.h */,
				960C9D4A2CC12C0500A7C078 /* benchmark.cpp */,
				960C9D4B2CC12C0500A7C078 /* bitboard.h */,
				960C9D4C2CC12C0500A7C078 /* bitboard.cpp */,
				960C9D4D2CC12C0500A7C078 /* engine.h */,
				960C9D4E2CC12C0500A7C078 /* engine.cpp */,
				960C9D4F2CC12C0500A7C078 /* evaluate.h */,
				960C9D502CC12C0500A7C078 /* evaluate.cpp */,
				960C9D512CC12C0500A7C078 /* main.cpp */,
				960C9D522CC12C0500A7C078 /* Makefile */,
				960C9D532CC12C0500A7C078 /* memory.h */,
				960C9D542CC12C0500A7C078 /* memory.cpp */,
				960C9D552CC12C0500A7C078 /* misc.h */,
				960C9D562CC12C0500A7C078 /* misc.cpp */,
				960C9D572CC12C0500A7C078 /* movegen.h */,
				960C9D582CC12C0500A7C078 /* movegen.cpp */,
				960C9D592CC12C0500A7C078 /* movepick.h */,
				960C9D5A2CC12C0500A7C078 /* movepick.cpp */,
				960C9D5B2CC12C0500A7C078 /* numa.h */,
				960C9D5C2CC12C0500A7C078 /* perft.h */,
				960C9D5D2CC12C0500A7C078 /* position.h */,
				960C9D5E2CC12C0500A7C078 /* position.cpp */,
				960C9D5F2CC12C0500A7C078 /* score.h */,
				960C9D602CC12C0500A7C078 /* score.cpp */,
				960C9D612CC12C0500A7C078 /* search.h */,
				960C9D622CC12C0500A7C078 /* search.cpp */,
				960C9D632CC12C0500A7C078 /* stockfish_bridging_header.h */,
				960C9D642CC12C0500A7C078 /* stockfish_wrapper.mm */,
				960C9D652CC12C0500A7C078 /* StockfishWrapper.h */,
				960C9D662CC12C0500A7C078 /* thread.h */,
				960C9D672CC12C0500A7C078 /* thread.cpp */,
				960C9D682CC12C0500A7C078 /* thread_win32_osx.h */,
				960C9D692CC12C0500A7C078 /* timeman.h */,
				960C9D6A2CC12C0500A7C078 /* timeman.cpp */,
				960C9D6B2CC12C0500A7C078 /* tt.h */,
				960C9D6C2CC12C0500A7C078 /* tt.cpp */,
				960C9D6D2CC12C0500A7C078 /* tune.h */,
				960C9D6E2CC12C0500A7C078 /* tune.cpp */,
				960C9D6F2CC12C0500A7C078 /* types.h */,
				960C9D702CC12C0500A7C078 /* uci.h */,
				960C9D712CC12C0500A7C078 /* uci.cpp */,
				960C9D722CC12C0500A7C078 /* ucioption.h */,
				960C9D732CC12C0500A7C078 /* ucioption.cpp */,
			);
			path = src;
			sourceTree = "<group>";
		};
		960C9D7A2CC12C0500A7C078 /* tests */ = {
			isa = PBXGroup;
			children = (
				960C9D752CC12C0500A7C078 /* instrumented.py */,
				960C9D762CC12C0500A7C078 /* perft.sh */,
				960C9D772CC12C0500A7C078 /* reprosearch.sh */,
				960C9D782CC12C0500A7C078 /* signature.sh */,
				960C9D792CC12C0500A7C078 /* testing.py */,
			);
			path = tests;
			sourceTree = "<group>";
		};
		960C9D822CC12C0500A7C078 /* Stockfish */ = {
			isa = PBXGroup;
			children = (
				960C9D302CC12C0500A7C078 /* scripts */,
				960C9D742CC12C0500A7C078 /* src */,
				960C9D7A2CC12C0500A7C078 /* tests */,
				960C9D7B2CC12C0500A7C078 /* .clang-format */,
				960C9D7C2CC12C0500A7C078 /* AUTHORS */,
				960C9D7D2CC12C0500A7C078 /* CITATION.cff */,
				960C9D7E2CC12C0500A7C078 /* CONTRIBUTING.md */,
				960C9D7F2CC12C0500A7C078 /* Copying.txt */,
				960C9D802CC12C0500A7C078 /* README.md */,
				960C9D812CC12C0500A7C078 /* Top CPU Contributors.txt */,
			);
			path = Stockfish;
			sourceTree = "<group>";
		};
		960C9DE12CC2507700A7C078 /* EvalChart */ = {
			isa = PBXGroup;
			children = (
				960C9DE32CC2509C00A7C078 /* EvalChartView.swift */,
			);
			path = EvalChart;
			sourceTree = "<group>";
		};
		96152D3D2C5768D900E821E3 /* Opening */ = {
			isa = PBXGroup;
			children = (
				96524D7B2C47939800DD8A1D /* Entity */,
				96524D7C2C4793A200DD8A1D /* Model */,
				96524D712C40EE8500DD8A1D /* OpeningCommonRestAPI.swift */,
				96524D752C410F5B00DD8A1D /* OpeningCommonRepository.swift */,
				96524D772C4651C400DD8A1D /* OpeningConfiguration.swift */,
			);
			path = Opening;
			sourceTree = "<group>";
		};
		96152D3E2C57693700E821E3 /* Lichess */ = {
			isa = PBXGroup;
			children = (
				96152D452C57788B00E821E3 /* Entity */,
				96152D502C58FF1100E821E3 /* Model */,
				96152D3F2C57699500E821E3 /* LichessCommonRestAPI.swift */,
				96152D412C5769CC00E821E3 /* LichessCommonRepository.swift */,
				96152D432C5769D900E821E3 /* LichessConfiguration.swift */,
			);
			path = Lichess;
			sourceTree = "<group>";
		};
		96152D452C57788B00E821E3 /* Entity */ = {
			isa = PBXGroup;
			children = (
				96152D472C5778AC00E821E3 /* LichessEntity.swift */,
			);
			path = Entity;
			sourceTree = "<group>";
		};
		96152D502C58FF1100E821E3 /* Model */ = {
			isa = PBXGroup;
			children = (
				96152D512C58FF2500E821E3 /* LichessModel.swift */,
			);
			path = Model;
			sourceTree = "<group>";
		};
		961715EC2C5A6195007383FE /* WinRateChart */ = {
			isa = PBXGroup;
			children = (
				961715ED2C5A61B0007383FE /* WinRateChartView.swift */,
			);
			path = WinRateChart;
			sourceTree = "<group>";
		};
		96524D702C40DCCC00DD8A1D /* Network */ = {
			isa = PBXGroup;
			children = (
				96152D4B2C57857000E821E3 /* IntegratedOpeningModel.swift */,
				96152D3D2C5768D900E821E3 /* Opening */,
				96152D3E2C57693700E821E3 /* Lichess */,
			);
			path = Network;
			sourceTree = "<group>";
		};
		96524D7B2C47939800DD8A1D /* Entity */ = {
			isa = PBXGroup;
			children = (
				96524D7D2C4794CD00DD8A1D /* OpeningEntity.swift */,
				96FAD3672C4B99CD00470BE7 /* VoidEntity.swift */,
			);
			path = Entity;
			sourceTree = "<group>";
		};
		96524D7C2C4793A200DD8A1D /* Model */ = {
			isa = PBXGroup;
			children = (
				96524D7F2C4798EE00DD8A1D /* OpeningModel.swift */,
				96152D4E2C58F42F00E821E3 /* OptionalOpeningModel.swift */,
			);
			path = Model;
			sourceTree = "<group>";
		};
		96524D892C4A54CA00DD8A1D /* Main */ = {
			isa = PBXGroup;
			children = (
				969604822BFF0A6D00BBFC6C /* MainViewController.swift */,
				969604842BFF0A6D00BBFC6C /* Main.storyboard */,
			);
			path = Main;
			sourceTree = "<group>";
		};
		96524D8A2C4A54E500DD8A1D /* ChessBoardView */ = {
			isa = PBXGroup;
			children = (
				969604AE2BFF0E6D00BBFC6C /* ChessBoardView.swift */,
			);
			path = ChessBoardView;
			sourceTree = "<group>";
		};
		96524D8B2C4A550200DD8A1D /* TabBar */ = {
			isa = PBXGroup;
			children = (
				961A11292C319DB3005E903C /* TabBarViewController.swift */,
				961A11252C319AF2005E903C /* TabBar.storyboard */,
			);
			path = TabBar;
			sourceTree = "<group>";
		};
		96524D8C2C4A551600DD8A1D /* Info */ = {
			isa = PBXGroup;
			children = (
				961A112F2C31A12B005E903C /* InfoViewController.swift */,
				961A112D2C31A119005E903C /* Info.storyboard */,
				96524D852C4944A200DD8A1D /* MoveTableViewCell.swift */,
				966356A52C2FCAA700158265 /* MoveTableViewCell.xib */,
				96FAD35F2C4AAB1000470BE7 /* InfoHeaderTableViewCell.swift */,
				96FAD3612C4AAB2000470BE7 /* InfoHeaderTableViewCell.xib */,
			);
			path = Info;
			sourceTree = "<group>";
		};
		96524D8D2C4A552800DD8A1D /* History */ = {
			isa = PBXGroup;
			children = (
				96BD86C62C31AC0100465C31 /* HistoryViewController.swift */,
				96BD86C82C31AC0E00465C31 /* History.storyboard */,
				96524D602C3E66B300DD8A1D /* HistoryCollectionViewCell.swift */,
				96524D622C3E670300DD8A1D /* HistoryCollectionViewCell.xib */,
			);
			path = History;
			sourceTree = "<group>";
		};
		96524D8E2C4A554F00DD8A1D /* InfoEdit */ = {
			isa = PBXGroup;
			children = (
				96073D942C32A13000DDF159 /* InfoEditViewController.swift */,
				96073D962C32A13F00DDF159 /* InfoEdit.storyboard */,
				96524D8F2C4A5E6C00DD8A1D /* MoveEditTableViewCell.swift */,
				966356A72C2FCAB600158265 /* MoveEditTableViewCell.xib */,
				96FAD3652C4B629700470BE7 /* MoveEditHeaderTableViewCell.swift */,
				96FAD3632C4B628200470BE7 /* MoveEditHeaderTableViewCell.xib */,
			);
			path = InfoEdit;
			sourceTree = "<group>";
		};
		969604722BFF0A6D00BBFC6C = {
			isa = PBXGroup;
			children = (
				960C9DB02CC139AE00A7C078 /* nn-37f18f62d772 2.nnue */,
				960C9DAB2CC12C6600A7C078 /* nn-1111cefa1111.nnue */,
				960C9D822CC12C0500A7C078 /* Stockfish */,
				9696047D2BFF0A6D00BBFC6C /* ChessOpening */,
				9696047C2BFF0A6D00BBFC6C /* Products */,
			);
			sourceTree = "<group>";
		};
		9696047C2BFF0A6D00BBFC6C /* Products */ = {
			isa = PBXGroup;
			children = (
				9696047B2BFF0A6D00BBFC6C /* ChessOpening.app */,
			);
			name = Products;
			sourceTree = "<group>";
		};
		9696047D2BFF0A6D00BBFC6C /* ChessOpening */ = {
			isa = PBXGroup;
			children = (
				963BBCD02CC0ED3A007CD6CB /* Engine */,
				96FAD38E2C4FCA9A00470BE7 /* Singleton */,
				96FAD37F2C4BFE9300470BE7 /* Extension */,
				96524D702C40DCCC00DD8A1D /* Network */,
				96073D912C325E6100DDF159 /* Scene */,
				96BDF9172C0972620032523E /* Game */,
				96FAD37D2C4BFE5300470BE7 /* res */,
				9696047E2BFF0A6D00BBFC6C /* AppDelegate.swift */,
				9696048C2BFF0A6E00BBFC6C /* Info.plist */,
				96FAD38C2C4FBBBF00470BE7 /* GoogleService-Info.plist */,
				96FAD3842C4CF71F00470BE7 /* license.txt */,
			);
			path = ChessOpening;
			sourceTree = "<group>";
		};
		96BDF9172C0972620032523E /* Game */ = {
			isa = PBXGroup;
			children = (
				969604B02BFF1D7400BBFC6C /* Engine.swift */,
				96BDF9092C096B310032523E /* Piece.swift */,
				96BDF9072C0968220032523E /* King.swift */,
				96BDF90D2C096B730032523E /* Queen.swift */,
				96BDF9132C096BDD0032523E /* Rook.swift */,
				96BDF90F2C096B7C0032523E /* Bishop.swift */,
				96BDF9112C096B850032523E /* Knight.swift */,
				96BDF9152C096C0C0032523E /* Pawn.swift */,
				96BDF90B2C096B5D0032523E /* Empty.swift */,
				96073DA22C3D4CEA00DDF159 /* Util.swift */,
			);
			path = Game;
			sourceTree = "<group>";
		};
		96FAD37D2C4BFE5300470BE7 /* res */ = {
			isa = PBXGroup;
			children = (
				969604872BFF0A6E00BBFC6C /* Assets.xcassets */,
				96FAD3802C4CF65400470BE7 /* capture.mp3 */,
				96FAD3812C4CF65400470BE7 /* move.mp3 */,
				96FAD37B2C4BF53C00470BE7 /* launch.png */,
				96FAD36D2C4BF14F00470BE7 /* icon.png */,
				96FAD3862C4D394A00470BE7 /* check.png */,
				96FAD36C2C4BF14F00470BE7 /* icon.svg */,
			);
			path = res;
			sourceTree = "<group>";
		};
		96FAD37F2C4BFE9300470BE7 /* Extension */ = {
			isa = PBXGroup;
			children = (
				96073D922C32A0FD00DDF159 /* UIViewController+Ext.swift */,
			);
			path = Extension;
			sourceTree = "<group>";
		};
		96FAD38E2C4FCA9A00470BE7 /* Singleton */ = {
			isa = PBXGroup;
			children = (
				96FAD3882C4E464300470BE7 /* AudioManager.swift */,
				96361ABD2C50E17B00815DE0 /* HapticManager.swift */,
			);
			path = Singleton;
			sourceTree = "<group>";
		};
/* End PBXGroup section */

/* Begin PBXNativeTarget section */
		9696047A2BFF0A6D00BBFC6C /* ChessOpening */ = {
			isa = PBXNativeTarget;
			buildConfigurationList = 969604A52BFF0A6E00BBFC6C /* Build configuration list for PBXNativeTarget "ChessOpening" */;
			buildPhases = (
				969604772BFF0A6D00BBFC6C /* Sources */,
				969604782BFF0A6D00BBFC6C /* Frameworks */,
				969604792BFF0A6D00BBFC6C /* Resources */,
			);
			buildRules = (
			);
			dependencies = (
			);
			fileSystemSynchronizedGroups = (
				963BBCD02CC0ED3A007CD6CB /* Engine */,
			);
			name = ChessOpening;
			productName = ChessOpening;
			productReference = 9696047B2BFF0A6D00BBFC6C /* ChessOpening.app */;
			productType = "com.apple.product-type.application";
		};
/* End PBXNativeTarget section */

/* Begin PBXProject section */
		969604732BFF0A6D00BBFC6C /* Project object */ = {
			isa = PBXProject;
			attributes = {
				BuildIndependentTargetsInParallel = 1;
				LastSwiftUpdateCheck = 1530;
				LastUpgradeCheck = 1600;
				TargetAttributes = {
					9696047A2BFF0A6D00BBFC6C = {
						CreatedOnToolsVersion = 15.3;
					};
				};
			};
			buildConfigurationList = 969604762BFF0A6D00BBFC6C /* Build configuration list for PBXProject "ChessOpening" */;
			developmentRegion = ko;
			hasScannedForEncodings = 0;
			knownRegions = (
				Base,
				ko,
			);
			mainGroup = 969604722BFF0A6D00BBFC6C;
			packageReferences = (
				963BBCDC2CC0F4B1007CD6CB /* XCRemoteSwiftPackageReference "firebase-ios-sdk" */,
				963BBCE52CC0F4CA007CD6CB /* XCRemoteSwiftPackageReference "SkeletonView" */,
				963BBCE82CC0F870007CD6CB /* XCRemoteSwiftPackageReference "RxSwift" */,
				960C9D142CC129C700A7C078 /* XCRemoteSwiftPackageReference "Moya" */,
			);
			preferredProjectObjectVersion = 77;
			productRefGroup = 9696047C2BFF0A6D00BBFC6C /* Products */;
			projectDirPath = "";
			projectRoot = "";
			targets = (
				9696047A2BFF0A6D00BBFC6C /* ChessOpening */,
			);
		};
/* End PBXProject section */

/* Begin PBXResourcesBuildPhase section */
		969604792BFF0A6D00BBFC6C /* Resources */ = {
			isa = PBXResourcesBuildPhase;
			buildActionMask = 2147483647;
			files = (
				960C9DB12CC139AE00A7C078 /* nn-37f18f62d772 2.nnue in Resources */,
				961A112E2C31A119005E903C /* Info.storyboard in Resources */,
				96524D632C3E670300DD8A1D /* HistoryCollectionViewCell.xib in Resources */,
				966356A62C2FCAA700158265 /* MoveTableViewCell.xib in Resources */,
				96073D972C32A13F00DDF159 /* InfoEdit.storyboard in Resources */,
				96BD86C92C31AC0E00465C31 /* History.storyboard in Resources */,
				966356A82C2FCAB600158265 /* MoveEditTableViewCell.xib in Resources */,
				961A11262C319AF2005E903C /* TabBar.storyboard in Resources */,
				96FAD3622C4AAB2000470BE7 /* InfoHeaderTableViewCell.xib in Resources */,
				96FAD37C2C4BF53C00470BE7 /* launch.png in Resources */,
				960C9D9B2CC12C0500A7C078 /* reprosearch.sh in Resources */,
				960C9D9C2CC12C0500A7C078 /* instrumented.py in Resources */,
				960C9D9D2CC12C0500A7C078 /* get_native_properties.sh in Resources */,
				960C9D9E2CC12C0500A7C078 /* perft.sh in Resources */,
				960C9D9F2CC12C0500A7C078 /* Copying.txt in Resources */,
				960C9DA02CC12C0500A7C078 /* UNLICENCE in Resources */,
				960C9DA12CC12C0500A7C078 /* Top CPU Contributors.txt in Resources */,
				960C9DA22CC12C0500A7C078 /* README.md in Resources */,
				960C9DA32CC12C0500A7C078 /* .clang-format in Resources */,
				960C9DAD2CC12C6600A7C078 /* nn-1111cefa1111.nnue in Resources */,
				960C9DA42CC12C0500A7C078 /* signature.sh in Resources */,
				960C9DA52CC12C0500A7C078 /* CONTRIBUTING.md in Resources */,
				960C9DA62CC12C0500A7C078 /* CITATION.cff in Resources */,
				960C9DA72CC12C0500A7C078 /* net.sh in Resources */,
				960C9DA82CC12C0500A7C078 /* AUTHORS in Resources */,
				960C9DA92CC12C0500A7C078 /* testing.py in Resources */,
				96FAD3872C4D394A00470BE7 /* check.png in Resources */,
				96FAD3822C4CF65400470BE7 /* capture.mp3 in Resources */,
				96FAD38D2C4FBBBF00470BE7 /* GoogleService-Info.plist in Resources */,
				96FAD3832C4CF65400470BE7 /* move.mp3 in Resources */,
				969604882BFF0A6E00BBFC6C /* Assets.xcassets in Resources */,
				96FAD3712C4BF14F00470BE7 /* icon.png in Resources */,
				96FAD3642C4B628200470BE7 /* MoveEditHeaderTableViewCell.xib in Resources */,
				96FAD3702C4BF14F00470BE7 /* icon.svg in Resources */,
				9696048B2BFF0A6E00BBFC6C /* Base in Resources */,
				969604862BFF0A6D00BBFC6C /* Base in Resources */,
			);
			runOnlyForDeploymentPostprocessing = 0;
		};
/* End PBXResourcesBuildPhase section */

/* Begin PBXSourcesBuildPhase section */
		969604772BFF0A6D00BBFC6C /* Sources */ = {
			isa = PBXSourcesBuildPhase;
			buildActionMask = 2147483647;
			files = (
				961715EE2C5A61B0007383FE /* WinRateChartView.swift in Sources */,
				960C9D832CC12C0500A7C078 /* evaluate.cpp in Sources */,
				960C9D842CC12C0500A7C078 /* thread.cpp in Sources */,
				960C9D852CC12C0500A7C078 /* half_ka_v2_hm.cpp in Sources */,
				960C9D862CC12C0500A7C078 /* engine.cpp in Sources */,
				960C9D872CC12C0500A7C078 /* tune.cpp in Sources */,
				960C9D882CC12C0500A7C078 /* main.cpp in Sources */,
				960C9D892CC12C0500A7C078 /* misc.cpp in Sources */,
				960C9D8A2CC12C0500A7C078 /* uci.cpp in Sources */,
				960C9D8B2CC12C0500A7C078 /* stockfish_wrapper.mm in Sources */,
				960C9D8C2CC12C0500A7C078 /* benchmark.cpp in Sources */,
				960C9D8D2CC12C0500A7C078 /* movegen.cpp in Sources */,
				960C9D8E2CC12C0500A7C078 /* timeman.cpp in Sources */,
				960C9D8F2CC12C0500A7C078 /* tbprobe.cpp in Sources */,
				960C9D902CC12C0500A7C078 /* search.cpp in Sources */,
				960C9D912CC12C0500A7C078 /* network.cpp in Sources */,
				960C9D922CC12C0500A7C078 /* tt.cpp in Sources */,
				960C9D932CC12C0500A7C078 /* memory.cpp in Sources */,
				960C9D942CC12C0500A7C078 /* nnue_misc.cpp in Sources */,
				960C9D952CC12C0500A7C078 /* position.cpp in Sources */,
				960C9D962CC12C0500A7C078 /* score.cpp in Sources */,
				960C9D972CC12C0500A7C078 /* Makefile in Sources */,
				960C9D982CC12C0500A7C078 /* bitboard.cpp in Sources */,
				960C9D992CC12C0500A7C078 /* movepick.cpp in Sources */,
				960C9D9A2CC12C0500A7C078 /* ucioption.cpp in Sources */,
				969604B12BFF1D7400BBFC6C /* Engine.swift in Sources */,
				96073DA32C3D4CEA00DDF159 /* Util.swift in Sources */,
				96361ABE2C50E17B00815DE0 /* HapticManager.swift in Sources */,
				96152D4C2C57857000E821E3 /* IntegratedOpeningModel.swift in Sources */,
				96FAD3682C4B99CD00470BE7 /* VoidEntity.swift in Sources */,
				96524D902C4A5E6C00DD8A1D /* MoveEditTableViewCell.swift in Sources */,
				969604832BFF0A6D00BBFC6C /* MainViewController.swift in Sources */,
				96152D482C5778AC00E821E3 /* LichessEntity.swift in Sources */,
				96073D952C32A13000DDF159 /* InfoEditViewController.swift in Sources */,
				96FAD3892C4E464300470BE7 /* AudioManager.swift in Sources */,
				96524D762C410F5B00DD8A1D /* OpeningCommonRepository.swift in Sources */,
				96073D932C32A0FD00DDF159 /* UIViewController+Ext.swift in Sources */,
				96BDF90A2C096B310032523E /* Piece.swift in Sources */,
				969604AF2BFF0E6D00BBFC6C /* ChessBoardView.swift in Sources */,
				961A11302C31A12B005E903C /* InfoViewController.swift in Sources */,
				96524D7E2C4794CD00DD8A1D /* OpeningEntity.swift in Sources */,
				96152D422C5769CC00E821E3 /* LichessCommonRepository.swift in Sources */,
				961A112A2C319DB3005E903C /* TabBarViewController.swift in Sources */,
				96524D862C4944A200DD8A1D /* MoveTableViewCell.swift in Sources */,
				960C9DE42CC2509C00A7C078 /* EvalChartView.swift in Sources */,
				96152D402C57699500E821E3 /* LichessCommonRestAPI.swift in Sources */,
				96152D442C5769D900E821E3 /* LichessConfiguration.swift in Sources */,
				96BDF9122C096B850032523E /* Knight.swift in Sources */,
				96524D612C3E66B300DD8A1D /* HistoryCollectionViewCell.swift in Sources */,
				96524D802C4798EE00DD8A1D /* OpeningModel.swift in Sources */,
				96524D722C40EE8500DD8A1D /* OpeningCommonRestAPI.swift in Sources */,
				96BD86C72C31AC0100465C31 /* HistoryViewController.swift in Sources */,
				96BDF90E2C096B730032523E /* Queen.swift in Sources */,
				96BDF9102C096B7C0032523E /* Bishop.swift in Sources */,
				96152D522C58FF2500E821E3 /* LichessModel.swift in Sources */,
				96FAD3602C4AAB1000470BE7 /* InfoHeaderTableViewCell.swift in Sources */,
				96BDF9162C096C0C0032523E /* Pawn.swift in Sources */,
				96152D4F2C58F42F00E821E3 /* OptionalOpeningModel.swift in Sources */,
				9696047F2BFF0A6D00BBFC6C /* AppDelegate.swift in Sources */,
				96BDF9142C096BDD0032523E /* Rook.swift in Sources */,
				96FAD3852C4CF72000470BE7 /* license.txt in Sources */,
				96524D782C4651C400DD8A1D /* OpeningConfiguration.swift in Sources */,
				96BDF90C2C096B5D0032523E /* Empty.swift in Sources */,
				96BDF9082C0968220032523E /* King.swift in Sources */,
				96FAD3662C4B629700470BE7 /* MoveEditHeaderTableViewCell.swift in Sources */,
			);
			runOnlyForDeploymentPostprocessing = 0;
		};
/* End PBXSourcesBuildPhase section */

/* Begin PBXVariantGroup section */
		969604842BFF0A6D00BBFC6C /* Main.storyboard */ = {
			isa = PBXVariantGroup;
			children = (
				969604852BFF0A6D00BBFC6C /* Base */,
				961715F02C649C58007383FE /* ko */,
			);
			name = Main.storyboard;
			sourceTree = "<group>";
		};
		969604892BFF0A6E00BBFC6C /* LaunchScreen.storyboard */ = {
			isa = PBXVariantGroup;
			children = (
				9696048A2BFF0A6E00BBFC6C /* Base */,
				961715EF2C649C58007383FE /* ko */,
			);
			name = LaunchScreen.storyboard;
			sourceTree = "<group>";
		};
/* End PBXVariantGroup section */

/* Begin XCBuildConfiguration section */
		969604A32BFF0A6E00BBFC6C /* Debug */ = {
			isa = XCBuildConfiguration;
			buildSettings = {
				ALWAYS_SEARCH_USER_PATHS = NO;
				ASSETCATALOG_COMPILER_GENERATE_SWIFT_ASSET_SYMBOL_EXTENSIONS = YES;
				CLANG_ANALYZER_LOCALIZABILITY_NONLOCALIZED = YES;
				CLANG_ANALYZER_NONNULL = YES;
				CLANG_ANALYZER_NUMBER_OBJECT_CONVERSION = YES_AGGRESSIVE;
				CLANG_CXX_LANGUAGE_STANDARD = "gnu++20";
				CLANG_ENABLE_MODULES = YES;
				CLANG_ENABLE_OBJC_ARC = YES;
				CLANG_ENABLE_OBJC_WEAK = YES;
				CLANG_WARN_BLOCK_CAPTURE_AUTORELEASING = YES;
				CLANG_WARN_BOOL_CONVERSION = YES;
				CLANG_WARN_COMMA = YES;
				CLANG_WARN_CONSTANT_CONVERSION = YES;
				CLANG_WARN_DEPRECATED_OBJC_IMPLEMENTATIONS = YES;
				CLANG_WARN_DIRECT_OBJC_ISA_USAGE = YES_ERROR;
				CLANG_WARN_DOCUMENTATION_COMMENTS = YES;
				CLANG_WARN_EMPTY_BODY = YES;
				CLANG_WARN_ENUM_CONVERSION = YES;
				CLANG_WARN_INFINITE_RECURSION = YES;
				CLANG_WARN_INT_CONVERSION = YES;
				CLANG_WARN_NON_LITERAL_NULL_CONVERSION = YES;
				CLANG_WARN_OBJC_IMPLICIT_RETAIN_SELF = YES;
				CLANG_WARN_OBJC_LITERAL_CONVERSION = YES;
				CLANG_WARN_OBJC_ROOT_CLASS = YES_ERROR;
				CLANG_WARN_QUOTED_INCLUDE_IN_FRAMEWORK_HEADER = YES;
				CLANG_WARN_RANGE_LOOP_ANALYSIS = YES;
				CLANG_WARN_STRICT_PROTOTYPES = YES;
				CLANG_WARN_SUSPICIOUS_MOVE = YES;
				CLANG_WARN_UNGUARDED_AVAILABILITY = YES_AGGRESSIVE;
				CLANG_WARN_UNREACHABLE_CODE = YES;
				CLANG_WARN__DUPLICATE_METHOD_MATCH = YES;
				COPY_PHASE_STRIP = NO;
				DEBUG_INFORMATION_FORMAT = dwarf;
				ENABLE_STRICT_OBJC_MSGSEND = YES;
				ENABLE_TESTABILITY = YES;
				ENABLE_USER_SCRIPT_SANDBOXING = YES;
				GCC_C_LANGUAGE_STANDARD = gnu17;
				GCC_DYNAMIC_NO_PIC = NO;
				GCC_NO_COMMON_BLOCKS = YES;
				GCC_OPTIMIZATION_LEVEL = 0;
				GCC_PREPROCESSOR_DEFINITIONS = (
					"DEBUG=1",
					"$(inherited)",
				);
				GCC_WARN_64_TO_32_BIT_CONVERSION = YES;
				GCC_WARN_ABOUT_RETURN_TYPE = YES_ERROR;
				GCC_WARN_UNDECLARED_SELECTOR = YES;
				GCC_WARN_UNINITIALIZED_AUTOS = YES_AGGRESSIVE;
				GCC_WARN_UNUSED_FUNCTION = YES;
				GCC_WARN_UNUSED_VARIABLE = YES;
				IPHONEOS_DEPLOYMENT_TARGET = 16.0;
				LOCALIZATION_PREFERS_STRING_CATALOGS = YES;
				MTL_ENABLE_DEBUG_INFO = INCLUDE_SOURCE;
				MTL_FAST_MATH = YES;
				ONLY_ACTIVE_ARCH = YES;
				SDKROOT = iphoneos;
				SWIFT_ACTIVE_COMPILATION_CONDITIONS = "DEBUG $(inherited)";
				SWIFT_OBJC_BRIDGING_HEADER = Stockfish/src/stockfish_bridging_header.h;
				SWIFT_OBJC_INTEROP_MODE = objcxx;
				SWIFT_OPTIMIZATION_LEVEL = "-Onone";
			};
			name = Debug;
		};
		969604A42BFF0A6E00BBFC6C /* Release */ = {
			isa = XCBuildConfiguration;
			buildSettings = {
				ALWAYS_SEARCH_USER_PATHS = NO;
				ASSETCATALOG_COMPILER_GENERATE_SWIFT_ASSET_SYMBOL_EXTENSIONS = YES;
				CLANG_ANALYZER_LOCALIZABILITY_NONLOCALIZED = YES;
				CLANG_ANALYZER_NONNULL = YES;
				CLANG_ANALYZER_NUMBER_OBJECT_CONVERSION = YES_AGGRESSIVE;
				CLANG_CXX_LANGUAGE_STANDARD = "gnu++20";
				CLANG_ENABLE_MODULES = YES;
				CLANG_ENABLE_OBJC_ARC = YES;
				CLANG_ENABLE_OBJC_WEAK = YES;
				CLANG_WARN_BLOCK_CAPTURE_AUTORELEASING = YES;
				CLANG_WARN_BOOL_CONVERSION = YES;
				CLANG_WARN_COMMA = YES;
				CLANG_WARN_CONSTANT_CONVERSION = YES;
				CLANG_WARN_DEPRECATED_OBJC_IMPLEMENTATIONS = YES;
				CLANG_WARN_DIRECT_OBJC_ISA_USAGE = YES_ERROR;
				CLANG_WARN_DOCUMENTATION_COMMENTS = YES;
				CLANG_WARN_EMPTY_BODY = YES;
				CLANG_WARN_ENUM_CONVERSION = YES;
				CLANG_WARN_INFINITE_RECURSION = YES;
				CLANG_WARN_INT_CONVERSION = YES;
				CLANG_WARN_NON_LITERAL_NULL_CONVERSION = YES;
				CLANG_WARN_OBJC_IMPLICIT_RETAIN_SELF = YES;
				CLANG_WARN_OBJC_LITERAL_CONVERSION = YES;
				CLANG_WARN_OBJC_ROOT_CLASS = YES_ERROR;
				CLANG_WARN_QUOTED_INCLUDE_IN_FRAMEWORK_HEADER = YES;
				CLANG_WARN_RANGE_LOOP_ANALYSIS = YES;
				CLANG_WARN_STRICT_PROTOTYPES = YES;
				CLANG_WARN_SUSPICIOUS_MOVE = YES;
				CLANG_WARN_UNGUARDED_AVAILABILITY = YES_AGGRESSIVE;
				CLANG_WARN_UNREACHABLE_CODE = YES;
				CLANG_WARN__DUPLICATE_METHOD_MATCH = YES;
				COPY_PHASE_STRIP = NO;
				DEBUG_INFORMATION_FORMAT = "dwarf-with-dsym";
				ENABLE_NS_ASSERTIONS = NO;
				ENABLE_STRICT_OBJC_MSGSEND = YES;
				ENABLE_USER_SCRIPT_SANDBOXING = YES;
				GCC_C_LANGUAGE_STANDARD = gnu17;
				GCC_NO_COMMON_BLOCKS = YES;
				GCC_WARN_64_TO_32_BIT_CONVERSION = YES;
				GCC_WARN_ABOUT_RETURN_TYPE = YES_ERROR;
				GCC_WARN_UNDECLARED_SELECTOR = YES;
				GCC_WARN_UNINITIALIZED_AUTOS = YES_AGGRESSIVE;
				GCC_WARN_UNUSED_FUNCTION = YES;
				GCC_WARN_UNUSED_VARIABLE = YES;
				IPHONEOS_DEPLOYMENT_TARGET = 16.0;
				LOCALIZATION_PREFERS_STRING_CATALOGS = YES;
				MTL_ENABLE_DEBUG_INFO = NO;
				MTL_FAST_MATH = YES;
				SDKROOT = iphoneos;
				SWIFT_COMPILATION_MODE = wholemodule;
				SWIFT_OBJC_BRIDGING_HEADER = Stockfish/src/stockfish_bridging_header.h;
				SWIFT_OBJC_INTEROP_MODE = objcxx;
				VALIDATE_PRODUCT = YES;
			};
			name = Release;
		};
		969604A62BFF0A6E00BBFC6C /* Debug */ = {
			isa = XCBuildConfiguration;
			buildSettings = {
				ASSETCATALOG_COMPILER_APPICON_NAME = AppIcon;
				ASSETCATALOG_COMPILER_GLOBAL_ACCENT_COLOR_NAME = AccentColor;
				CODE_SIGN_STYLE = Automatic;
				CURRENT_PROJECT_VERSION = 0;
				DEBUG_INFORMATION_FORMAT = "dwarf-with-dsym";
				DEVELOPMENT_TEAM = JU27F4BHH8;
				ENABLE_USER_SCRIPT_SANDBOXING = NO;
				GENERATE_INFOPLIST_FILE = YES;
				INFOPLIST_FILE = ChessOpening/Info.plist;
				INFOPLIST_KEY_CFBundleDisplayName = "체스 오프닝북";
				INFOPLIST_KEY_UIApplicationSupportsIndirectInputEvents = YES;
				INFOPLIST_KEY_UILaunchStoryboardName = LaunchScreen;
				INFOPLIST_KEY_UISupportedInterfaceOrientations = "UIInterfaceOrientationLandscapeLeft UIInterfaceOrientationLandscapeRight UIInterfaceOrientationPortrait UIInterfaceOrientationPortraitUpsideDown";
				LD_RUNPATH_SEARCH_PATHS = (
					"$(inherited)",
					"@executable_path/Frameworks",
				);
				MARKETING_VERSION = 1.00.06;
				PRODUCT_BUNDLE_IDENTIFIER = com.constant.chessopeningbook;
				PRODUCT_NAME = "$(TARGET_NAME)";
				SWIFT_EMIT_LOC_STRINGS = YES;
				SWIFT_OBJC_BRIDGING_HEADER = Stockfish/src/stockfish_bridging_header.h;
				SWIFT_OBJC_INTEROP_MODE = objcxx;
				SWIFT_VERSION = 5.0;
				TARGETED_DEVICE_FAMILY = "1,2";
			};
			name = Debug;
		};
		969604A72BFF0A6E00BBFC6C /* Release */ = {
			isa = XCBuildConfiguration;
			buildSettings = {
				ASSETCATALOG_COMPILER_APPICON_NAME = AppIcon;
				ASSETCATALOG_COMPILER_GLOBAL_ACCENT_COLOR_NAME = AccentColor;
				CODE_SIGN_STYLE = Automatic;
				CURRENT_PROJECT_VERSION = 0;
				DEVELOPMENT_TEAM = JU27F4BHH8;
				ENABLE_USER_SCRIPT_SANDBOXING = NO;
				GENERATE_INFOPLIST_FILE = YES;
				INFOPLIST_FILE = ChessOpening/Info.plist;
				INFOPLIST_KEY_CFBundleDisplayName = "체스 오프닝북";
				INFOPLIST_KEY_UIApplicationSupportsIndirectInputEvents = YES;
				INFOPLIST_KEY_UILaunchStoryboardName = LaunchScreen;
				INFOPLIST_KEY_UISupportedInterfaceOrientations = "UIInterfaceOrientationLandscapeLeft UIInterfaceOrientationLandscapeRight UIInterfaceOrientationPortrait UIInterfaceOrientationPortraitUpsideDown";
				LD_RUNPATH_SEARCH_PATHS = (
					"$(inherited)",
					"@executable_path/Frameworks",
				);
				MARKETING_VERSION = 1.00.06;
				PRODUCT_BUNDLE_IDENTIFIER = com.constant.chessopeningbook;
				PRODUCT_NAME = "$(TARGET_NAME)";
				SWIFT_EMIT_LOC_STRINGS = YES;
				SWIFT_OBJC_BRIDGING_HEADER = Stockfish/src/stockfish_bridging_header.h;
				SWIFT_OBJC_INTEROP_MODE = objcxx;
				SWIFT_VERSION = 5.0;
				TARGETED_DEVICE_FAMILY = "1,2";
			};
			name = Release;
		};
/* End XCBuildConfiguration section */

/* Begin XCConfigurationList section */
		969604762BFF0A6D00BBFC6C /* Build configuration list for PBXProject "ChessOpening" */ = {
			isa = XCConfigurationList;
			buildConfigurations = (
				969604A32BFF0A6E00BBFC6C /* Debug */,
				969604A42BFF0A6E00BBFC6C /* Release */,
			);
			defaultConfigurationIsVisible = 0;
			defaultConfigurationName = Release;
		};
		969604A52BFF0A6E00BBFC6C /* Build configuration list for PBXNativeTarget "ChessOpening" */ = {
			isa = XCConfigurationList;
			buildConfigurations = (
				969604A62BFF0A6E00BBFC6C /* Debug */,
				969604A72BFF0A6E00BBFC6C /* Release */,
			);
			defaultConfigurationIsVisible = 0;
			defaultConfigurationName = Release;
		};
/* End XCConfigurationList section */

/* Begin XCRemoteSwiftPackageReference section */
		960C9D142CC129C700A7C078 /* XCRemoteSwiftPackageReference "Moya" */ = {
			isa = XCRemoteSwiftPackageReference;
			repositoryURL = "https://github.com/Moya/Moya/";
			requirement = {
				kind = upToNextMajorVersion;
				minimumVersion = 15.0.3;
			};
		};
		963BBCD92CC0F39A007CD6CB /* XCRemoteSwiftPackageReference "Moya" */ = {
			isa = XCRemoteSwiftPackageReference;
			repositoryURL = "https://github.com/Moya/Moya/";
			requirement = {
				kind = upToNextMajorVersion;
				minimumVersion = 15.0.3;
			};
		};
		963BBCDC2CC0F4B1007CD6CB /* XCRemoteSwiftPackageReference "firebase-ios-sdk" */ = {
			isa = XCRemoteSwiftPackageReference;
			repositoryURL = "https://github.com/firebase/firebase-ios-sdk.git";
			requirement = {
				kind = upToNextMajorVersion;
				minimumVersion = 11.3.0;
			};
		};
		963BBCE52CC0F4CA007CD6CB /* XCRemoteSwiftPackageReference "SkeletonView" */ = {
			isa = XCRemoteSwiftPackageReference;
			repositoryURL = "https://github.com/Juanpe/SkeletonView";
			requirement = {
				kind = upToNextMajorVersion;
				minimumVersion = 1.31.0;
			};
		};
		963BBCE82CC0F870007CD6CB /* XCRemoteSwiftPackageReference "RxSwift" */ = {
			isa = XCRemoteSwiftPackageReference;
			repositoryURL = "https://github.com/ReactiveX/RxSwift";
			requirement = {
				kind = upToNextMajorVersion;
				minimumVersion = 6.8.0;
			};
		};
/* End XCRemoteSwiftPackageReference section */

/* Begin XCSwiftPackageProductDependency section */
		960C9D152CC129C700A7C078 /* CombineMoya */ = {
			isa = XCSwiftPackageProductDependency;
			package = 960C9D142CC129C700A7C078 /* XCRemoteSwiftPackageReference "Moya" */;
			productName = CombineMoya;
		};
		960C9D172CC129C700A7C078 /* Moya */ = {
			isa = XCSwiftPackageProductDependency;
			package = 960C9D142CC129C700A7C078 /* XCRemoteSwiftPackageReference "Moya" */;
			productName = Moya;
		};
		960C9D192CC129C700A7C078 /* ReactiveMoya */ = {
			isa = XCSwiftPackageProductDependency;
			package = 960C9D142CC129C700A7C078 /* XCRemoteSwiftPackageReference "Moya" */;
			productName = ReactiveMoya;
		};
		960C9D1B2CC129C700A7C078 /* RxMoya */ = {
			isa = XCSwiftPackageProductDependency;
			package = 960C9D142CC129C700A7C078 /* XCRemoteSwiftPackageReference "Moya" */;
			productName = RxMoya;
		};
		963BBCDA2CC0F39A007CD6CB /* RxMoya */ = {
			isa = XCSwiftPackageProductDependency;
			package = 963BBCD92CC0F39A007CD6CB /* XCRemoteSwiftPackageReference "Moya" */;
			productName = RxMoya;
		};
		963BBCDD2CC0F4B1007CD6CB /* FirebaseAnalytics */ = {
			isa = XCSwiftPackageProductDependency;
			package = 963BBCDC2CC0F4B1007CD6CB /* XCRemoteSwiftPackageReference "firebase-ios-sdk" */;
			productName = FirebaseAnalytics;
		};
		963BBCDF2CC0F4B1007CD6CB /* FirebaseCore */ = {
			isa = XCSwiftPackageProductDependency;
			package = 963BBCDC2CC0F4B1007CD6CB /* XCRemoteSwiftPackageReference "firebase-ios-sdk" */;
			productName = FirebaseCore;
		};
		963BBCE12CC0F4B1007CD6CB /* FirebaseCrashlytics */ = {
			isa = XCSwiftPackageProductDependency;
			package = 963BBCDC2CC0F4B1007CD6CB /* XCRemoteSwiftPackageReference "firebase-ios-sdk" */;
			productName = FirebaseCrashlytics;
		};
		963BBCE32CC0F4B1007CD6CB /* FirebaseRemoteConfig */ = {
			isa = XCSwiftPackageProductDependency;
			package = 963BBCDC2CC0F4B1007CD6CB /* XCRemoteSwiftPackageReference "firebase-ios-sdk" */;
			productName = FirebaseRemoteConfig;
		};
		963BBCE62CC0F4CA007CD6CB /* SkeletonView */ = {
			isa = XCSwiftPackageProductDependency;
			package = 963BBCE52CC0F4CA007CD6CB /* XCRemoteSwiftPackageReference "SkeletonView" */;
			productName = SkeletonView;
		};
		963BBCE92CC0F870007CD6CB /* RxSwift */ = {
			isa = XCSwiftPackageProductDependency;
			package = 963BBCE82CC0F870007CD6CB /* XCRemoteSwiftPackageReference "RxSwift" */;
			productName = RxSwift;
		};
		963BBCEB2CC0FA0D007CD6CB /* ReactiveMoya */ = {
			isa = XCSwiftPackageProductDependency;
			package = 963BBCD92CC0F39A007CD6CB /* XCRemoteSwiftPackageReference "Moya" */;
			productName = ReactiveMoya;
		};
		963BBCED2CC126DA007CD6CB /* CombineMoya */ = {
			isa = XCSwiftPackageProductDependency;
			package = 963BBCD92CC0F39A007CD6CB /* XCRemoteSwiftPackageReference "Moya" */;
			productName = CombineMoya;
		};
		963BBCEF2CC12995007CD6CB /* CombineMoya */ = {
			isa = XCSwiftPackageProductDependency;
			package = 963BBCD92CC0F39A007CD6CB /* XCRemoteSwiftPackageReference "Moya" */;
			productName = CombineMoya;
		};
		963BBCF12CC12995007CD6CB /* Moya */ = {
			isa = XCSwiftPackageProductDependency;
			package = 963BBCD92CC0F39A007CD6CB /* XCRemoteSwiftPackageReference "Moya" */;
			productName = Moya;
		};
		963BBCF32CC12995007CD6CB /* ReactiveMoya */ = {
			isa = XCSwiftPackageProductDependency;
			package = 963BBCD92CC0F39A007CD6CB /* XCRemoteSwiftPackageReference "Moya" */;
			productName = ReactiveMoya;
		};
		963BBCF52CC12995007CD6CB /* RxMoya */ = {
			isa = XCSwiftPackageProductDependency;
			package = 963BBCD92CC0F39A007CD6CB /* XCRemoteSwiftPackageReference "Moya" */;
			productName = RxMoya;
		};
/* End XCSwiftPackageProductDependency section */
	};
	rootObject = 969604732BFF0A6D00BBFC6C /* Project object */;
}
