// !$*UTF8*$!
{
	archiveVersion = 1;
	classes = {
	};
	objectVersion = 56;
	objects = {

/* Begin PBXBuildFile section */
		9696047F2BFF0A6D00BBFC6C /* AppDelegate.swift in Sources */ = {isa = PBXBuildFile; fileRef = 9696047E2BFF0A6D00BBFC6C /* AppDelegate.swift */; };
		969604832BFF0A6D00BBFC6C /* MainViewController.swift in Sources */ = {isa = PBXBuildFile; fileRef = 969604822BFF0A6D00BBFC6C /* MainViewController.swift */; };
		969604862BFF0A6D00BBFC6C /* Base in Resources */ = {isa = PBXBuildFile; fileRef = 969604852BFF0A6D00BBFC6C /* Base */; };
		969604882BFF0A6E00BBFC6C /* Assets.xcassets in Resources */ = {isa = PBXBuildFile; fileRef = 969604872BFF0A6E00BBFC6C /* Assets.xcassets */; };
		9696048B2BFF0A6E00BBFC6C /* Base in Resources */ = {isa = PBXBuildFile; fileRef = 9696048A2BFF0A6E00BBFC6C /* Base */; };
		969604962BFF0A6E00BBFC6C /* ChessOpeningTests.swift in Sources */ = {isa = PBXBuildFile; fileRef = 969604952BFF0A6E00BBFC6C /* ChessOpeningTests.swift */; };
		969604A02BFF0A6E00BBFC6C /* ChessOpeningUITests.swift in Sources */ = {isa = PBXBuildFile; fileRef = 9696049F2BFF0A6E00BBFC6C /* ChessOpeningUITests.swift */; };
		969604A22BFF0A6E00BBFC6C /* ChessOpeningUITestsLaunchTests.swift in Sources */ = {isa = PBXBuildFile; fileRef = 969604A12BFF0A6E00BBFC6C /* ChessOpeningUITestsLaunchTests.swift */; };
		969604AF2BFF0E6D00BBFC6C /* ChessBoardView.swift in Sources */ = {isa = PBXBuildFile; fileRef = 969604AE2BFF0E6D00BBFC6C /* ChessBoardView.swift */; };
		969604B12BFF1D7400BBFC6C /* Engine.swift in Sources */ = {isa = PBXBuildFile; fileRef = 969604B02BFF1D7400BBFC6C /* Engine.swift */; };
		96BDF9082C0968220032523E /* King.swift in Sources */ = {isa = PBXBuildFile; fileRef = 96BDF9072C0968220032523E /* King.swift */; };
		96BDF90A2C096B310032523E /* Piece.swift in Sources */ = {isa = PBXBuildFile; fileRef = 96BDF9092C096B310032523E /* Piece.swift */; };
		96BDF90C2C096B5D0032523E /* Empty.swift in Sources */ = {isa = PBXBuildFile; fileRef = 96BDF90B2C096B5D0032523E /* Empty.swift */; };
		96BDF90E2C096B730032523E /* Queen.swift in Sources */ = {isa = PBXBuildFile; fileRef = 96BDF90D2C096B730032523E /* Queen.swift */; };
		96BDF9102C096B7C0032523E /* Bishop.swift in Sources */ = {isa = PBXBuildFile; fileRef = 96BDF90F2C096B7C0032523E /* Bishop.swift */; };
		96BDF9122C096B850032523E /* Knight.swift in Sources */ = {isa = PBXBuildFile; fileRef = 96BDF9112C096B850032523E /* Knight.swift */; };
		96BDF9142C096BDD0032523E /* Rook.swift in Sources */ = {isa = PBXBuildFile; fileRef = 96BDF9132C096BDD0032523E /* Rook.swift */; };
		96BDF9162C096C0C0032523E /* Pawn.swift in Sources */ = {isa = PBXBuildFile; fileRef = 96BDF9152C096C0C0032523E /* Pawn.swift */; };
		96BDF91F2C0D73050032523E /* CustomTableViewCell.xib in Resources */ = {isa = PBXBuildFile; fileRef = 96BDF91E2C0D73050032523E /* CustomTableViewCell.xib */; };
		96BDF9212C22DB4D0032523E /* Global.swift in Sources */ = {isa = PBXBuildFile; fileRef = 96BDF9202C22DB4D0032523E /* Global.swift */; };
/* End PBXBuildFile section */

/* Begin PBXContainerItemProxy section */
		969604922BFF0A6E00BBFC6C /* PBXContainerItemProxy */ = {
			isa = PBXContainerItemProxy;
			containerPortal = 969604732BFF0A6D00BBFC6C /* Project object */;
			proxyType = 1;
			remoteGlobalIDString = 9696047A2BFF0A6D00BBFC6C;
			remoteInfo = ChessOpening;
		};
		9696049C2BFF0A6E00BBFC6C /* PBXContainerItemProxy */ = {
			isa = PBXContainerItemProxy;
			containerPortal = 969604732BFF0A6D00BBFC6C /* Project object */;
			proxyType = 1;
			remoteGlobalIDString = 9696047A2BFF0A6D00BBFC6C;
			remoteInfo = ChessOpening;
		};
/* End PBXContainerItemProxy section */

/* Begin PBXFileReference section */
		9696047B2BFF0A6D00BBFC6C /* ChessOpening.app */ = {isa = PBXFileReference; explicitFileType = wrapper.application; includeInIndex = 0; path = ChessOpening.app; sourceTree = BUILT_PRODUCTS_DIR; };
		9696047E2BFF0A6D00BBFC6C /* AppDelegate.swift */ = {isa = PBXFileReference; lastKnownFileType = sourcecode.swift; path = AppDelegate.swift; sourceTree = "<group>"; };
		969604822BFF0A6D00BBFC6C /* MainViewController.swift */ = {isa = PBXFileReference; lastKnownFileType = sourcecode.swift; path = MainViewController.swift; sourceTree = "<group>"; };
		969604852BFF0A6D00BBFC6C /* Base */ = {isa = PBXFileReference; lastKnownFileType = file.storyboard; name = Base; path = Base.lproj/Main.storyboard; sourceTree = "<group>"; };
		969604872BFF0A6E00BBFC6C /* Assets.xcassets */ = {isa = PBXFileReference; lastKnownFileType = folder.assetcatalog; path = Assets.xcassets; sourceTree = "<group>"; };
		9696048A2BFF0A6E00BBFC6C /* Base */ = {isa = PBXFileReference; lastKnownFileType = file.storyboard; name = Base; path = Base.lproj/LaunchScreen.storyboard; sourceTree = "<group>"; };
		9696048C2BFF0A6E00BBFC6C /* Info.plist */ = {isa = PBXFileReference; lastKnownFileType = text.plist.xml; path = Info.plist; sourceTree = "<group>"; };
		969604912BFF0A6E00BBFC6C /* ChessOpeningTests.xctest */ = {isa = PBXFileReference; explicitFileType = wrapper.cfbundle; includeInIndex = 0; path = ChessOpeningTests.xctest; sourceTree = BUILT_PRODUCTS_DIR; };
		969604952BFF0A6E00BBFC6C /* ChessOpeningTests.swift */ = {isa = PBXFileReference; lastKnownFileType = sourcecode.swift; path = ChessOpeningTests.swift; sourceTree = "<group>"; };
		9696049B2BFF0A6E00BBFC6C /* ChessOpeningUITests.xctest */ = {isa = PBXFileReference; explicitFileType = wrapper.cfbundle; includeInIndex = 0; path = ChessOpeningUITests.xctest; sourceTree = BUILT_PRODUCTS_DIR; };
		9696049F2BFF0A6E00BBFC6C /* ChessOpeningUITests.swift */ = {isa = PBXFileReference; lastKnownFileType = sourcecode.swift; path = ChessOpeningUITests.swift; sourceTree = "<group>"; };
		969604A12BFF0A6E00BBFC6C /* ChessOpeningUITestsLaunchTests.swift */ = {isa = PBXFileReference; lastKnownFileType = sourcecode.swift; path = ChessOpeningUITestsLaunchTests.swift; sourceTree = "<group>"; };
		969604AE2BFF0E6D00BBFC6C /* ChessBoardView.swift */ = {isa = PBXFileReference; lastKnownFileType = sourcecode.swift; path = ChessBoardView.swift; sourceTree = "<group>"; };
		969604B02BFF1D7400BBFC6C /* Engine.swift */ = {isa = PBXFileReference; lastKnownFileType = sourcecode.swift; path = Engine.swift; sourceTree = "<group>"; };
		96BDF9072C0968220032523E /* King.swift */ = {isa = PBXFileReference; lastKnownFileType = sourcecode.swift; path = King.swift; sourceTree = "<group>"; };
		96BDF9092C096B310032523E /* Piece.swift */ = {isa = PBXFileReference; lastKnownFileType = sourcecode.swift; path = Piece.swift; sourceTree = "<group>"; };
		96BDF90B2C096B5D0032523E /* Empty.swift */ = {isa = PBXFileReference; lastKnownFileType = sourcecode.swift; path = Empty.swift; sourceTree = "<group>"; };
		96BDF90D2C096B730032523E /* Queen.swift */ = {isa = PBXFileReference; lastKnownFileType = sourcecode.swift; path = Queen.swift; sourceTree = "<group>"; };
		96BDF90F2C096B7C0032523E /* Bishop.swift */ = {isa = PBXFileReference; lastKnownFileType = sourcecode.swift; path = Bishop.swift; sourceTree = "<group>"; };
		96BDF9112C096B850032523E /* Knight.swift */ = {isa = PBXFileReference; lastKnownFileType = sourcecode.swift; path = Knight.swift; sourceTree = "<group>"; };
		96BDF9132C096BDD0032523E /* Rook.swift */ = {isa = PBXFileReference; lastKnownFileType = sourcecode.swift; path = Rook.swift; sourceTree = "<group>"; };
		96BDF9152C096C0C0032523E /* Pawn.swift */ = {isa = PBXFileReference; lastKnownFileType = sourcecode.swift; path = Pawn.swift; sourceTree = "<group>"; };
		96BDF91E2C0D73050032523E /* CustomTableViewCell.xib */ = {isa = PBXFileReference; lastKnownFileType = file.xib; path = CustomTableViewCell.xib; sourceTree = "<group>"; };
		96BDF9202C22DB4D0032523E /* Global.swift */ = {isa = PBXFileReference; lastKnownFileType = sourcecode.swift; path = Global.swift; sourceTree = "<group>"; };
/* End PBXFileReference section */

/* Begin PBXFrameworksBuildPhase section */
		969604782BFF0A6D00BBFC6C /* Frameworks */ = {
			isa = PBXFrameworksBuildPhase;
			buildActionMask = 2147483647;
			files = (
			);
			runOnlyForDeploymentPostprocessing = 0;
		};
		9696048E2BFF0A6E00BBFC6C /* Frameworks */ = {
			isa = PBXFrameworksBuildPhase;
			buildActionMask = 2147483647;
			files = (
			);
			runOnlyForDeploymentPostprocessing = 0;
		};
		969604982BFF0A6E00BBFC6C /* Frameworks */ = {
			isa = PBXFrameworksBuildPhase;
			buildActionMask = 2147483647;
			files = (
			);
			runOnlyForDeploymentPostprocessing = 0;
		};
/* End PBXFrameworksBuildPhase section */

/* Begin PBXGroup section */
		969604722BFF0A6D00BBFC6C = {
			isa = PBXGroup;
			children = (
				9696047D2BFF0A6D00BBFC6C /* ChessOpening */,
				969604942BFF0A6E00BBFC6C /* ChessOpeningTests */,
				9696049E2BFF0A6E00BBFC6C /* ChessOpeningUITests */,
				9696047C2BFF0A6D00BBFC6C /* Products */,
			);
			sourceTree = "<group>";
		};
		9696047C2BFF0A6D00BBFC6C /* Products */ = {
			isa = PBXGroup;
			children = (
				9696047B2BFF0A6D00BBFC6C /* ChessOpening.app */,
				969604912BFF0A6E00BBFC6C /* ChessOpeningTests.xctest */,
				9696049B2BFF0A6E00BBFC6C /* ChessOpeningUITests.xctest */,
			);
			name = Products;
			sourceTree = "<group>";
		};
		9696047D2BFF0A6D00BBFC6C /* ChessOpening */ = {
			isa = PBXGroup;
			children = (
				96BDF9172C0972620032523E /* Game */,
				9696047E2BFF0A6D00BBFC6C /* AppDelegate.swift */,
				969604822BFF0A6D00BBFC6C /* MainViewController.swift */,
				969604842BFF0A6D00BBFC6C /* Main.storyboard */,
				969604872BFF0A6E00BBFC6C /* Assets.xcassets */,
				969604892BFF0A6E00BBFC6C /* LaunchScreen.storyboard */,
				9696048C2BFF0A6E00BBFC6C /* Info.plist */,
				969604AE2BFF0E6D00BBFC6C /* ChessBoardView.swift */,
				96BDF91E2C0D73050032523E /* CustomTableViewCell.xib */,
				96BDF9202C22DB4D0032523E /* Global.swift */,
			);
			path = ChessOpening;
			sourceTree = "<group>";
		};
		969604942BFF0A6E00BBFC6C /* ChessOpeningTests */ = {
			isa = PBXGroup;
			children = (
				969604952BFF0A6E00BBFC6C /* ChessOpeningTests.swift */,
			);
			path = ChessOpeningTests;
			sourceTree = "<group>";
		};
		9696049E2BFF0A6E00BBFC6C /* ChessOpeningUITests */ = {
			isa = PBXGroup;
			children = (
				9696049F2BFF0A6E00BBFC6C /* ChessOpeningUITests.swift */,
				969604A12BFF0A6E00BBFC6C /* ChessOpeningUITestsLaunchTests.swift */,
			);
			path = ChessOpeningUITests;
			sourceTree = "<group>";
		};
		96BDF9172C0972620032523E /* Game */ = {
			isa = PBXGroup;
			children = (
				969604B02BFF1D7400BBFC6C /* Engine.swift */,
				96BDF9092C096B310032523E /* Piece.swift */,
				96BDF9072C0968220032523E /* King.swift */,
				96BDF90D2C096B730032523E /* Queen.swift */,
				96BDF9132C096BDD0032523E /* Rook.swift */,
				96BDF90F2C096B7C0032523E /* Bishop.swift */,
				96BDF9112C096B850032523E /* Knight.swift */,
				96BDF9152C096C0C0032523E /* Pawn.swift */,
				96BDF90B2C096B5D0032523E /* Empty.swift */,
			);
			path = Game;
			sourceTree = "<group>";
		};
/* End PBXGroup section */

/* Begin PBXNativeTarget section */
		9696047A2BFF0A6D00BBFC6C /* ChessOpening */ = {
			isa = PBXNativeTarget;
			buildConfigurationList = 969604A52BFF0A6E00BBFC6C /* Build configuration list for PBXNativeTarget "ChessOpening" */;
			buildPhases = (
				969604772BFF0A6D00BBFC6C /* Sources */,
				969604782BFF0A6D00BBFC6C /* Frameworks */,
				969604792BFF0A6D00BBFC6C /* Resources */,
			);
			buildRules = (
			);
			dependencies = (
			);
			name = ChessOpening;
			productName = ChessOpening;
			productReference = 9696047B2BFF0A6D00BBFC6C /* ChessOpening.app */;
			productType = "com.apple.product-type.application";
		};
		969604902BFF0A6E00BBFC6C /* ChessOpeningTests */ = {
			isa = PBXNativeTarget;
			buildConfigurationList = 969604A82BFF0A6E00BBFC6C /* Build configuration list for PBXNativeTarget "ChessOpeningTests" */;
			buildPhases = (
				9696048D2BFF0A6E00BBFC6C /* Sources */,
				9696048E2BFF0A6E00BBFC6C /* Frameworks */,
				9696048F2BFF0A6E00BBFC6C /* Resources */,
			);
			buildRules = (
			);
			dependencies = (
				969604932BFF0A6E00BBFC6C /* PBXTargetDependency */,
			);
			name = ChessOpeningTests;
			productName = ChessOpeningTests;
			productReference = 969604912BFF0A6E00BBFC6C /* ChessOpeningTests.xctest */;
			productType = "com.apple.product-type.bundle.unit-test";
		};
		9696049A2BFF0A6E00BBFC6C /* ChessOpeningUITests */ = {
			isa = PBXNativeTarget;
			buildConfigurationList = 969604AB2BFF0A6E00BBFC6C /* Build configuration list for PBXNativeTarget "ChessOpeningUITests" */;
			buildPhases = (
				969604972BFF0A6E00BBFC6C /* Sources */,
				969604982BFF0A6E00BBFC6C /* Frameworks */,
				969604992BFF0A6E00BBFC6C /* Resources */,
			);
			buildRules = (
			);
			dependencies = (
				9696049D2BFF0A6E00BBFC6C /* PBXTargetDependency */,
			);
			name = ChessOpeningUITests;
			productName = ChessOpeningUITests;
			productReference = 9696049B2BFF0A6E00BBFC6C /* ChessOpeningUITests.xctest */;
			productType = "com.apple.product-type.bundle.ui-testing";
		};
/* End PBXNativeTarget section */

/* Begin PBXProject section */
		969604732BFF0A6D00BBFC6C /* Project object */ = {
			isa = PBXProject;
			attributes = {
				BuildIndependentTargetsInParallel = 1;
				LastSwiftUpdateCheck = 1530;
				LastUpgradeCheck = 1530;
				TargetAttributes = {
					9696047A2BFF0A6D00BBFC6C = {
						CreatedOnToolsVersion = 15.3;
					};
					969604902BFF0A6E00BBFC6C = {
						CreatedOnToolsVersion = 15.3;
						TestTargetID = 9696047A2BFF0A6D00BBFC6C;
					};
					9696049A2BFF0A6E00BBFC6C = {
						CreatedOnToolsVersion = 15.3;
						TestTargetID = 9696047A2BFF0A6D00BBFC6C;
					};
				};
			};
			buildConfigurationList = 969604762BFF0A6D00BBFC6C /* Build configuration list for PBXProject "ChessOpening" */;
			compatibilityVersion = "Xcode 14.0";
			developmentRegion = en;
			hasScannedForEncodings = 0;
			knownRegions = (
				en,
				Base,
			);
			mainGroup = 969604722BFF0A6D00BBFC6C;
			productRefGroup = 9696047C2BFF0A6D00BBFC6C /* Products */;
			projectDirPath = "";
			projectRoot = "";
			targets = (
				9696047A2BFF0A6D00BBFC6C /* ChessOpening */,
				969604902BFF0A6E00BBFC6C /* ChessOpeningTests */,
				9696049A2BFF0A6E00BBFC6C /* ChessOpeningUITests */,
			);
		};
/* End PBXProject section */

/* Begin PBXResourcesBuildPhase section */
		969604792BFF0A6D00BBFC6C /* Resources */ = {
			isa = PBXResourcesBuildPhase;
			buildActionMask = 2147483647;
			files = (
				969604882BFF0A6E00BBFC6C /* Assets.xcassets in Resources */,
				9696048B2BFF0A6E00BBFC6C /* Base in Resources */,
				96BDF91F2C0D73050032523E /* CustomTableViewCell.xib in Resources */,
				969604862BFF0A6D00BBFC6C /* Base in Resources */,
			);
			runOnlyForDeploymentPostprocessing = 0;
		};
		9696048F2BFF0A6E00BBFC6C /* Resources */ = {
			isa = PBXResourcesBuildPhase;
			buildActionMask = 2147483647;
			files = (
			);
			runOnlyForDeploymentPostprocessing = 0;
		};
		969604992BFF0A6E00BBFC6C /* Resources */ = {
			isa = PBXResourcesBuildPhase;
			buildActionMask = 2147483647;
			files = (
			);
			runOnlyForDeploymentPostprocessing = 0;
		};
/* End PBXResourcesBuildPhase section */

/* Begin PBXSourcesBuildPhase section */
		969604772BFF0A6D00BBFC6C /* Sources */ = {
			isa = PBXSourcesBuildPhase;
			buildActionMask = 2147483647;
			files = (
				969604B12BFF1D7400BBFC6C /* Engine.swift in Sources */,
				969604832BFF0A6D00BBFC6C /* MainViewController.swift in Sources */,
				96BDF90A2C096B310032523E /* Piece.swift in Sources */,
				969604AF2BFF0E6D00BBFC6C /* ChessBoardView.swift in Sources */,
				96BDF9122C096B850032523E /* Knight.swift in Sources */,
				96BDF90E2C096B730032523E /* Queen.swift in Sources */,
				96BDF9102C096B7C0032523E /* Bishop.swift in Sources */,
				96BDF9162C096C0C0032523E /* Pawn.swift in Sources */,
				9696047F2BFF0A6D00BBFC6C /* AppDelegate.swift in Sources */,
				96BDF9142C096BDD0032523E /* Rook.swift in Sources */,
				96BDF9212C22DB4D0032523E /* Global.swift in Sources */,
				96BDF90C2C096B5D0032523E /* Empty.swift in Sources */,
				96BDF9082C0968220032523E /* King.swift in Sources */,
			);
			runOnlyForDeploymentPostprocessing = 0;
		};
		9696048D2BFF0A6E00BBFC6C /* Sources */ = {
			isa = PBXSourcesBuildPhase;
			buildActionMask = 2147483647;
			files = (
				969604962BFF0A6E00BBFC6C /* ChessOpeningTests.swift in Sources */,
			);
			runOnlyForDeploymentPostprocessing = 0;
		};
		969604972BFF0A6E00BBFC6C /* Sources */ = {
			isa = PBXSourcesBuildPhase;
			buildActionMask = 2147483647;
			files = (
				969604A22BFF0A6E00BBFC6C /* ChessOpeningUITestsLaunchTests.swift in Sources */,
				969604A02BFF0A6E00BBFC6C /* ChessOpeningUITests.swift in Sources */,
			);
			runOnlyForDeploymentPostprocessing = 0;
		};
/* End PBXSourcesBuildPhase section */

/* Begin PBXTargetDependency section */
		969604932BFF0A6E00BBFC6C /* PBXTargetDependency */ = {
			isa = PBXTargetDependency;
			target = 9696047A2BFF0A6D00BBFC6C /* ChessOpening */;
			targetProxy = 969604922BFF0A6E00BBFC6C /* PBXContainerItemProxy */;
		};
		9696049D2BFF0A6E00BBFC6C /* PBXTargetDependency */ = {
			isa = PBXTargetDependency;
			target = 9696047A2BFF0A6D00BBFC6C /* ChessOpening */;
			targetProxy = 9696049C2BFF0A6E00BBFC6C /* PBXContainerItemProxy */;
		};
/* End PBXTargetDependency section */

/* Begin PBXVariantGroup section */
		969604842BFF0A6D00BBFC6C /* Main.storyboard */ = {
			isa = PBXVariantGroup;
			children = (
				969604852BFF0A6D00BBFC6C /* Base */,
			);
			name = Main.storyboard;
			sourceTree = "<group>";
		};
		969604892BFF0A6E00BBFC6C /* LaunchScreen.storyboard */ = {
			isa = PBXVariantGroup;
			children = (
				9696048A2BFF0A6E00BBFC6C /* Base */,
			);
			name = LaunchScreen.storyboard;
			sourceTree = "<group>";
		};
/* End PBXVariantGroup section */

/* Begin XCBuildConfiguration section */
		969604A32BFF0A6E00BBFC6C /* Debug */ = {
			isa = XCBuildConfiguration;
			buildSettings = {
				ALWAYS_SEARCH_USER_PATHS = NO;
				ASSETCATALOG_COMPILER_GENERATE_SWIFT_ASSET_SYMBOL_EXTENSIONS = YES;
				CLANG_ANALYZER_NONNULL = YES;
				CLANG_ANALYZER_NUMBER_OBJECT_CONVERSION = YES_AGGRESSIVE;
				CLANG_CXX_LANGUAGE_STANDARD = "gnu++20";
				CLANG_ENABLE_MODULES = YES;
				CLANG_ENABLE_OBJC_ARC = YES;
				CLANG_ENABLE_OBJC_WEAK = YES;
				CLANG_WARN_BLOCK_CAPTURE_AUTORELEASING = YES;
				CLANG_WARN_BOOL_CONVERSION = YES;
				CLANG_WARN_COMMA = YES;
				CLANG_WARN_CONSTANT_CONVERSION = YES;
				CLANG_WARN_DEPRECATED_OBJC_IMPLEMENTATIONS = YES;
				CLANG_WARN_DIRECT_OBJC_ISA_USAGE = YES_ERROR;
				CLANG_WARN_DOCUMENTATION_COMMENTS = YES;
				CLANG_WARN_EMPTY_BODY = YES;
				CLANG_WARN_ENUM_CONVERSION = YES;
				CLANG_WARN_INFINITE_RECURSION = YES;
				CLANG_WARN_INT_CONVERSION = YES;
				CLANG_WARN_NON_LITERAL_NULL_CONVERSION = YES;
				CLANG_WARN_OBJC_IMPLICIT_RETAIN_SELF = YES;
				CLANG_WARN_OBJC_LITERAL_CONVERSION = YES;
				CLANG_WARN_OBJC_ROOT_CLASS = YES_ERROR;
				CLANG_WARN_QUOTED_INCLUDE_IN_FRAMEWORK_HEADER = YES;
				CLANG_WARN_RANGE_LOOP_ANALYSIS = YES;
				CLANG_WARN_STRICT_PROTOTYPES = YES;
				CLANG_WARN_SUSPICIOUS_MOVE = YES;
				CLANG_WARN_UNGUARDED_AVAILABILITY = YES_AGGRESSIVE;
				CLANG_WARN_UNREACHABLE_CODE = YES;
				CLANG_WARN__DUPLICATE_METHOD_MATCH = YES;
				COPY_PHASE_STRIP = NO;
				DEBUG_INFORMATION_FORMAT = dwarf;
				ENABLE_STRICT_OBJC_MSGSEND = YES;
				ENABLE_TESTABILITY = YES;
				ENABLE_USER_SCRIPT_SANDBOXING = YES;
				GCC_C_LANGUAGE_STANDARD = gnu17;
				GCC_DYNAMIC_NO_PIC = NO;
				GCC_NO_COMMON_BLOCKS = YES;
				GCC_OPTIMIZATION_LEVEL = 0;
				GCC_PREPROCESSOR_DEFINITIONS = (
					"DEBUG=1",
					"$(inherited)",
				);
				GCC_WARN_64_TO_32_BIT_CONVERSION = YES;
				GCC_WARN_ABOUT_RETURN_TYPE = YES_ERROR;
				GCC_WARN_UNDECLARED_SELECTOR = YES;
				GCC_WARN_UNINITIALIZED_AUTOS = YES_AGGRESSIVE;
				GCC_WARN_UNUSED_FUNCTION = YES;
				GCC_WARN_UNUSED_VARIABLE = YES;
				IPHONEOS_DEPLOYMENT_TARGET = 17.4;
				LOCALIZATION_PREFERS_STRING_CATALOGS = YES;
				MTL_ENABLE_DEBUG_INFO = INCLUDE_SOURCE;
				MTL_FAST_MATH = YES;
				ONLY_ACTIVE_ARCH = YES;
				SDKROOT = iphoneos;
				SWIFT_ACTIVE_COMPILATION_CONDITIONS = "DEBUG $(inherited)";
				SWIFT_OPTIMIZATION_LEVEL = "-Onone";
			};
			name = Debug;
		};
		969604A42BFF0A6E00BBFC6C /* Release */ = {
			isa = XCBuildConfiguration;
			buildSettings = {
				ALWAYS_SEARCH_USER_PATHS = NO;
				ASSETCATALOG_COMPILER_GENERATE_SWIFT_ASSET_SYMBOL_EXTENSIONS = YES;
				CLANG_ANALYZER_NONNULL = YES;
				CLANG_ANALYZER_NUMBER_OBJECT_CONVERSION = YES_AGGRESSIVE;
				CLANG_CXX_LANGUAGE_STANDARD = "gnu++20";
				CLANG_ENABLE_MODULES = YES;
				CLANG_ENABLE_OBJC_ARC = YES;
				CLANG_ENABLE_OBJC_WEAK = YES;
				CLANG_WARN_BLOCK_CAPTURE_AUTORELEASING = YES;
				CLANG_WARN_BOOL_CONVERSION = YES;
				CLANG_WARN_COMMA = YES;
				CLANG_WARN_CONSTANT_CONVERSION = YES;
				CLANG_WARN_DEPRECATED_OBJC_IMPLEMENTATIONS = YES;
				CLANG_WARN_DIRECT_OBJC_ISA_USAGE = YES_ERROR;
				CLANG_WARN_DOCUMENTATION_COMMENTS = YES;
				CLANG_WARN_EMPTY_BODY = YES;
				CLANG_WARN_ENUM_CONVERSION = YES;
				CLANG_WARN_INFINITE_RECURSION = YES;
				CLANG_WARN_INT_CONVERSION = YES;
				CLANG_WARN_NON_LITERAL_NULL_CONVERSION = YES;
				CLANG_WARN_OBJC_IMPLICIT_RETAIN_SELF = YES;
				CLANG_WARN_OBJC_LITERAL_CONVERSION = YES;
				CLANG_WARN_OBJC_ROOT_CLASS = YES_ERROR;
				CLANG_WARN_QUOTED_INCLUDE_IN_FRAMEWORK_HEADER = YES;
				CLANG_WARN_RANGE_LOOP_ANALYSIS = YES;
				CLANG_WARN_STRICT_PROTOTYPES = YES;
				CLANG_WARN_SUSPICIOUS_MOVE = YES;
				CLANG_WARN_UNGUARDED_AVAILABILITY = YES_AGGRESSIVE;
				CLANG_WARN_UNREACHABLE_CODE = YES;
				CLANG_WARN__DUPLICATE_METHOD_MATCH = YES;
				COPY_PHASE_STRIP = NO;
				DEBUG_INFORMATION_FORMAT = "dwarf-with-dsym";
				ENABLE_NS_ASSERTIONS = NO;
				ENABLE_STRICT_OBJC_MSGSEND = YES;
				ENABLE_USER_SCRIPT_SANDBOXING = YES;
				GCC_C_LANGUAGE_STANDARD = gnu17;
				GCC_NO_COMMON_BLOCKS = YES;
				GCC_WARN_64_TO_32_BIT_CONVERSION = YES;
				GCC_WARN_ABOUT_RETURN_TYPE = YES_ERROR;
				GCC_WARN_UNDECLARED_SELECTOR = YES;
				GCC_WARN_UNINITIALIZED_AUTOS = YES_AGGRESSIVE;
				GCC_WARN_UNUSED_FUNCTION = YES;
				GCC_WARN_UNUSED_VARIABLE = YES;
				IPHONEOS_DEPLOYMENT_TARGET = 17.4;
				LOCALIZATION_PREFERS_STRING_CATALOGS = YES;
				MTL_ENABLE_DEBUG_INFO = NO;
				MTL_FAST_MATH = YES;
				SDKROOT = iphoneos;
				SWIFT_COMPILATION_MODE = wholemodule;
				VALIDATE_PRODUCT = YES;
			};
			name = Release;
		};
		969604A62BFF0A6E00BBFC6C /* Debug */ = {
			isa = XCBuildConfiguration;
			buildSettings = {
				ASSETCATALOG_COMPILER_APPICON_NAME = AppIcon;
				ASSETCATALOG_COMPILER_GLOBAL_ACCENT_COLOR_NAME = AccentColor;
				CODE_SIGN_STYLE = Automatic;
				CURRENT_PROJECT_VERSION = 1;
				DEVELOPMENT_TEAM = 6G4QV27Y5P;
				GENERATE_INFOPLIST_FILE = YES;
				INFOPLIST_FILE = ChessOpening/Info.plist;
				INFOPLIST_KEY_UIApplicationSupportsIndirectInputEvents = YES;
				INFOPLIST_KEY_UILaunchStoryboardName = LaunchScreen;
				INFOPLIST_KEY_UISupportedInterfaceOrientations_iPad = "UIInterfaceOrientationPortrait UIInterfaceOrientationPortraitUpsideDown UIInterfaceOrientationLandscapeLeft UIInterfaceOrientationLandscapeRight";
				INFOPLIST_KEY_UISupportedInterfaceOrientations_iPhone = "UIInterfaceOrientationPortrait UIInterfaceOrientationLandscapeLeft UIInterfaceOrientationLandscapeRight";
				LD_RUNPATH_SEARCH_PATHS = (
					"$(inherited)",
					"@executable_path/Frameworks",
				);
				MARKETING_VERSION = 1.0;
				PRODUCT_BUNDLE_IDENTIFIER = com.constant.ChessOpening;
				PRODUCT_NAME = "$(TARGET_NAME)";
				SWIFT_EMIT_LOC_STRINGS = YES;
				SWIFT_VERSION = 5.0;
				TARGETED_DEVICE_FAMILY = "1,2";
			};
			name = Debug;
		};
		969604A72BFF0A6E00BBFC6C /* Release */ = {
			isa = XCBuildConfiguration;
			buildSettings = {
				ASSETCATALOG_COMPILER_APPICON_NAME = AppIcon;
				ASSETCATALOG_COMPILER_GLOBAL_ACCENT_COLOR_NAME = AccentColor;
				CODE_SIGN_STYLE = Automatic;
				CURRENT_PROJECT_VERSION = 1;
				DEVELOPMENT_TEAM = 6G4QV27Y5P;
				GENERATE_INFOPLIST_FILE = YES;
				INFOPLIST_FILE = ChessOpening/Info.plist;
				INFOPLIST_KEY_UIApplicationSupportsIndirectInputEvents = YES;
				INFOPLIST_KEY_UILaunchStoryboardName = LaunchScreen;
				INFOPLIST_KEY_UISupportedInterfaceOrientations_iPad = "UIInterfaceOrientationPortrait UIInterfaceOrientationPortraitUpsideDown UIInterfaceOrientationLandscapeLeft UIInterfaceOrientationLandscapeRight";
				INFOPLIST_KEY_UISupportedInterfaceOrientations_iPhone = "UIInterfaceOrientationPortrait UIInterfaceOrientationLandscapeLeft UIInterfaceOrientationLandscapeRight";
				LD_RUNPATH_SEARCH_PATHS = (
					"$(inherited)",
					"@executable_path/Frameworks",
				);
				MARKETING_VERSION = 1.0;
				PRODUCT_BUNDLE_IDENTIFIER = com.constant.ChessOpening;
				PRODUCT_NAME = "$(TARGET_NAME)";
				SWIFT_EMIT_LOC_STRINGS = YES;
				SWIFT_VERSION = 5.0;
				TARGETED_DEVICE_FAMILY = "1,2";
			};
			name = Release;
		};
		969604A92BFF0A6E00BBFC6C /* Debug */ = {
			isa = XCBuildConfiguration;
			buildSettings = {
				ALWAYS_EMBED_SWIFT_STANDARD_LIBRARIES = YES;
				BUNDLE_LOADER = "$(TEST_HOST)";
				CODE_SIGN_STYLE = Automatic;
				CURRENT_PROJECT_VERSION = 1;
				DEVELOPMENT_TEAM = 6G4QV27Y5P;
				GENERATE_INFOPLIST_FILE = YES;
				IPHONEOS_DEPLOYMENT_TARGET = 17.4;
				MARKETING_VERSION = 1.0;
				PRODUCT_BUNDLE_IDENTIFIER = com.constant.ChessOpeningTests;
				PRODUCT_NAME = "$(TARGET_NAME)";
				SWIFT_EMIT_LOC_STRINGS = NO;
				SWIFT_VERSION = 5.0;
				TARGETED_DEVICE_FAMILY = "1,2";
				TEST_HOST = "$(BUILT_PRODUCTS_DIR)/ChessOpening.app/$(BUNDLE_EXECUTABLE_FOLDER_PATH)/ChessOpening";
			};
			name = Debug;
		};
		969604AA2BFF0A6E00BBFC6C /* Release */ = {
			isa = XCBuildConfiguration;
			buildSettings = {
				ALWAYS_EMBED_SWIFT_STANDARD_LIBRARIES = YES;
				BUNDLE_LOADER = "$(TEST_HOST)";
				CODE_SIGN_STYLE = Automatic;
				CURRENT_PROJECT_VERSION = 1;
				DEVELOPMENT_TEAM = 6G4QV27Y5P;
				GENERATE_INFOPLIST_FILE = YES;
				IPHONEOS_DEPLOYMENT_TARGET = 17.4;
				MARKETING_VERSION = 1.0;
				PRODUCT_BUNDLE_IDENTIFIER = com.constant.ChessOpeningTests;
				PRODUCT_NAME = "$(TARGET_NAME)";
				SWIFT_EMIT_LOC_STRINGS = NO;
				SWIFT_VERSION = 5.0;
				TARGETED_DEVICE_FAMILY = "1,2";
				TEST_HOST = "$(BUILT_PRODUCTS_DIR)/ChessOpening.app/$(BUNDLE_EXECUTABLE_FOLDER_PATH)/ChessOpening";
			};
			name = Release;
		};
		969604AC2BFF0A6E00BBFC6C /* Debug */ = {
			isa = XCBuildConfiguration;
			buildSettings = {
				ALWAYS_EMBED_SWIFT_STANDARD_LIBRARIES = YES;
				CODE_SIGN_STYLE = Automatic;
				CURRENT_PROJECT_VERSION = 1;
				DEVELOPMENT_TEAM = 6G4QV27Y5P;
				GENERATE_INFOPLIST_FILE = YES;
				MARKETING_VERSION = 1.0;
				PRODUCT_BUNDLE_IDENTIFIER = com.constant.ChessOpeningUITests;
				PRODUCT_NAME = "$(TARGET_NAME)";
				SWIFT_EMIT_LOC_STRINGS = NO;
				SWIFT_VERSION = 5.0;
				TARGETED_DEVICE_FAMILY = "1,2";
				TEST_TARGET_NAME = ChessOpening;
			};
			name = Debug;
		};
		969604AD2BFF0A6E00BBFC6C /* Release */ = {
			isa = XCBuildConfiguration;
			buildSettings = {
				ALWAYS_EMBED_SWIFT_STANDARD_LIBRARIES = YES;
				CODE_SIGN_STYLE = Automatic;
				CURRENT_PROJECT_VERSION = 1;
				DEVELOPMENT_TEAM = 6G4QV27Y5P;
				GENERATE_INFOPLIST_FILE = YES;
				MARKETING_VERSION = 1.0;
				PRODUCT_BUNDLE_IDENTIFIER = com.constant.ChessOpeningUITests;
				PRODUCT_NAME = "$(TARGET_NAME)";
				SWIFT_EMIT_LOC_STRINGS = NO;
				SWIFT_VERSION = 5.0;
				TARGETED_DEVICE_FAMILY = "1,2";
				TEST_TARGET_NAME = ChessOpening;
			};
			name = Release;
		};
/* End XCBuildConfiguration section */

/* Begin XCConfigurationList section */
		969604762BFF0A6D00BBFC6C /* Build configuration list for PBXProject "ChessOpening" */ = {
			isa = XCConfigurationList;
			buildConfigurations = (
				969604A32BFF0A6E00BBFC6C /* Debug */,
				969604A42BFF0A6E00BBFC6C /* Release */,
			);
			defaultConfigurationIsVisible = 0;
			defaultConfigurationName = Release;
		};
		969604A52BFF0A6E00BBFC6C /* Build configuration list for PBXNativeTarget "ChessOpening" */ = {
			isa = XCConfigurationList;
			buildConfigurations = (
				969604A62BFF0A6E00BBFC6C /* Debug */,
				969604A72BFF0A6E00BBFC6C /* Release */,
			);
			defaultConfigurationIsVisible = 0;
			defaultConfigurationName = Release;
		};
		969604A82BFF0A6E00BBFC6C /* Build configuration list for PBXNativeTarget "ChessOpeningTests" */ = {
			isa = XCConfigurationList;
			buildConfigurations = (
				969604A92BFF0A6E00BBFC6C /* Debug */,
				969604AA2BFF0A6E00BBFC6C /* Release */,
			);
			defaultConfigurationIsVisible = 0;
			defaultConfigurationName = Release;
		};
		969604AB2BFF0A6E00BBFC6C /* Build configuration list for PBXNativeTarget "ChessOpeningUITests" */ = {
			isa = XCConfigurationList;
			buildConfigurations = (
				969604AC2BFF0A6E00BBFC6C /* Debug */,
				969604AD2BFF0A6E00BBFC6C /* Release */,
			);
			defaultConfigurationIsVisible = 0;
			defaultConfigurationName = Release;
		};
/* End XCConfigurationList section */
	};
	rootObject = 969604732BFF0A6D00BBFC6C /* Project object */;
}
